
Microsoft Visual Studio Solution File, Format Version 12.00
# Visual Studio 14
VisualStudioVersion = 14.0.25420.1
MinimumVisualStudioVersion = 10.0.40219.1
Project("{2150E333-8FDC-42A3-9474-1A3956D46DE8}") = "Solution Items", "Solution Items", "{AAE3DA8A-65B5-4A2E-BB48-002C3C8D045B}"
	ProjectSection(SolutionItems) = preProject
		..\.gitignore = ..\.gitignore
		..\README.md = ..\README.md
		Tortuga.Chain.Access.nuspec = Tortuga.Chain.Access.nuspec
		Tortuga.Chain.CompiledMaterializers.nuspec = Tortuga.Chain.CompiledMaterializers.nuspec
		Tortuga.Chain.Core.nuspec = Tortuga.Chain.Core.nuspec
		Tortuga.Chain.Csv.nuspec = Tortuga.Chain.Csv.nuspec
		Tortuga.Chain.PostgreSql.nuspec = Tortuga.Chain.PostgreSql.nuspec
		Tortuga.Chain.ruleset = Tortuga.Chain.ruleset
		Tortuga.Chain.SQLite.nuspec = Tortuga.Chain.SQLite.nuspec
		Tortuga.Chain.SqlServer.nuspec = Tortuga.Chain.SqlServer.nuspec
	EndProjectSection
EndProject
Project("{2150E333-8FDC-42A3-9474-1A3956D46DE8}") = "SQL Server", "SQL Server", "{05542BBF-0A44-4F28-A504-640F319CC546}"
EndProject
Project("{2150E333-8FDC-42A3-9474-1A3956D46DE8}") = "SQLite", "SQLite", "{D6583546-CE70-4444-AA54-0AD7AD0026C9}"
EndProject
Project("{2150E333-8FDC-42A3-9474-1A3956D46DE8}") = "Core", "Core", "{6FB40F3D-E4CC-4E11-952C-BBD437AD2BF8}"
EndProject
Project("{2150E333-8FDC-42A3-9474-1A3956D46DE8}") = "PostgreSQL", "PostgreSQL", "{9DF4F809-0286-45B9-A736-813F8039ECEA}"
EndProject
Project("{FAE04EC0-301F-11D3-BF4B-00C04F79EFBC}") = "Tortuga.Chain.Core.source", "Tortuga.Chain.Core.source\Tortuga.Chain.Core.source.csproj", "{2C523692-A40B-4A7E-A95A-FBE373F263F7}"
EndProject
Project("{FAE04EC0-301F-11D3-BF4B-00C04F79EFBC}") = "Tests.Tortuga.Chain.Core.source", "Tests.Tortuga.Chain.Core.source\Tests.Tortuga.Chain.Core.source.csproj", "{62634749-A18D-4882-917E-FB6E8B6EE3D1}"
EndProject
Project("{FAE04EC0-301F-11D3-BF4B-00C04F79EFBC}") = "Tortuga.Chain.CompiledMaterializers.source", "Tortuga.Chain.CompiledMaterializers.source\Tortuga.Chain.CompiledMaterializers.source.csproj", "{42D213CA-8584-4B1B-8928-A54C5D937E86}"
EndProject
Project("{2150E333-8FDC-42A3-9474-1A3956D46DE8}") = "CompiledMaterializers", "CompiledMaterializers", "{45AB3491-1D3C-472B-A4DA-3D9E70E3210A}"
EndProject
Project("{00D1A9C2-B5F0-4AF3-8072-F6C62B433612}") = "SqlServerTestDatabase", "SqlServerTestDatabase\SqlServerTestDatabase.sqlproj", "{4AFDE645-5868-4C91-BCE3-D09F69958AE8}"
EndProject
Project("{FAE04EC0-301F-11D3-BF4B-00C04F79EFBC}") = "Tortuga.Chain.SqlServer.source", "Tortuga.Chain.SqlServer.source\Tortuga.Chain.SqlServer.source.csproj", "{5D3159AD-141C-4853-9ECC-A1FD603BD8C4}"
EndProject
Project("{FAE04EC0-301F-11D3-BF4B-00C04F79EFBC}") = "Tests.Tortuga.Chain.SqlServer.Comparison.source", "Tests.Tortuga.Chain.SqlServer.Comparison.source\Tests.Tortuga.Chain.SqlServer.Comparison.source.csproj", "{268686C1-5787-42EC-82EF-AC52C23075AE}"
EndProject
Project("{FAE04EC0-301F-11D3-BF4B-00C04F79EFBC}") = "Tests.Tortuga.Chain.SqlServer.source", "Tests.Tortuga.Chain.SqlServer.source\Tests.Tortuga.Chain.SqlServer.source.csproj", "{A0504A3A-92DB-4EE2-8738-4ED2E3D94BE7}"
EndProject
Project("{FAE04EC0-301F-11D3-BF4B-00C04F79EFBC}") = "Tortuga.Chain.SQLite.source", "Tortuga.Chain.SQLite.source\Tortuga.Chain.SQLite.source.csproj", "{E92091C6-46F6-423E-B5CE-7DDCD2840CCE}"
EndProject
Project("{FAE04EC0-301F-11D3-BF4B-00C04F79EFBC}") = "Tests.Tortuga.Chain.SQLite.source", "Tests.Tortuga.Chain.SQLite.source\Tests.Tortuga.Chain.SQLite.source.csproj", "{60649569-197C-4E0F-95F4-F87CFF73A610}"
EndProject
Project("{FAE04EC0-301F-11D3-BF4B-00C04F79EFBC}") = "Tests.Tortuga.Chain.PostgreSql.source", "Tests.Tortuga.Chain.PostgreSql.source\Tests.Tortuga.Chain.PostgreSql.source.csproj", "{FD09730B-90E3-491B-AFA8-0D17AE6C841D}"
EndProject
Project("{FAE04EC0-301F-11D3-BF4B-00C04F79EFBC}") = "Tortuga.Chain.PostgreSql.source", "Tortuga.Chain.PostgreSql.source\Tortuga.Chain.PostgreSql.source.csproj", "{98F3B971-7741-43F0-9BE8-2A53F2A4F611}"
EndProject
Project("{FAE04EC0-301F-11D3-BF4B-00C04F79EFBC}") = "xTests.Tortuga.Chain.SqlServer.source", "xTests.Tortuga.Chain.SqlServer.source\xTests.Tortuga.Chain.SqlServer.source.csproj", "{2E3DF5C2-8A38-4A03-86D7-8D463C917E47}"
EndProject
Project("{FAE04EC0-301F-11D3-BF4B-00C04F79EFBC}") = "xTests.Tortuga.Chain.PostgreSql.source", "xTests.Tortuga.Chain.PostgreSql.source\xTests.Tortuga.Chain.PostgreSql.source.csproj", "{FC1C5D74-093D-4153-BEC2-A82EFD21655D}"
EndProject
Project("{FAE04EC0-301F-11D3-BF4B-00C04F79EFBC}") = "xTests.Tortuga.Chain.SQLite.source", "xTests.Tortuga.Chain.SQLite.source\xTests.Tortuga.Chain.SQLite.source.csproj", "{0CC8DA81-E4DC-4654-B5F8-F5AFB2EE7C2D}"
EndProject
Project("{2150E333-8FDC-42A3-9474-1A3956D46DE8}") = "Csv", "Csv", "{FF22B3D9-3BBA-424F-97DD-6BD456DF15E6}"
EndProject
Project("{FAE04EC0-301F-11D3-BF4B-00C04F79EFBC}") = "Tortuga.Chain.Csv.source", "Tortuga.Chain.Csv.source\Tortuga.Chain.Csv.source.csproj", "{29250DD0-9A8E-49E9-BF19-5F45C54AC9FB}"
EndProject
Project("{2150E333-8FDC-42A3-9474-1A3956D46DE8}") = "Access", "Access", "{45CF7435-71AC-4E77-AB49-10F27C9938B7}"
EndProject
Project("{FAE04EC0-301F-11D3-BF4B-00C04F79EFBC}") = "Tortuga.Chain.Access.source", "Tortuga.Chain.Access.source\Tortuga.Chain.Access.source.csproj", "{83313725-797D-4C95-AFDF-351F5B84EFC5}"
EndProject
Project("{FAE04EC0-301F-11D3-BF4B-00C04F79EFBC}") = "xTests.Tortuga.Chain.Access.source", "xTests.Tortuga.Chain.Access.source\xTests.Tortuga.Chain.Access.source.csproj", "{9360FBC3-C187-41B4-8BFD-C6C385961EEF}"
EndProject
Project("{FAE04EC0-301F-11D3-BF4B-00C04F79EFBC}") = "xTests.Tortuga.Chain.OleDbSqlServer.source", "xTests.Tortuga.Chain.OleDbSqlServer.source\xTests.Tortuga.Chain.OleDbSqlServer.source.csproj", "{CD08AF85-57FD-42EC-B7DE-4DD2288DE17E}"
EndProject
Project("{2150E333-8FDC-42A3-9474-1A3956D46DE8}") = "MySQL", "MySQL", "{C72D386E-9285-4FB4-BB8E-380F7DA3CF6B}"
EndProject
Project("{FAE04EC0-301F-11D3-BF4B-00C04F79EFBC}") = "Tortuga.Chain.MySql.source", "Tortuga.Chain.MySql.source\Tortuga.Chain.MySql.source.csproj", "{A1B8E8E3-9FDA-4063-A77F-1F0DDA4897AE}"
EndProject
Project("{FAE04EC0-301F-11D3-BF4B-00C04F79EFBC}") = "xTests.Tortuga.Chain.MySql.source", "xTests.Tortuga.Chain.MySql.source\xTests.Tortuga.Chain.MySql.source.csproj", "{AFB7ACC5-B080-40D9-981F-0DCC7B0ED0A9}"
EndProject
Global
	GlobalSection(SolutionConfigurationPlatforms) = preSolution
		Debug|Any CPU = Debug|Any CPU
		Debug|ARM = Debug|ARM
		Debug|x64 = Debug|x64
		Debug|x86 = Debug|x86
		Debug-Unchecked|Any CPU = Debug-Unchecked|Any CPU
		Debug-Unchecked|ARM = Debug-Unchecked|ARM
		Debug-Unchecked|x64 = Debug-Unchecked|x64
		Debug-Unchecked|x86 = Debug-Unchecked|x86
		Release|Any CPU = Release|Any CPU
		Release|ARM = Release|ARM
		Release|x64 = Release|x64
		Release|x86 = Release|x86
	EndGlobalSection
	GlobalSection(ProjectConfigurationPlatforms) = postSolution
		{2C523692-A40B-4A7E-A95A-FBE373F263F7}.Debug|Any CPU.ActiveCfg = Debug|Any CPU
		{2C523692-A40B-4A7E-A95A-FBE373F263F7}.Debug|Any CPU.Build.0 = Debug|Any CPU
		{2C523692-A40B-4A7E-A95A-FBE373F263F7}.Debug|ARM.ActiveCfg = Debug|Any CPU
		{2C523692-A40B-4A7E-A95A-FBE373F263F7}.Debug|ARM.Build.0 = Debug|Any CPU
		{2C523692-A40B-4A7E-A95A-FBE373F263F7}.Debug|x64.ActiveCfg = Debug|Any CPU
		{2C523692-A40B-4A7E-A95A-FBE373F263F7}.Debug|x64.Build.0 = Debug|Any CPU
		{2C523692-A40B-4A7E-A95A-FBE373F263F7}.Debug|x86.ActiveCfg = Debug|Any CPU
		{2C523692-A40B-4A7E-A95A-FBE373F263F7}.Debug|x86.Build.0 = Debug|Any CPU
		{2C523692-A40B-4A7E-A95A-FBE373F263F7}.Debug-Unchecked|Any CPU.ActiveCfg = Debug-Unchecked|Any CPU
		{2C523692-A40B-4A7E-A95A-FBE373F263F7}.Debug-Unchecked|Any CPU.Build.0 = Debug-Unchecked|Any CPU
		{2C523692-A40B-4A7E-A95A-FBE373F263F7}.Debug-Unchecked|ARM.ActiveCfg = Debug-Unchecked|Any CPU
		{2C523692-A40B-4A7E-A95A-FBE373F263F7}.Debug-Unchecked|ARM.Build.0 = Debug-Unchecked|Any CPU
		{2C523692-A40B-4A7E-A95A-FBE373F263F7}.Debug-Unchecked|x64.ActiveCfg = Debug-Unchecked|Any CPU
		{2C523692-A40B-4A7E-A95A-FBE373F263F7}.Debug-Unchecked|x64.Build.0 = Debug-Unchecked|Any CPU
		{2C523692-A40B-4A7E-A95A-FBE373F263F7}.Debug-Unchecked|x86.ActiveCfg = Debug-Unchecked|Any CPU
		{2C523692-A40B-4A7E-A95A-FBE373F263F7}.Debug-Unchecked|x86.Build.0 = Debug-Unchecked|Any CPU
		{2C523692-A40B-4A7E-A95A-FBE373F263F7}.Release|Any CPU.ActiveCfg = Release|Any CPU
		{2C523692-A40B-4A7E-A95A-FBE373F263F7}.Release|Any CPU.Build.0 = Release|Any CPU
		{2C523692-A40B-4A7E-A95A-FBE373F263F7}.Release|ARM.ActiveCfg = Release|Any CPU
		{2C523692-A40B-4A7E-A95A-FBE373F263F7}.Release|ARM.Build.0 = Release|Any CPU
		{2C523692-A40B-4A7E-A95A-FBE373F263F7}.Release|x64.ActiveCfg = Release|Any CPU
		{2C523692-A40B-4A7E-A95A-FBE373F263F7}.Release|x64.Build.0 = Release|Any CPU
		{2C523692-A40B-4A7E-A95A-FBE373F263F7}.Release|x86.ActiveCfg = Release|Any CPU
		{2C523692-A40B-4A7E-A95A-FBE373F263F7}.Release|x86.Build.0 = Release|Any CPU
		{62634749-A18D-4882-917E-FB6E8B6EE3D1}.Debug|Any CPU.ActiveCfg = Debug|Any CPU
		{62634749-A18D-4882-917E-FB6E8B6EE3D1}.Debug|Any CPU.Build.0 = Debug|Any CPU
		{62634749-A18D-4882-917E-FB6E8B6EE3D1}.Debug|ARM.ActiveCfg = Debug|Any CPU
		{62634749-A18D-4882-917E-FB6E8B6EE3D1}.Debug|ARM.Build.0 = Debug|Any CPU
		{62634749-A18D-4882-917E-FB6E8B6EE3D1}.Debug|x64.ActiveCfg = Debug|Any CPU
		{62634749-A18D-4882-917E-FB6E8B6EE3D1}.Debug|x64.Build.0 = Debug|Any CPU
		{62634749-A18D-4882-917E-FB6E8B6EE3D1}.Debug|x86.ActiveCfg = Debug|Any CPU
		{62634749-A18D-4882-917E-FB6E8B6EE3D1}.Debug|x86.Build.0 = Debug|Any CPU
		{62634749-A18D-4882-917E-FB6E8B6EE3D1}.Debug-Unchecked|Any CPU.ActiveCfg = Debug-Unchecked|Any CPU
		{62634749-A18D-4882-917E-FB6E8B6EE3D1}.Debug-Unchecked|Any CPU.Build.0 = Debug-Unchecked|Any CPU
		{62634749-A18D-4882-917E-FB6E8B6EE3D1}.Debug-Unchecked|ARM.ActiveCfg = Debug-Unchecked|Any CPU
		{62634749-A18D-4882-917E-FB6E8B6EE3D1}.Debug-Unchecked|ARM.Build.0 = Debug-Unchecked|Any CPU
		{62634749-A18D-4882-917E-FB6E8B6EE3D1}.Debug-Unchecked|x64.ActiveCfg = Debug-Unchecked|Any CPU
		{62634749-A18D-4882-917E-FB6E8B6EE3D1}.Debug-Unchecked|x64.Build.0 = Debug-Unchecked|Any CPU
		{62634749-A18D-4882-917E-FB6E8B6EE3D1}.Debug-Unchecked|x86.ActiveCfg = Debug-Unchecked|Any CPU
		{62634749-A18D-4882-917E-FB6E8B6EE3D1}.Debug-Unchecked|x86.Build.0 = Debug-Unchecked|Any CPU
		{62634749-A18D-4882-917E-FB6E8B6EE3D1}.Release|Any CPU.ActiveCfg = Release|Any CPU
		{62634749-A18D-4882-917E-FB6E8B6EE3D1}.Release|Any CPU.Build.0 = Release|Any CPU
		{62634749-A18D-4882-917E-FB6E8B6EE3D1}.Release|ARM.ActiveCfg = Release|Any CPU
		{62634749-A18D-4882-917E-FB6E8B6EE3D1}.Release|ARM.Build.0 = Release|Any CPU
		{62634749-A18D-4882-917E-FB6E8B6EE3D1}.Release|x64.ActiveCfg = Release|Any CPU
		{62634749-A18D-4882-917E-FB6E8B6EE3D1}.Release|x64.Build.0 = Release|Any CPU
		{62634749-A18D-4882-917E-FB6E8B6EE3D1}.Release|x86.ActiveCfg = Release|Any CPU
		{62634749-A18D-4882-917E-FB6E8B6EE3D1}.Release|x86.Build.0 = Release|Any CPU
		{42D213CA-8584-4B1B-8928-A54C5D937E86}.Debug|Any CPU.ActiveCfg = Debug|Any CPU
		{42D213CA-8584-4B1B-8928-A54C5D937E86}.Debug|Any CPU.Build.0 = Debug|Any CPU
		{42D213CA-8584-4B1B-8928-A54C5D937E86}.Debug|ARM.ActiveCfg = Debug|Any CPU
		{42D213CA-8584-4B1B-8928-A54C5D937E86}.Debug|ARM.Build.0 = Debug|Any CPU
		{42D213CA-8584-4B1B-8928-A54C5D937E86}.Debug|x64.ActiveCfg = Debug|Any CPU
		{42D213CA-8584-4B1B-8928-A54C5D937E86}.Debug|x64.Build.0 = Debug|Any CPU
		{42D213CA-8584-4B1B-8928-A54C5D937E86}.Debug|x86.ActiveCfg = Debug|Any CPU
		{42D213CA-8584-4B1B-8928-A54C5D937E86}.Debug|x86.Build.0 = Debug|Any CPU
		{42D213CA-8584-4B1B-8928-A54C5D937E86}.Debug-Unchecked|Any CPU.ActiveCfg = Debug-Unchecked|Any CPU
		{42D213CA-8584-4B1B-8928-A54C5D937E86}.Debug-Unchecked|Any CPU.Build.0 = Debug-Unchecked|Any CPU
		{42D213CA-8584-4B1B-8928-A54C5D937E86}.Debug-Unchecked|ARM.ActiveCfg = Debug-Unchecked|Any CPU
		{42D213CA-8584-4B1B-8928-A54C5D937E86}.Debug-Unchecked|ARM.Build.0 = Debug-Unchecked|Any CPU
		{42D213CA-8584-4B1B-8928-A54C5D937E86}.Debug-Unchecked|x64.ActiveCfg = Debug-Unchecked|Any CPU
		{42D213CA-8584-4B1B-8928-A54C5D937E86}.Debug-Unchecked|x64.Build.0 = Debug-Unchecked|Any CPU
		{42D213CA-8584-4B1B-8928-A54C5D937E86}.Debug-Unchecked|x86.ActiveCfg = Debug-Unchecked|Any CPU
		{42D213CA-8584-4B1B-8928-A54C5D937E86}.Debug-Unchecked|x86.Build.0 = Debug-Unchecked|Any CPU
		{42D213CA-8584-4B1B-8928-A54C5D937E86}.Release|Any CPU.ActiveCfg = Release|Any CPU
		{42D213CA-8584-4B1B-8928-A54C5D937E86}.Release|Any CPU.Build.0 = Release|Any CPU
		{42D213CA-8584-4B1B-8928-A54C5D937E86}.Release|ARM.ActiveCfg = Release|Any CPU
		{42D213CA-8584-4B1B-8928-A54C5D937E86}.Release|ARM.Build.0 = Release|Any CPU
		{42D213CA-8584-4B1B-8928-A54C5D937E86}.Release|x64.ActiveCfg = Release|Any CPU
		{42D213CA-8584-4B1B-8928-A54C5D937E86}.Release|x64.Build.0 = Release|Any CPU
		{42D213CA-8584-4B1B-8928-A54C5D937E86}.Release|x86.ActiveCfg = Release|Any CPU
		{42D213CA-8584-4B1B-8928-A54C5D937E86}.Release|x86.Build.0 = Release|Any CPU
		{4AFDE645-5868-4C91-BCE3-D09F69958AE8}.Debug|Any CPU.ActiveCfg = Debug|Any CPU
		{4AFDE645-5868-4C91-BCE3-D09F69958AE8}.Debug|Any CPU.Build.0 = Debug|Any CPU
		{4AFDE645-5868-4C91-BCE3-D09F69958AE8}.Debug|Any CPU.Deploy.0 = Debug|Any CPU
		{4AFDE645-5868-4C91-BCE3-D09F69958AE8}.Debug|ARM.ActiveCfg = Debug|Any CPU
		{4AFDE645-5868-4C91-BCE3-D09F69958AE8}.Debug|ARM.Build.0 = Debug|Any CPU
		{4AFDE645-5868-4C91-BCE3-D09F69958AE8}.Debug|ARM.Deploy.0 = Debug|Any CPU
		{4AFDE645-5868-4C91-BCE3-D09F69958AE8}.Debug|x64.ActiveCfg = Debug|Any CPU
		{4AFDE645-5868-4C91-BCE3-D09F69958AE8}.Debug|x64.Build.0 = Debug|Any CPU
		{4AFDE645-5868-4C91-BCE3-D09F69958AE8}.Debug|x64.Deploy.0 = Debug|Any CPU
		{4AFDE645-5868-4C91-BCE3-D09F69958AE8}.Debug|x86.ActiveCfg = Debug|Any CPU
		{4AFDE645-5868-4C91-BCE3-D09F69958AE8}.Debug|x86.Build.0 = Debug|Any CPU
		{4AFDE645-5868-4C91-BCE3-D09F69958AE8}.Debug|x86.Deploy.0 = Debug|Any CPU
		{4AFDE645-5868-4C91-BCE3-D09F69958AE8}.Debug-Unchecked|Any CPU.ActiveCfg = Debug-Unchecked|Any CPU
		{4AFDE645-5868-4C91-BCE3-D09F69958AE8}.Debug-Unchecked|Any CPU.Build.0 = Debug-Unchecked|Any CPU
		{4AFDE645-5868-4C91-BCE3-D09F69958AE8}.Debug-Unchecked|Any CPU.Deploy.0 = Debug-Unchecked|Any CPU
		{4AFDE645-5868-4C91-BCE3-D09F69958AE8}.Debug-Unchecked|ARM.ActiveCfg = Debug-Unchecked|Any CPU
		{4AFDE645-5868-4C91-BCE3-D09F69958AE8}.Debug-Unchecked|ARM.Build.0 = Debug-Unchecked|Any CPU
		{4AFDE645-5868-4C91-BCE3-D09F69958AE8}.Debug-Unchecked|ARM.Deploy.0 = Debug-Unchecked|Any CPU
		{4AFDE645-5868-4C91-BCE3-D09F69958AE8}.Debug-Unchecked|x64.ActiveCfg = Debug-Unchecked|Any CPU
		{4AFDE645-5868-4C91-BCE3-D09F69958AE8}.Debug-Unchecked|x64.Build.0 = Debug-Unchecked|Any CPU
		{4AFDE645-5868-4C91-BCE3-D09F69958AE8}.Debug-Unchecked|x64.Deploy.0 = Debug-Unchecked|Any CPU
		{4AFDE645-5868-4C91-BCE3-D09F69958AE8}.Debug-Unchecked|x86.ActiveCfg = Debug-Unchecked|Any CPU
		{4AFDE645-5868-4C91-BCE3-D09F69958AE8}.Debug-Unchecked|x86.Build.0 = Debug-Unchecked|Any CPU
		{4AFDE645-5868-4C91-BCE3-D09F69958AE8}.Debug-Unchecked|x86.Deploy.0 = Debug-Unchecked|Any CPU
		{4AFDE645-5868-4C91-BCE3-D09F69958AE8}.Release|Any CPU.ActiveCfg = Release|Any CPU
		{4AFDE645-5868-4C91-BCE3-D09F69958AE8}.Release|Any CPU.Build.0 = Release|Any CPU
		{4AFDE645-5868-4C91-BCE3-D09F69958AE8}.Release|Any CPU.Deploy.0 = Release|Any CPU
		{4AFDE645-5868-4C91-BCE3-D09F69958AE8}.Release|ARM.ActiveCfg = Release|Any CPU
		{4AFDE645-5868-4C91-BCE3-D09F69958AE8}.Release|ARM.Build.0 = Release|Any CPU
		{4AFDE645-5868-4C91-BCE3-D09F69958AE8}.Release|ARM.Deploy.0 = Release|Any CPU
		{4AFDE645-5868-4C91-BCE3-D09F69958AE8}.Release|x64.ActiveCfg = Release|Any CPU
		{4AFDE645-5868-4C91-BCE3-D09F69958AE8}.Release|x64.Build.0 = Release|Any CPU
		{4AFDE645-5868-4C91-BCE3-D09F69958AE8}.Release|x64.Deploy.0 = Release|Any CPU
		{4AFDE645-5868-4C91-BCE3-D09F69958AE8}.Release|x86.ActiveCfg = Release|Any CPU
		{4AFDE645-5868-4C91-BCE3-D09F69958AE8}.Release|x86.Build.0 = Release|Any CPU
		{4AFDE645-5868-4C91-BCE3-D09F69958AE8}.Release|x86.Deploy.0 = Release|Any CPU
		{5D3159AD-141C-4853-9ECC-A1FD603BD8C4}.Debug|Any CPU.ActiveCfg = Debug|Any CPU
		{5D3159AD-141C-4853-9ECC-A1FD603BD8C4}.Debug|Any CPU.Build.0 = Debug|Any CPU
		{5D3159AD-141C-4853-9ECC-A1FD603BD8C4}.Debug|ARM.ActiveCfg = Debug|Any CPU
		{5D3159AD-141C-4853-9ECC-A1FD603BD8C4}.Debug|ARM.Build.0 = Debug|Any CPU
		{5D3159AD-141C-4853-9ECC-A1FD603BD8C4}.Debug|x64.ActiveCfg = Debug|Any CPU
		{5D3159AD-141C-4853-9ECC-A1FD603BD8C4}.Debug|x64.Build.0 = Debug|Any CPU
		{5D3159AD-141C-4853-9ECC-A1FD603BD8C4}.Debug|x86.ActiveCfg = Debug|Any CPU
		{5D3159AD-141C-4853-9ECC-A1FD603BD8C4}.Debug|x86.Build.0 = Debug|Any CPU
		{5D3159AD-141C-4853-9ECC-A1FD603BD8C4}.Debug-Unchecked|Any CPU.ActiveCfg = Debug-Unchecked|Any CPU
		{5D3159AD-141C-4853-9ECC-A1FD603BD8C4}.Debug-Unchecked|Any CPU.Build.0 = Debug-Unchecked|Any CPU
		{5D3159AD-141C-4853-9ECC-A1FD603BD8C4}.Debug-Unchecked|ARM.ActiveCfg = Debug-Unchecked|Any CPU
		{5D3159AD-141C-4853-9ECC-A1FD603BD8C4}.Debug-Unchecked|ARM.Build.0 = Debug-Unchecked|Any CPU
		{5D3159AD-141C-4853-9ECC-A1FD603BD8C4}.Debug-Unchecked|x64.ActiveCfg = Debug-Unchecked|Any CPU
		{5D3159AD-141C-4853-9ECC-A1FD603BD8C4}.Debug-Unchecked|x64.Build.0 = Debug-Unchecked|Any CPU
		{5D3159AD-141C-4853-9ECC-A1FD603BD8C4}.Debug-Unchecked|x86.ActiveCfg = Debug-Unchecked|Any CPU
		{5D3159AD-141C-4853-9ECC-A1FD603BD8C4}.Debug-Unchecked|x86.Build.0 = Debug-Unchecked|Any CPU
		{5D3159AD-141C-4853-9ECC-A1FD603BD8C4}.Release|Any CPU.ActiveCfg = Release|Any CPU
		{5D3159AD-141C-4853-9ECC-A1FD603BD8C4}.Release|Any CPU.Build.0 = Release|Any CPU
		{5D3159AD-141C-4853-9ECC-A1FD603BD8C4}.Release|ARM.ActiveCfg = Release|Any CPU
		{5D3159AD-141C-4853-9ECC-A1FD603BD8C4}.Release|ARM.Build.0 = Release|Any CPU
		{5D3159AD-141C-4853-9ECC-A1FD603BD8C4}.Release|x64.ActiveCfg = Release|Any CPU
		{5D3159AD-141C-4853-9ECC-A1FD603BD8C4}.Release|x64.Build.0 = Release|Any CPU
		{5D3159AD-141C-4853-9ECC-A1FD603BD8C4}.Release|x86.ActiveCfg = Release|Any CPU
		{5D3159AD-141C-4853-9ECC-A1FD603BD8C4}.Release|x86.Build.0 = Release|Any CPU
		{268686C1-5787-42EC-82EF-AC52C23075AE}.Debug|Any CPU.ActiveCfg = Debug|Any CPU
		{268686C1-5787-42EC-82EF-AC52C23075AE}.Debug|Any CPU.Build.0 = Debug|Any CPU
		{268686C1-5787-42EC-82EF-AC52C23075AE}.Debug|ARM.ActiveCfg = Debug|Any CPU
		{268686C1-5787-42EC-82EF-AC52C23075AE}.Debug|ARM.Build.0 = Debug|Any CPU
		{268686C1-5787-42EC-82EF-AC52C23075AE}.Debug|x64.ActiveCfg = Debug|Any CPU
		{268686C1-5787-42EC-82EF-AC52C23075AE}.Debug|x64.Build.0 = Debug|Any CPU
		{268686C1-5787-42EC-82EF-AC52C23075AE}.Debug|x86.ActiveCfg = Debug|Any CPU
		{268686C1-5787-42EC-82EF-AC52C23075AE}.Debug|x86.Build.0 = Debug|Any CPU
		{268686C1-5787-42EC-82EF-AC52C23075AE}.Debug-Unchecked|Any CPU.ActiveCfg = Debug-Unchecked|Any CPU
		{268686C1-5787-42EC-82EF-AC52C23075AE}.Debug-Unchecked|Any CPU.Build.0 = Debug-Unchecked|Any CPU
		{268686C1-5787-42EC-82EF-AC52C23075AE}.Debug-Unchecked|ARM.ActiveCfg = Debug-Unchecked|Any CPU
		{268686C1-5787-42EC-82EF-AC52C23075AE}.Debug-Unchecked|ARM.Build.0 = Debug-Unchecked|Any CPU
		{268686C1-5787-42EC-82EF-AC52C23075AE}.Debug-Unchecked|x64.ActiveCfg = Debug-Unchecked|Any CPU
		{268686C1-5787-42EC-82EF-AC52C23075AE}.Debug-Unchecked|x64.Build.0 = Debug-Unchecked|Any CPU
		{268686C1-5787-42EC-82EF-AC52C23075AE}.Debug-Unchecked|x86.ActiveCfg = Debug-Unchecked|Any CPU
		{268686C1-5787-42EC-82EF-AC52C23075AE}.Debug-Unchecked|x86.Build.0 = Debug-Unchecked|Any CPU
		{268686C1-5787-42EC-82EF-AC52C23075AE}.Release|Any CPU.ActiveCfg = Release|Any CPU
		{268686C1-5787-42EC-82EF-AC52C23075AE}.Release|Any CPU.Build.0 = Release|Any CPU
		{268686C1-5787-42EC-82EF-AC52C23075AE}.Release|ARM.ActiveCfg = Release|Any CPU
		{268686C1-5787-42EC-82EF-AC52C23075AE}.Release|ARM.Build.0 = Release|Any CPU
		{268686C1-5787-42EC-82EF-AC52C23075AE}.Release|x64.ActiveCfg = Release|Any CPU
		{268686C1-5787-42EC-82EF-AC52C23075AE}.Release|x64.Build.0 = Release|Any CPU
		{268686C1-5787-42EC-82EF-AC52C23075AE}.Release|x86.ActiveCfg = Release|Any CPU
		{268686C1-5787-42EC-82EF-AC52C23075AE}.Release|x86.Build.0 = Release|Any CPU
		{A0504A3A-92DB-4EE2-8738-4ED2E3D94BE7}.Debug|Any CPU.ActiveCfg = Debug|Any CPU
		{A0504A3A-92DB-4EE2-8738-4ED2E3D94BE7}.Debug|Any CPU.Build.0 = Debug|Any CPU
		{A0504A3A-92DB-4EE2-8738-4ED2E3D94BE7}.Debug|ARM.ActiveCfg = Debug|Any CPU
		{A0504A3A-92DB-4EE2-8738-4ED2E3D94BE7}.Debug|ARM.Build.0 = Debug|Any CPU
		{A0504A3A-92DB-4EE2-8738-4ED2E3D94BE7}.Debug|x64.ActiveCfg = Debug|Any CPU
		{A0504A3A-92DB-4EE2-8738-4ED2E3D94BE7}.Debug|x64.Build.0 = Debug|Any CPU
		{A0504A3A-92DB-4EE2-8738-4ED2E3D94BE7}.Debug|x86.ActiveCfg = Debug|Any CPU
		{A0504A3A-92DB-4EE2-8738-4ED2E3D94BE7}.Debug|x86.Build.0 = Debug|Any CPU
		{A0504A3A-92DB-4EE2-8738-4ED2E3D94BE7}.Debug-Unchecked|Any CPU.ActiveCfg = Debug-Unchecked|Any CPU
		{A0504A3A-92DB-4EE2-8738-4ED2E3D94BE7}.Debug-Unchecked|Any CPU.Build.0 = Debug-Unchecked|Any CPU
		{A0504A3A-92DB-4EE2-8738-4ED2E3D94BE7}.Debug-Unchecked|ARM.ActiveCfg = Debug-Unchecked|Any CPU
		{A0504A3A-92DB-4EE2-8738-4ED2E3D94BE7}.Debug-Unchecked|ARM.Build.0 = Debug-Unchecked|Any CPU
		{A0504A3A-92DB-4EE2-8738-4ED2E3D94BE7}.Debug-Unchecked|x64.ActiveCfg = Debug-Unchecked|Any CPU
		{A0504A3A-92DB-4EE2-8738-4ED2E3D94BE7}.Debug-Unchecked|x64.Build.0 = Debug-Unchecked|Any CPU
		{A0504A3A-92DB-4EE2-8738-4ED2E3D94BE7}.Debug-Unchecked|x86.ActiveCfg = Debug-Unchecked|Any CPU
		{A0504A3A-92DB-4EE2-8738-4ED2E3D94BE7}.Debug-Unchecked|x86.Build.0 = Debug-Unchecked|Any CPU
		{A0504A3A-92DB-4EE2-8738-4ED2E3D94BE7}.Release|Any CPU.ActiveCfg = Release|Any CPU
		{A0504A3A-92DB-4EE2-8738-4ED2E3D94BE7}.Release|Any CPU.Build.0 = Release|Any CPU
		{A0504A3A-92DB-4EE2-8738-4ED2E3D94BE7}.Release|ARM.ActiveCfg = Release|Any CPU
		{A0504A3A-92DB-4EE2-8738-4ED2E3D94BE7}.Release|ARM.Build.0 = Release|Any CPU
		{A0504A3A-92DB-4EE2-8738-4ED2E3D94BE7}.Release|x64.ActiveCfg = Release|Any CPU
		{A0504A3A-92DB-4EE2-8738-4ED2E3D94BE7}.Release|x64.Build.0 = Release|Any CPU
		{A0504A3A-92DB-4EE2-8738-4ED2E3D94BE7}.Release|x86.ActiveCfg = Release|Any CPU
		{A0504A3A-92DB-4EE2-8738-4ED2E3D94BE7}.Release|x86.Build.0 = Release|Any CPU
		{E92091C6-46F6-423E-B5CE-7DDCD2840CCE}.Debug|Any CPU.ActiveCfg = Debug|Any CPU
		{E92091C6-46F6-423E-B5CE-7DDCD2840CCE}.Debug|Any CPU.Build.0 = Debug|Any CPU
		{E92091C6-46F6-423E-B5CE-7DDCD2840CCE}.Debug|ARM.ActiveCfg = Debug|Any CPU
		{E92091C6-46F6-423E-B5CE-7DDCD2840CCE}.Debug|ARM.Build.0 = Debug|Any CPU
		{E92091C6-46F6-423E-B5CE-7DDCD2840CCE}.Debug|x64.ActiveCfg = Debug|Any CPU
		{E92091C6-46F6-423E-B5CE-7DDCD2840CCE}.Debug|x64.Build.0 = Debug|Any CPU
		{E92091C6-46F6-423E-B5CE-7DDCD2840CCE}.Debug|x86.ActiveCfg = Debug|Any CPU
		{E92091C6-46F6-423E-B5CE-7DDCD2840CCE}.Debug|x86.Build.0 = Debug|Any CPU
		{E92091C6-46F6-423E-B5CE-7DDCD2840CCE}.Debug-Unchecked|Any CPU.ActiveCfg = Debug-Unchecked|Any CPU
		{E92091C6-46F6-423E-B5CE-7DDCD2840CCE}.Debug-Unchecked|Any CPU.Build.0 = Debug-Unchecked|Any CPU
		{E92091C6-46F6-423E-B5CE-7DDCD2840CCE}.Debug-Unchecked|ARM.ActiveCfg = Debug-Unchecked|Any CPU
		{E92091C6-46F6-423E-B5CE-7DDCD2840CCE}.Debug-Unchecked|ARM.Build.0 = Debug-Unchecked|Any CPU
		{E92091C6-46F6-423E-B5CE-7DDCD2840CCE}.Debug-Unchecked|x64.ActiveCfg = Debug-Unchecked|Any CPU
		{E92091C6-46F6-423E-B5CE-7DDCD2840CCE}.Debug-Unchecked|x64.Build.0 = Debug-Unchecked|Any CPU
		{E92091C6-46F6-423E-B5CE-7DDCD2840CCE}.Debug-Unchecked|x86.ActiveCfg = Debug-Unchecked|Any CPU
		{E92091C6-46F6-423E-B5CE-7DDCD2840CCE}.Debug-Unchecked|x86.Build.0 = Debug-Unchecked|Any CPU
		{E92091C6-46F6-423E-B5CE-7DDCD2840CCE}.Release|Any CPU.ActiveCfg = Release|Any CPU
		{E92091C6-46F6-423E-B5CE-7DDCD2840CCE}.Release|Any CPU.Build.0 = Release|Any CPU
		{E92091C6-46F6-423E-B5CE-7DDCD2840CCE}.Release|ARM.ActiveCfg = Release|Any CPU
		{E92091C6-46F6-423E-B5CE-7DDCD2840CCE}.Release|ARM.Build.0 = Release|Any CPU
		{E92091C6-46F6-423E-B5CE-7DDCD2840CCE}.Release|x64.ActiveCfg = Release|Any CPU
		{E92091C6-46F6-423E-B5CE-7DDCD2840CCE}.Release|x64.Build.0 = Release|Any CPU
		{E92091C6-46F6-423E-B5CE-7DDCD2840CCE}.Release|x86.ActiveCfg = Release|Any CPU
		{E92091C6-46F6-423E-B5CE-7DDCD2840CCE}.Release|x86.Build.0 = Release|Any CPU
		{60649569-197C-4E0F-95F4-F87CFF73A610}.Debug|Any CPU.ActiveCfg = Debug|Any CPU
		{60649569-197C-4E0F-95F4-F87CFF73A610}.Debug|Any CPU.Build.0 = Debug|Any CPU
		{60649569-197C-4E0F-95F4-F87CFF73A610}.Debug|ARM.ActiveCfg = Debug|Any CPU
		{60649569-197C-4E0F-95F4-F87CFF73A610}.Debug|ARM.Build.0 = Debug|Any CPU
		{60649569-197C-4E0F-95F4-F87CFF73A610}.Debug|x64.ActiveCfg = Debug|Any CPU
		{60649569-197C-4E0F-95F4-F87CFF73A610}.Debug|x64.Build.0 = Debug|Any CPU
		{60649569-197C-4E0F-95F4-F87CFF73A610}.Debug|x86.ActiveCfg = Debug|Any CPU
		{60649569-197C-4E0F-95F4-F87CFF73A610}.Debug|x86.Build.0 = Debug|Any CPU
		{60649569-197C-4E0F-95F4-F87CFF73A610}.Debug-Unchecked|Any CPU.ActiveCfg = Debug-Unchecked|Any CPU
		{60649569-197C-4E0F-95F4-F87CFF73A610}.Debug-Unchecked|Any CPU.Build.0 = Debug-Unchecked|Any CPU
		{60649569-197C-4E0F-95F4-F87CFF73A610}.Debug-Unchecked|ARM.ActiveCfg = Debug-Unchecked|Any CPU
		{60649569-197C-4E0F-95F4-F87CFF73A610}.Debug-Unchecked|ARM.Build.0 = Debug-Unchecked|Any CPU
		{60649569-197C-4E0F-95F4-F87CFF73A610}.Debug-Unchecked|x64.ActiveCfg = Debug-Unchecked|Any CPU
		{60649569-197C-4E0F-95F4-F87CFF73A610}.Debug-Unchecked|x64.Build.0 = Debug-Unchecked|Any CPU
		{60649569-197C-4E0F-95F4-F87CFF73A610}.Debug-Unchecked|x86.ActiveCfg = Debug-Unchecked|Any CPU
		{60649569-197C-4E0F-95F4-F87CFF73A610}.Debug-Unchecked|x86.Build.0 = Debug-Unchecked|Any CPU
		{60649569-197C-4E0F-95F4-F87CFF73A610}.Release|Any CPU.ActiveCfg = Release|Any CPU
		{60649569-197C-4E0F-95F4-F87CFF73A610}.Release|Any CPU.Build.0 = Release|Any CPU
		{60649569-197C-4E0F-95F4-F87CFF73A610}.Release|ARM.ActiveCfg = Release|Any CPU
		{60649569-197C-4E0F-95F4-F87CFF73A610}.Release|ARM.Build.0 = Release|Any CPU
		{60649569-197C-4E0F-95F4-F87CFF73A610}.Release|x64.ActiveCfg = Release|Any CPU
		{60649569-197C-4E0F-95F4-F87CFF73A610}.Release|x64.Build.0 = Release|Any CPU
		{60649569-197C-4E0F-95F4-F87CFF73A610}.Release|x86.ActiveCfg = Release|Any CPU
		{60649569-197C-4E0F-95F4-F87CFF73A610}.Release|x86.Build.0 = Release|Any CPU
		{FD09730B-90E3-491B-AFA8-0D17AE6C841D}.Debug|Any CPU.ActiveCfg = Debug|Any CPU
		{FD09730B-90E3-491B-AFA8-0D17AE6C841D}.Debug|Any CPU.Build.0 = Debug|Any CPU
		{FD09730B-90E3-491B-AFA8-0D17AE6C841D}.Debug|ARM.ActiveCfg = Debug|Any CPU
		{FD09730B-90E3-491B-AFA8-0D17AE6C841D}.Debug|ARM.Build.0 = Debug|Any CPU
		{FD09730B-90E3-491B-AFA8-0D17AE6C841D}.Debug|x64.ActiveCfg = Debug|Any CPU
		{FD09730B-90E3-491B-AFA8-0D17AE6C841D}.Debug|x64.Build.0 = Debug|Any CPU
		{FD09730B-90E3-491B-AFA8-0D17AE6C841D}.Debug|x86.ActiveCfg = Debug|Any CPU
		{FD09730B-90E3-491B-AFA8-0D17AE6C841D}.Debug|x86.Build.0 = Debug|Any CPU
		{FD09730B-90E3-491B-AFA8-0D17AE6C841D}.Debug-Unchecked|Any CPU.ActiveCfg = Debug|Any CPU
		{FD09730B-90E3-491B-AFA8-0D17AE6C841D}.Debug-Unchecked|Any CPU.Build.0 = Debug|Any CPU
		{FD09730B-90E3-491B-AFA8-0D17AE6C841D}.Debug-Unchecked|ARM.ActiveCfg = Debug|Any CPU
		{FD09730B-90E3-491B-AFA8-0D17AE6C841D}.Debug-Unchecked|ARM.Build.0 = Debug|Any CPU
		{FD09730B-90E3-491B-AFA8-0D17AE6C841D}.Debug-Unchecked|x64.ActiveCfg = Debug|Any CPU
		{FD09730B-90E3-491B-AFA8-0D17AE6C841D}.Debug-Unchecked|x64.Build.0 = Debug|Any CPU
		{FD09730B-90E3-491B-AFA8-0D17AE6C841D}.Debug-Unchecked|x86.ActiveCfg = Debug|Any CPU
		{FD09730B-90E3-491B-AFA8-0D17AE6C841D}.Debug-Unchecked|x86.Build.0 = Debug|Any CPU
		{FD09730B-90E3-491B-AFA8-0D17AE6C841D}.Release|Any CPU.ActiveCfg = Release|Any CPU
		{FD09730B-90E3-491B-AFA8-0D17AE6C841D}.Release|Any CPU.Build.0 = Release|Any CPU
		{FD09730B-90E3-491B-AFA8-0D17AE6C841D}.Release|ARM.ActiveCfg = Release|Any CPU
		{FD09730B-90E3-491B-AFA8-0D17AE6C841D}.Release|ARM.Build.0 = Release|Any CPU
		{FD09730B-90E3-491B-AFA8-0D17AE6C841D}.Release|x64.ActiveCfg = Release|Any CPU
		{FD09730B-90E3-491B-AFA8-0D17AE6C841D}.Release|x64.Build.0 = Release|Any CPU
		{FD09730B-90E3-491B-AFA8-0D17AE6C841D}.Release|x86.ActiveCfg = Release|Any CPU
		{FD09730B-90E3-491B-AFA8-0D17AE6C841D}.Release|x86.Build.0 = Release|Any CPU
		{98F3B971-7741-43F0-9BE8-2A53F2A4F611}.Debug|Any CPU.ActiveCfg = Debug|Any CPU
		{98F3B971-7741-43F0-9BE8-2A53F2A4F611}.Debug|Any CPU.Build.0 = Debug|Any CPU
		{98F3B971-7741-43F0-9BE8-2A53F2A4F611}.Debug|ARM.ActiveCfg = Debug|Any CPU
		{98F3B971-7741-43F0-9BE8-2A53F2A4F611}.Debug|ARM.Build.0 = Debug|Any CPU
		{98F3B971-7741-43F0-9BE8-2A53F2A4F611}.Debug|x64.ActiveCfg = Debug|Any CPU
		{98F3B971-7741-43F0-9BE8-2A53F2A4F611}.Debug|x64.Build.0 = Debug|Any CPU
		{98F3B971-7741-43F0-9BE8-2A53F2A4F611}.Debug|x86.ActiveCfg = Debug|Any CPU
		{98F3B971-7741-43F0-9BE8-2A53F2A4F611}.Debug|x86.Build.0 = Debug|Any CPU
		{98F3B971-7741-43F0-9BE8-2A53F2A4F611}.Debug-Unchecked|Any CPU.ActiveCfg = Debug-Unchecked|Any CPU
		{98F3B971-7741-43F0-9BE8-2A53F2A4F611}.Debug-Unchecked|Any CPU.Build.0 = Debug-Unchecked|Any CPU
		{98F3B971-7741-43F0-9BE8-2A53F2A4F611}.Debug-Unchecked|ARM.ActiveCfg = Debug|Any CPU
		{98F3B971-7741-43F0-9BE8-2A53F2A4F611}.Debug-Unchecked|ARM.Build.0 = Debug|Any CPU
		{98F3B971-7741-43F0-9BE8-2A53F2A4F611}.Debug-Unchecked|x64.ActiveCfg = Debug|Any CPU
		{98F3B971-7741-43F0-9BE8-2A53F2A4F611}.Debug-Unchecked|x64.Build.0 = Debug|Any CPU
		{98F3B971-7741-43F0-9BE8-2A53F2A4F611}.Debug-Unchecked|x86.ActiveCfg = Debug|Any CPU
		{98F3B971-7741-43F0-9BE8-2A53F2A4F611}.Debug-Unchecked|x86.Build.0 = Debug|Any CPU
		{98F3B971-7741-43F0-9BE8-2A53F2A4F611}.Release|Any CPU.ActiveCfg = Release|Any CPU
		{98F3B971-7741-43F0-9BE8-2A53F2A4F611}.Release|Any CPU.Build.0 = Release|Any CPU
		{98F3B971-7741-43F0-9BE8-2A53F2A4F611}.Release|ARM.ActiveCfg = Release|Any CPU
		{98F3B971-7741-43F0-9BE8-2A53F2A4F611}.Release|ARM.Build.0 = Release|Any CPU
		{98F3B971-7741-43F0-9BE8-2A53F2A4F611}.Release|x64.ActiveCfg = Release|Any CPU
		{98F3B971-7741-43F0-9BE8-2A53F2A4F611}.Release|x64.Build.0 = Release|Any CPU
		{98F3B971-7741-43F0-9BE8-2A53F2A4F611}.Release|x86.ActiveCfg = Release|Any CPU
		{98F3B971-7741-43F0-9BE8-2A53F2A4F611}.Release|x86.Build.0 = Release|Any CPU
		{2E3DF5C2-8A38-4A03-86D7-8D463C917E47}.Debug|Any CPU.ActiveCfg = Debug|Any CPU
		{2E3DF5C2-8A38-4A03-86D7-8D463C917E47}.Debug|Any CPU.Build.0 = Debug|Any CPU
		{2E3DF5C2-8A38-4A03-86D7-8D463C917E47}.Debug|ARM.ActiveCfg = Debug|Any CPU
		{2E3DF5C2-8A38-4A03-86D7-8D463C917E47}.Debug|ARM.Build.0 = Debug|Any CPU
		{2E3DF5C2-8A38-4A03-86D7-8D463C917E47}.Debug|x64.ActiveCfg = Debug|Any CPU
		{2E3DF5C2-8A38-4A03-86D7-8D463C917E47}.Debug|x64.Build.0 = Debug|Any CPU
		{2E3DF5C2-8A38-4A03-86D7-8D463C917E47}.Debug|x86.ActiveCfg = Debug|Any CPU
		{2E3DF5C2-8A38-4A03-86D7-8D463C917E47}.Debug|x86.Build.0 = Debug|Any CPU
		{2E3DF5C2-8A38-4A03-86D7-8D463C917E47}.Debug-Unchecked|Any CPU.ActiveCfg = Debug|Any CPU
		{2E3DF5C2-8A38-4A03-86D7-8D463C917E47}.Debug-Unchecked|Any CPU.Build.0 = Debug|Any CPU
		{2E3DF5C2-8A38-4A03-86D7-8D463C917E47}.Debug-Unchecked|ARM.ActiveCfg = Debug|Any CPU
		{2E3DF5C2-8A38-4A03-86D7-8D463C917E47}.Debug-Unchecked|ARM.Build.0 = Debug|Any CPU
		{2E3DF5C2-8A38-4A03-86D7-8D463C917E47}.Debug-Unchecked|x64.ActiveCfg = Debug|Any CPU
		{2E3DF5C2-8A38-4A03-86D7-8D463C917E47}.Debug-Unchecked|x64.Build.0 = Debug|Any CPU
		{2E3DF5C2-8A38-4A03-86D7-8D463C917E47}.Debug-Unchecked|x86.ActiveCfg = Debug|Any CPU
		{2E3DF5C2-8A38-4A03-86D7-8D463C917E47}.Debug-Unchecked|x86.Build.0 = Debug|Any CPU
		{2E3DF5C2-8A38-4A03-86D7-8D463C917E47}.Release|Any CPU.ActiveCfg = Release|Any CPU
		{2E3DF5C2-8A38-4A03-86D7-8D463C917E47}.Release|Any CPU.Build.0 = Release|Any CPU
		{2E3DF5C2-8A38-4A03-86D7-8D463C917E47}.Release|ARM.ActiveCfg = Release|Any CPU
		{2E3DF5C2-8A38-4A03-86D7-8D463C917E47}.Release|ARM.Build.0 = Release|Any CPU
		{2E3DF5C2-8A38-4A03-86D7-8D463C917E47}.Release|x64.ActiveCfg = Release|Any CPU
		{2E3DF5C2-8A38-4A03-86D7-8D463C917E47}.Release|x64.Build.0 = Release|Any CPU
		{2E3DF5C2-8A38-4A03-86D7-8D463C917E47}.Release|x86.ActiveCfg = Release|Any CPU
		{2E3DF5C2-8A38-4A03-86D7-8D463C917E47}.Release|x86.Build.0 = Release|Any CPU
		{FC1C5D74-093D-4153-BEC2-A82EFD21655D}.Debug|Any CPU.ActiveCfg = Debug|Any CPU
		{FC1C5D74-093D-4153-BEC2-A82EFD21655D}.Debug|Any CPU.Build.0 = Debug|Any CPU
		{FC1C5D74-093D-4153-BEC2-A82EFD21655D}.Debug|ARM.ActiveCfg = Debug|Any CPU
		{FC1C5D74-093D-4153-BEC2-A82EFD21655D}.Debug|ARM.Build.0 = Debug|Any CPU
		{FC1C5D74-093D-4153-BEC2-A82EFD21655D}.Debug|x64.ActiveCfg = Debug|Any CPU
		{FC1C5D74-093D-4153-BEC2-A82EFD21655D}.Debug|x64.Build.0 = Debug|Any CPU
		{FC1C5D74-093D-4153-BEC2-A82EFD21655D}.Debug|x86.ActiveCfg = Debug|Any CPU
		{FC1C5D74-093D-4153-BEC2-A82EFD21655D}.Debug|x86.Build.0 = Debug|Any CPU
		{FC1C5D74-093D-4153-BEC2-A82EFD21655D}.Debug-Unchecked|Any CPU.ActiveCfg = Debug|Any CPU
		{FC1C5D74-093D-4153-BEC2-A82EFD21655D}.Debug-Unchecked|Any CPU.Build.0 = Debug|Any CPU
		{FC1C5D74-093D-4153-BEC2-A82EFD21655D}.Debug-Unchecked|ARM.ActiveCfg = Debug|Any CPU
		{FC1C5D74-093D-4153-BEC2-A82EFD21655D}.Debug-Unchecked|ARM.Build.0 = Debug|Any CPU
		{FC1C5D74-093D-4153-BEC2-A82EFD21655D}.Debug-Unchecked|x64.ActiveCfg = Debug|Any CPU
		{FC1C5D74-093D-4153-BEC2-A82EFD21655D}.Debug-Unchecked|x64.Build.0 = Debug|Any CPU
		{FC1C5D74-093D-4153-BEC2-A82EFD21655D}.Debug-Unchecked|x86.ActiveCfg = Debug|Any CPU
		{FC1C5D74-093D-4153-BEC2-A82EFD21655D}.Debug-Unchecked|x86.Build.0 = Debug|Any CPU
		{FC1C5D74-093D-4153-BEC2-A82EFD21655D}.Release|Any CPU.ActiveCfg = Release|Any CPU
		{FC1C5D74-093D-4153-BEC2-A82EFD21655D}.Release|Any CPU.Build.0 = Release|Any CPU
		{FC1C5D74-093D-4153-BEC2-A82EFD21655D}.Release|ARM.ActiveCfg = Release|Any CPU
		{FC1C5D74-093D-4153-BEC2-A82EFD21655D}.Release|ARM.Build.0 = Release|Any CPU
		{FC1C5D74-093D-4153-BEC2-A82EFD21655D}.Release|x64.ActiveCfg = Release|Any CPU
		{FC1C5D74-093D-4153-BEC2-A82EFD21655D}.Release|x64.Build.0 = Release|Any CPU
		{FC1C5D74-093D-4153-BEC2-A82EFD21655D}.Release|x86.ActiveCfg = Release|Any CPU
		{FC1C5D74-093D-4153-BEC2-A82EFD21655D}.Release|x86.Build.0 = Release|Any CPU
		{0CC8DA81-E4DC-4654-B5F8-F5AFB2EE7C2D}.Debug|Any CPU.ActiveCfg = Debug|Any CPU
		{0CC8DA81-E4DC-4654-B5F8-F5AFB2EE7C2D}.Debug|Any CPU.Build.0 = Debug|Any CPU
		{0CC8DA81-E4DC-4654-B5F8-F5AFB2EE7C2D}.Debug|ARM.ActiveCfg = Debug|Any CPU
		{0CC8DA81-E4DC-4654-B5F8-F5AFB2EE7C2D}.Debug|ARM.Build.0 = Debug|Any CPU
		{0CC8DA81-E4DC-4654-B5F8-F5AFB2EE7C2D}.Debug|x64.ActiveCfg = Debug|Any CPU
		{0CC8DA81-E4DC-4654-B5F8-F5AFB2EE7C2D}.Debug|x64.Build.0 = Debug|Any CPU
		{0CC8DA81-E4DC-4654-B5F8-F5AFB2EE7C2D}.Debug|x86.ActiveCfg = Debug|Any CPU
		{0CC8DA81-E4DC-4654-B5F8-F5AFB2EE7C2D}.Debug|x86.Build.0 = Debug|Any CPU
		{0CC8DA81-E4DC-4654-B5F8-F5AFB2EE7C2D}.Debug-Unchecked|Any CPU.ActiveCfg = Debug|Any CPU
		{0CC8DA81-E4DC-4654-B5F8-F5AFB2EE7C2D}.Debug-Unchecked|Any CPU.Build.0 = Debug|Any CPU
		{0CC8DA81-E4DC-4654-B5F8-F5AFB2EE7C2D}.Debug-Unchecked|ARM.ActiveCfg = Debug|Any CPU
		{0CC8DA81-E4DC-4654-B5F8-F5AFB2EE7C2D}.Debug-Unchecked|ARM.Build.0 = Debug|Any CPU
		{0CC8DA81-E4DC-4654-B5F8-F5AFB2EE7C2D}.Debug-Unchecked|x64.ActiveCfg = Debug|Any CPU
		{0CC8DA81-E4DC-4654-B5F8-F5AFB2EE7C2D}.Debug-Unchecked|x64.Build.0 = Debug|Any CPU
		{0CC8DA81-E4DC-4654-B5F8-F5AFB2EE7C2D}.Debug-Unchecked|x86.ActiveCfg = Debug|Any CPU
		{0CC8DA81-E4DC-4654-B5F8-F5AFB2EE7C2D}.Debug-Unchecked|x86.Build.0 = Debug|Any CPU
		{0CC8DA81-E4DC-4654-B5F8-F5AFB2EE7C2D}.Release|Any CPU.ActiveCfg = Release|Any CPU
		{0CC8DA81-E4DC-4654-B5F8-F5AFB2EE7C2D}.Release|Any CPU.Build.0 = Release|Any CPU
		{0CC8DA81-E4DC-4654-B5F8-F5AFB2EE7C2D}.Release|ARM.ActiveCfg = Release|Any CPU
		{0CC8DA81-E4DC-4654-B5F8-F5AFB2EE7C2D}.Release|ARM.Build.0 = Release|Any CPU
		{0CC8DA81-E4DC-4654-B5F8-F5AFB2EE7C2D}.Release|x64.ActiveCfg = Release|Any CPU
		{0CC8DA81-E4DC-4654-B5F8-F5AFB2EE7C2D}.Release|x64.Build.0 = Release|Any CPU
		{0CC8DA81-E4DC-4654-B5F8-F5AFB2EE7C2D}.Release|x86.ActiveCfg = Release|Any CPU
		{0CC8DA81-E4DC-4654-B5F8-F5AFB2EE7C2D}.Release|x86.Build.0 = Release|Any CPU
		{29250DD0-9A8E-49E9-BF19-5F45C54AC9FB}.Debug|Any CPU.ActiveCfg = Debug|Any CPU
		{29250DD0-9A8E-49E9-BF19-5F45C54AC9FB}.Debug|Any CPU.Build.0 = Debug|Any CPU
		{29250DD0-9A8E-49E9-BF19-5F45C54AC9FB}.Debug|ARM.ActiveCfg = Debug|Any CPU
		{29250DD0-9A8E-49E9-BF19-5F45C54AC9FB}.Debug|ARM.Build.0 = Debug|Any CPU
		{29250DD0-9A8E-49E9-BF19-5F45C54AC9FB}.Debug|x64.ActiveCfg = Debug|Any CPU
		{29250DD0-9A8E-49E9-BF19-5F45C54AC9FB}.Debug|x64.Build.0 = Debug|Any CPU
		{29250DD0-9A8E-49E9-BF19-5F45C54AC9FB}.Debug|x86.ActiveCfg = Debug|Any CPU
		{29250DD0-9A8E-49E9-BF19-5F45C54AC9FB}.Debug|x86.Build.0 = Debug|Any CPU
		{29250DD0-9A8E-49E9-BF19-5F45C54AC9FB}.Debug-Unchecked|Any CPU.ActiveCfg = Debug-Unchecked|Any CPU
		{29250DD0-9A8E-49E9-BF19-5F45C54AC9FB}.Debug-Unchecked|Any CPU.Build.0 = Debug-Unchecked|Any CPU
		{29250DD0-9A8E-49E9-BF19-5F45C54AC9FB}.Debug-Unchecked|ARM.ActiveCfg = Debug|Any CPU
		{29250DD0-9A8E-49E9-BF19-5F45C54AC9FB}.Debug-Unchecked|ARM.Build.0 = Debug|Any CPU
		{29250DD0-9A8E-49E9-BF19-5F45C54AC9FB}.Debug-Unchecked|x64.ActiveCfg = Debug|Any CPU
		{29250DD0-9A8E-49E9-BF19-5F45C54AC9FB}.Debug-Unchecked|x64.Build.0 = Debug|Any CPU
		{29250DD0-9A8E-49E9-BF19-5F45C54AC9FB}.Debug-Unchecked|x86.ActiveCfg = Debug|Any CPU
		{29250DD0-9A8E-49E9-BF19-5F45C54AC9FB}.Debug-Unchecked|x86.Build.0 = Debug|Any CPU
		{29250DD0-9A8E-49E9-BF19-5F45C54AC9FB}.Release|Any CPU.ActiveCfg = Release|Any CPU
		{29250DD0-9A8E-49E9-BF19-5F45C54AC9FB}.Release|Any CPU.Build.0 = Release|Any CPU
		{29250DD0-9A8E-49E9-BF19-5F45C54AC9FB}.Release|ARM.ActiveCfg = Release|Any CPU
		{29250DD0-9A8E-49E9-BF19-5F45C54AC9FB}.Release|ARM.Build.0 = Release|Any CPU
		{29250DD0-9A8E-49E9-BF19-5F45C54AC9FB}.Release|x64.ActiveCfg = Release|Any CPU
		{29250DD0-9A8E-49E9-BF19-5F45C54AC9FB}.Release|x64.Build.0 = Release|Any CPU
		{29250DD0-9A8E-49E9-BF19-5F45C54AC9FB}.Release|x86.ActiveCfg = Release|Any CPU
		{29250DD0-9A8E-49E9-BF19-5F45C54AC9FB}.Release|x86.Build.0 = Release|Any CPU
		{83313725-797D-4C95-AFDF-351F5B84EFC5}.Debug|Any CPU.ActiveCfg = Debug|Any CPU
		{83313725-797D-4C95-AFDF-351F5B84EFC5}.Debug|Any CPU.Build.0 = Debug|Any CPU
		{83313725-797D-4C95-AFDF-351F5B84EFC5}.Debug|ARM.ActiveCfg = Debug|Any CPU
		{83313725-797D-4C95-AFDF-351F5B84EFC5}.Debug|ARM.Build.0 = Debug|Any CPU
		{83313725-797D-4C95-AFDF-351F5B84EFC5}.Debug|x64.ActiveCfg = Debug|Any CPU
		{83313725-797D-4C95-AFDF-351F5B84EFC5}.Debug|x64.Build.0 = Debug|Any CPU
		{83313725-797D-4C95-AFDF-351F5B84EFC5}.Debug|x86.ActiveCfg = Debug|Any CPU
		{83313725-797D-4C95-AFDF-351F5B84EFC5}.Debug|x86.Build.0 = Debug|Any CPU
		{83313725-797D-4C95-AFDF-351F5B84EFC5}.Debug-Unchecked|Any CPU.ActiveCfg = Debug-Unchecked|Any CPU
		{83313725-797D-4C95-AFDF-351F5B84EFC5}.Debug-Unchecked|Any CPU.Build.0 = Debug-Unchecked|Any CPU
		{83313725-797D-4C95-AFDF-351F5B84EFC5}.Debug-Unchecked|ARM.ActiveCfg = Debug|Any CPU
		{83313725-797D-4C95-AFDF-351F5B84EFC5}.Debug-Unchecked|ARM.Build.0 = Debug|Any CPU
		{83313725-797D-4C95-AFDF-351F5B84EFC5}.Debug-Unchecked|x64.ActiveCfg = Debug|Any CPU
		{83313725-797D-4C95-AFDF-351F5B84EFC5}.Debug-Unchecked|x64.Build.0 = Debug|Any CPU
		{83313725-797D-4C95-AFDF-351F5B84EFC5}.Debug-Unchecked|x86.ActiveCfg = Debug|Any CPU
		{83313725-797D-4C95-AFDF-351F5B84EFC5}.Debug-Unchecked|x86.Build.0 = Debug|Any CPU
		{83313725-797D-4C95-AFDF-351F5B84EFC5}.Release|Any CPU.ActiveCfg = Release|Any CPU
		{83313725-797D-4C95-AFDF-351F5B84EFC5}.Release|Any CPU.Build.0 = Release|Any CPU
		{83313725-797D-4C95-AFDF-351F5B84EFC5}.Release|ARM.ActiveCfg = Release|Any CPU
		{83313725-797D-4C95-AFDF-351F5B84EFC5}.Release|ARM.Build.0 = Release|Any CPU
		{83313725-797D-4C95-AFDF-351F5B84EFC5}.Release|x64.ActiveCfg = Release|Any CPU
		{83313725-797D-4C95-AFDF-351F5B84EFC5}.Release|x64.Build.0 = Release|Any CPU
		{83313725-797D-4C95-AFDF-351F5B84EFC5}.Release|x86.ActiveCfg = Release|Any CPU
		{83313725-797D-4C95-AFDF-351F5B84EFC5}.Release|x86.Build.0 = Release|Any CPU
		{9360FBC3-C187-41B4-8BFD-C6C385961EEF}.Debug|Any CPU.ActiveCfg = Debug|Any CPU
		{9360FBC3-C187-41B4-8BFD-C6C385961EEF}.Debug|Any CPU.Build.0 = Debug|Any CPU
		{9360FBC3-C187-41B4-8BFD-C6C385961EEF}.Debug|ARM.ActiveCfg = Debug|Any CPU
		{9360FBC3-C187-41B4-8BFD-C6C385961EEF}.Debug|ARM.Build.0 = Debug|Any CPU
		{9360FBC3-C187-41B4-8BFD-C6C385961EEF}.Debug|x64.ActiveCfg = Debug|Any CPU
		{9360FBC3-C187-41B4-8BFD-C6C385961EEF}.Debug|x64.Build.0 = Debug|Any CPU
		{9360FBC3-C187-41B4-8BFD-C6C385961EEF}.Debug|x86.ActiveCfg = Debug|Any CPU
		{9360FBC3-C187-41B4-8BFD-C6C385961EEF}.Debug|x86.Build.0 = Debug|Any CPU
		{9360FBC3-C187-41B4-8BFD-C6C385961EEF}.Debug-Unchecked|Any CPU.ActiveCfg = Debug|Any CPU
		{9360FBC3-C187-41B4-8BFD-C6C385961EEF}.Debug-Unchecked|Any CPU.Build.0 = Debug|Any CPU
		{9360FBC3-C187-41B4-8BFD-C6C385961EEF}.Debug-Unchecked|ARM.ActiveCfg = Debug|Any CPU
		{9360FBC3-C187-41B4-8BFD-C6C385961EEF}.Debug-Unchecked|ARM.Build.0 = Debug|Any CPU
		{9360FBC3-C187-41B4-8BFD-C6C385961EEF}.Debug-Unchecked|x64.ActiveCfg = Debug|Any CPU
		{9360FBC3-C187-41B4-8BFD-C6C385961EEF}.Debug-Unchecked|x64.Build.0 = Debug|Any CPU
		{9360FBC3-C187-41B4-8BFD-C6C385961EEF}.Debug-Unchecked|x86.ActiveCfg = Debug|Any CPU
		{9360FBC3-C187-41B4-8BFD-C6C385961EEF}.Debug-Unchecked|x86.Build.0 = Debug|Any CPU
		{9360FBC3-C187-41B4-8BFD-C6C385961EEF}.Release|Any CPU.ActiveCfg = Release|Any CPU
		{9360FBC3-C187-41B4-8BFD-C6C385961EEF}.Release|Any CPU.Build.0 = Release|Any CPU
		{9360FBC3-C187-41B4-8BFD-C6C385961EEF}.Release|ARM.ActiveCfg = Release|Any CPU
		{9360FBC3-C187-41B4-8BFD-C6C385961EEF}.Release|ARM.Build.0 = Release|Any CPU
		{9360FBC3-C187-41B4-8BFD-C6C385961EEF}.Release|x64.ActiveCfg = Release|Any CPU
		{9360FBC3-C187-41B4-8BFD-C6C385961EEF}.Release|x64.Build.0 = Release|Any CPU
		{9360FBC3-C187-41B4-8BFD-C6C385961EEF}.Release|x86.ActiveCfg = Release|Any CPU
		{9360FBC3-C187-41B4-8BFD-C6C385961EEF}.Release|x86.Build.0 = Release|Any CPU
		{A1B8E8E3-9FDA-4063-A77F-1F0DDA4897AE}.Debug|Any CPU.ActiveCfg = Debug|Any CPU
		{A1B8E8E3-9FDA-4063-A77F-1F0DDA4897AE}.Debug|Any CPU.Build.0 = Debug|Any CPU
		{A1B8E8E3-9FDA-4063-A77F-1F0DDA4897AE}.Debug|ARM.ActiveCfg = Debug|Any CPU
		{A1B8E8E3-9FDA-4063-A77F-1F0DDA4897AE}.Debug|ARM.Build.0 = Debug|Any CPU
		{A1B8E8E3-9FDA-4063-A77F-1F0DDA4897AE}.Debug|x64.ActiveCfg = Debug|Any CPU
		{A1B8E8E3-9FDA-4063-A77F-1F0DDA4897AE}.Debug|x64.Build.0 = Debug|Any CPU
		{A1B8E8E3-9FDA-4063-A77F-1F0DDA4897AE}.Debug|x86.ActiveCfg = Debug|Any CPU
		{A1B8E8E3-9FDA-4063-A77F-1F0DDA4897AE}.Debug|x86.Build.0 = Debug|Any CPU
		{A1B8E8E3-9FDA-4063-A77F-1F0DDA4897AE}.Debug-Unchecked|Any CPU.ActiveCfg = Debug|Any CPU
		{A1B8E8E3-9FDA-4063-A77F-1F0DDA4897AE}.Debug-Unchecked|Any CPU.Build.0 = Debug|Any CPU
		{A1B8E8E3-9FDA-4063-A77F-1F0DDA4897AE}.Debug-Unchecked|ARM.ActiveCfg = Debug|Any CPU
		{A1B8E8E3-9FDA-4063-A77F-1F0DDA4897AE}.Debug-Unchecked|ARM.Build.0 = Debug|Any CPU
		{A1B8E8E3-9FDA-4063-A77F-1F0DDA4897AE}.Debug-Unchecked|x64.ActiveCfg = Debug|Any CPU
		{A1B8E8E3-9FDA-4063-A77F-1F0DDA4897AE}.Debug-Unchecked|x64.Build.0 = Debug|Any CPU
		{A1B8E8E3-9FDA-4063-A77F-1F0DDA4897AE}.Debug-Unchecked|x86.ActiveCfg = Debug|Any CPU
		{A1B8E8E3-9FDA-4063-A77F-1F0DDA4897AE}.Debug-Unchecked|x86.Build.0 = Debug|Any CPU
		{A1B8E8E3-9FDA-4063-A77F-1F0DDA4897AE}.Release|Any CPU.ActiveCfg = Release|Any CPU
		{A1B8E8E3-9FDA-4063-A77F-1F0DDA4897AE}.Release|Any CPU.Build.0 = Release|Any CPU
		{A1B8E8E3-9FDA-4063-A77F-1F0DDA4897AE}.Release|ARM.ActiveCfg = Release|Any CPU
		{A1B8E8E3-9FDA-4063-A77F-1F0DDA4897AE}.Release|ARM.Build.0 = Release|Any CPU
		{A1B8E8E3-9FDA-4063-A77F-1F0DDA4897AE}.Release|x64.ActiveCfg = Release|Any CPU
		{A1B8E8E3-9FDA-4063-A77F-1F0DDA4897AE}.Release|x64.Build.0 = Release|Any CPU
		{A1B8E8E3-9FDA-4063-A77F-1F0DDA4897AE}.Release|x86.ActiveCfg = Release|Any CPU
		{A1B8E8E3-9FDA-4063-A77F-1F0DDA4897AE}.Release|x86.Build.0 = Release|Any CPU
		{AFB7ACC5-B080-40D9-981F-0DCC7B0ED0A9}.Debug|Any CPU.ActiveCfg = Debug|Any CPU
		{AFB7ACC5-B080-40D9-981F-0DCC7B0ED0A9}.Debug|Any CPU.Build.0 = Debug|Any CPU
		{AFB7ACC5-B080-40D9-981F-0DCC7B0ED0A9}.Debug|ARM.ActiveCfg = Debug|Any CPU
		{AFB7ACC5-B080-40D9-981F-0DCC7B0ED0A9}.Debug|ARM.Build.0 = Debug|Any CPU
		{AFB7ACC5-B080-40D9-981F-0DCC7B0ED0A9}.Debug|x64.ActiveCfg = Debug|Any CPU
		{AFB7ACC5-B080-40D9-981F-0DCC7B0ED0A9}.Debug|x64.Build.0 = Debug|Any CPU
		{AFB7ACC5-B080-40D9-981F-0DCC7B0ED0A9}.Debug|x86.ActiveCfg = Debug|Any CPU
		{AFB7ACC5-B080-40D9-981F-0DCC7B0ED0A9}.Debug|x86.Build.0 = Debug|Any CPU
		{AFB7ACC5-B080-40D9-981F-0DCC7B0ED0A9}.Debug-Unchecked|Any CPU.ActiveCfg = Debug|Any CPU
		{AFB7ACC5-B080-40D9-981F-0DCC7B0ED0A9}.Debug-Unchecked|Any CPU.Build.0 = Debug|Any CPU
		{AFB7ACC5-B080-40D9-981F-0DCC7B0ED0A9}.Debug-Unchecked|ARM.ActiveCfg = Debug|Any CPU
		{AFB7ACC5-B080-40D9-981F-0DCC7B0ED0A9}.Debug-Unchecked|ARM.Build.0 = Debug|Any CPU
		{AFB7ACC5-B080-40D9-981F-0DCC7B0ED0A9}.Debug-Unchecked|x64.ActiveCfg = Debug|Any CPU
		{AFB7ACC5-B080-40D9-981F-0DCC7B0ED0A9}.Debug-Unchecked|x64.Build.0 = Debug|Any CPU
		{AFB7ACC5-B080-40D9-981F-0DCC7B0ED0A9}.Debug-Unchecked|x86.ActiveCfg = Debug|Any CPU
		{AFB7ACC5-B080-40D9-981F-0DCC7B0ED0A9}.Debug-Unchecked|x86.Build.0 = Debug|Any CPU
		{AFB7ACC5-B080-40D9-981F-0DCC7B0ED0A9}.Release|Any CPU.ActiveCfg = Release|Any CPU
		{AFB7ACC5-B080-40D9-981F-0DCC7B0ED0A9}.Release|Any CPU.Build.0 = Release|Any CPU
		{AFB7ACC5-B080-40D9-981F-0DCC7B0ED0A9}.Release|ARM.ActiveCfg = Release|Any CPU
		{AFB7ACC5-B080-40D9-981F-0DCC7B0ED0A9}.Release|ARM.Build.0 = Release|Any CPU
		{AFB7ACC5-B080-40D9-981F-0DCC7B0ED0A9}.Release|x64.ActiveCfg = Release|Any CPU
		{AFB7ACC5-B080-40D9-981F-0DCC7B0ED0A9}.Release|x64.Build.0 = Release|Any CPU
		{AFB7ACC5-B080-40D9-981F-0DCC7B0ED0A9}.Release|x86.ActiveCfg = Release|Any CPU
		{AFB7ACC5-B080-40D9-981F-0DCC7B0ED0A9}.Release|x86.Build.0 = Release|Any CPU
		{CD08AF85-57FD-42EC-B7DE-4DD2288DE17E}.Debug|Any CPU.ActiveCfg = Debug|Any CPU
		{CD08AF85-57FD-42EC-B7DE-4DD2288DE17E}.Debug|Any CPU.Build.0 = Debug|Any CPU
		{CD08AF85-57FD-42EC-B7DE-4DD2288DE17E}.Debug|ARM.ActiveCfg = Debug|Any CPU
		{CD08AF85-57FD-42EC-B7DE-4DD2288DE17E}.Debug|ARM.Build.0 = Debug|Any CPU
		{CD08AF85-57FD-42EC-B7DE-4DD2288DE17E}.Debug|x64.ActiveCfg = Debug|Any CPU
		{CD08AF85-57FD-42EC-B7DE-4DD2288DE17E}.Debug|x64.Build.0 = Debug|Any CPU
		{CD08AF85-57FD-42EC-B7DE-4DD2288DE17E}.Debug|x86.ActiveCfg = Debug|Any CPU
		{CD08AF85-57FD-42EC-B7DE-4DD2288DE17E}.Debug|x86.Build.0 = Debug|Any CPU
		{CD08AF85-57FD-42EC-B7DE-4DD2288DE17E}.Debug-Unchecked|Any CPU.ActiveCfg = Debug|Any CPU
		{CD08AF85-57FD-42EC-B7DE-4DD2288DE17E}.Debug-Unchecked|Any CPU.Build.0 = Debug|Any CPU
		{CD08AF85-57FD-42EC-B7DE-4DD2288DE17E}.Debug-Unchecked|ARM.ActiveCfg = Debug|Any CPU
		{CD08AF85-57FD-42EC-B7DE-4DD2288DE17E}.Debug-Unchecked|ARM.Build.0 = Debug|Any CPU
		{CD08AF85-57FD-42EC-B7DE-4DD2288DE17E}.Debug-Unchecked|x64.ActiveCfg = Debug|Any CPU
		{CD08AF85-57FD-42EC-B7DE-4DD2288DE17E}.Debug-Unchecked|x64.Build.0 = Debug|Any CPU
		{CD08AF85-57FD-42EC-B7DE-4DD2288DE17E}.Debug-Unchecked|x86.ActiveCfg = Debug|Any CPU
		{CD08AF85-57FD-42EC-B7DE-4DD2288DE17E}.Debug-Unchecked|x86.Build.0 = Debug|Any CPU
		{CD08AF85-57FD-42EC-B7DE-4DD2288DE17E}.Release|Any CPU.ActiveCfg = Release|Any CPU
		{CD08AF85-57FD-42EC-B7DE-4DD2288DE17E}.Release|Any CPU.Build.0 = Release|Any CPU
		{CD08AF85-57FD-42EC-B7DE-4DD2288DE17E}.Release|ARM.ActiveCfg = Release|Any CPU
		{CD08AF85-57FD-42EC-B7DE-4DD2288DE17E}.Release|ARM.Build.0 = Release|Any CPU
		{CD08AF85-57FD-42EC-B7DE-4DD2288DE17E}.Release|x64.ActiveCfg = Release|Any CPU
		{CD08AF85-57FD-42EC-B7DE-4DD2288DE17E}.Release|x64.Build.0 = Release|Any CPU
		{CD08AF85-57FD-42EC-B7DE-4DD2288DE17E}.Release|x86.ActiveCfg = Release|Any CPU
		{CD08AF85-57FD-42EC-B7DE-4DD2288DE17E}.Release|x86.Build.0 = Release|Any CPU
		{64697C8B-60FD-4EE7-8560-37C4BD58580A}.Debug|Any CPU.ActiveCfg = Debug|Any CPU
		{64697C8B-60FD-4EE7-8560-37C4BD58580A}.Debug|Any CPU.Build.0 = Debug|Any CPU
		{64697C8B-60FD-4EE7-8560-37C4BD58580A}.Debug|ARM.ActiveCfg = Debug|Any CPU
		{64697C8B-60FD-4EE7-8560-37C4BD58580A}.Debug|ARM.Build.0 = Debug|Any CPU
		{64697C8B-60FD-4EE7-8560-37C4BD58580A}.Debug|x64.ActiveCfg = Debug|Any CPU
		{64697C8B-60FD-4EE7-8560-37C4BD58580A}.Debug|x64.Build.0 = Debug|Any CPU
		{64697C8B-60FD-4EE7-8560-37C4BD58580A}.Debug|x86.ActiveCfg = Debug|Any CPU
		{64697C8B-60FD-4EE7-8560-37C4BD58580A}.Debug|x86.Build.0 = Debug|Any CPU
		{64697C8B-60FD-4EE7-8560-37C4BD58580A}.Debug-Unchecked|Any CPU.ActiveCfg = Debug|Any CPU
		{64697C8B-60FD-4EE7-8560-37C4BD58580A}.Debug-Unchecked|Any CPU.Build.0 = Debug|Any CPU
		{64697C8B-60FD-4EE7-8560-37C4BD58580A}.Debug-Unchecked|ARM.ActiveCfg = Debug|Any CPU
		{64697C8B-60FD-4EE7-8560-37C4BD58580A}.Debug-Unchecked|ARM.Build.0 = Debug|Any CPU
		{64697C8B-60FD-4EE7-8560-37C4BD58580A}.Debug-Unchecked|x64.ActiveCfg = Debug|Any CPU
		{64697C8B-60FD-4EE7-8560-37C4BD58580A}.Debug-Unchecked|x64.Build.0 = Debug|Any CPU
		{64697C8B-60FD-4EE7-8560-37C4BD58580A}.Debug-Unchecked|x86.ActiveCfg = Debug|Any CPU
		{64697C8B-60FD-4EE7-8560-37C4BD58580A}.Debug-Unchecked|x86.Build.0 = Debug|Any CPU
		{64697C8B-60FD-4EE7-8560-37C4BD58580A}.Release|Any CPU.ActiveCfg = Release|Any CPU
		{64697C8B-60FD-4EE7-8560-37C4BD58580A}.Release|Any CPU.Build.0 = Release|Any CPU
		{64697C8B-60FD-4EE7-8560-37C4BD58580A}.Release|ARM.ActiveCfg = Release|Any CPU
		{64697C8B-60FD-4EE7-8560-37C4BD58580A}.Release|ARM.Build.0 = Release|Any CPU
		{64697C8B-60FD-4EE7-8560-37C4BD58580A}.Release|x64.ActiveCfg = Release|Any CPU
		{64697C8B-60FD-4EE7-8560-37C4BD58580A}.Release|x64.Build.0 = Release|Any CPU
		{64697C8B-60FD-4EE7-8560-37C4BD58580A}.Release|x86.ActiveCfg = Release|Any CPU
		{64697C8B-60FD-4EE7-8560-37C4BD58580A}.Release|x86.Build.0 = Release|Any CPU
	EndGlobalSection
	GlobalSection(SolutionProperties) = preSolution
		HideSolutionNode = FALSE
	EndGlobalSection
	GlobalSection(NestedProjects) = preSolution
		{2C523692-A40B-4A7E-A95A-FBE373F263F7} = {6FB40F3D-E4CC-4E11-952C-BBD437AD2BF8}
		{62634749-A18D-4882-917E-FB6E8B6EE3D1} = {6FB40F3D-E4CC-4E11-952C-BBD437AD2BF8}
		{42D213CA-8584-4B1B-8928-A54C5D937E86} = {45AB3491-1D3C-472B-A4DA-3D9E70E3210A}
		{4AFDE645-5868-4C91-BCE3-D09F69958AE8} = {05542BBF-0A44-4F28-A504-640F319CC546}
		{5D3159AD-141C-4853-9ECC-A1FD603BD8C4} = {05542BBF-0A44-4F28-A504-640F319CC546}
		{268686C1-5787-42EC-82EF-AC52C23075AE} = {05542BBF-0A44-4F28-A504-640F319CC546}
		{A0504A3A-92DB-4EE2-8738-4ED2E3D94BE7} = {05542BBF-0A44-4F28-A504-640F319CC546}
		{E92091C6-46F6-423E-B5CE-7DDCD2840CCE} = {D6583546-CE70-4444-AA54-0AD7AD0026C9}
		{60649569-197C-4E0F-95F4-F87CFF73A610} = {D6583546-CE70-4444-AA54-0AD7AD0026C9}
		{FD09730B-90E3-491B-AFA8-0D17AE6C841D} = {9DF4F809-0286-45B9-A736-813F8039ECEA}
		{98F3B971-7741-43F0-9BE8-2A53F2A4F611} = {9DF4F809-0286-45B9-A736-813F8039ECEA}
		{2E3DF5C2-8A38-4A03-86D7-8D463C917E47} = {05542BBF-0A44-4F28-A504-640F319CC546}
		{FC1C5D74-093D-4153-BEC2-A82EFD21655D} = {9DF4F809-0286-45B9-A736-813F8039ECEA}
		{0CC8DA81-E4DC-4654-B5F8-F5AFB2EE7C2D} = {D6583546-CE70-4444-AA54-0AD7AD0026C9}
		{29250DD0-9A8E-49E9-BF19-5F45C54AC9FB} = {FF22B3D9-3BBA-424F-97DD-6BD456DF15E6}
		{83313725-797D-4C95-AFDF-351F5B84EFC5} = {45CF7435-71AC-4E77-AB49-10F27C9938B7}
		{9360FBC3-C187-41B4-8BFD-C6C385961EEF} = {45CF7435-71AC-4E77-AB49-10F27C9938B7}
		{A1B8E8E3-9FDA-4063-A77F-1F0DDA4897AE} = {C72D386E-9285-4FB4-BB8E-380F7DA3CF6B}
		{AFB7ACC5-B080-40D9-981F-0DCC7B0ED0A9} = {C72D386E-9285-4FB4-BB8E-380F7DA3CF6B}
		{CD08AF85-57FD-42EC-B7DE-4DD2288DE17E} = {05542BBF-0A44-4F28-A504-640F319CC546}
	EndGlobalSection
EndGlobal
