
Microsoft Visual Studio Solution File, Format Version 12.00
# Visual Studio Version 17
VisualStudioVersion = 17.0.32112.339
MinimumVisualStudioVersion = 10.0.40219.1
Project("{9A19103F-16F7-4668-BE54-9A1E7A4F7556}") = "Tortuga.Chain.Core", "Tortuga.Chain.Core\Tortuga.Chain.Core.csproj", "{DFDB3542-413A-43C5-91B4-B572519AC43E}"
EndProject
Project("{9A19103F-16F7-4668-BE54-9A1E7A4F7556}") = "Tortuga.Chain.Core.Tests", "Tortuga.Chain.Core.Tests\Tortuga.Chain.Core.Tests.csproj", "{7A2C92B3-88AB-46F1-9EA7-D5A9AF3B6879}"
EndProject
Project("{9A19103F-16F7-4668-BE54-9A1E7A4F7556}") = "Tortuga.Chain.Core.OleDb", "Tortuga.Chain.Core.OleDb\Tortuga.Chain.Core.OleDb.csproj", "{4B554CE3-D78C-41AE-877F-73AB65FFF986}"
EndProject
Project("{9A19103F-16F7-4668-BE54-9A1E7A4F7556}") = "Tortuga.Chain.Core.Odbc", "Tortuga.Chain.Core.Odbc\Tortuga.Chain.Core.Odbc.csproj", "{C589F7B8-8E15-4B57-B09B-A2ECC4D2717C}"
EndProject
Project("{9A19103F-16F7-4668-BE54-9A1E7A4F7556}") = "Tortuga.Chain.SqlServer", "Tortuga.Chain.SqlServer\Tortuga.Chain.SqlServer.csproj", "{91F2FECE-35DC-48A9-9C38-885BE1B10074}"
EndProject
Project("{9A19103F-16F7-4668-BE54-9A1E7A4F7556}") = "Tortuga.Chain.SqlServer.MDS", "Tortuga.Chain.SqlServer.MDS\Tortuga.Chain.SqlServer.MDS.csproj", "{D0ADCBDB-FE87-4BBA-B79F-359DDFD38AE0}"
EndProject
Project("{9A19103F-16F7-4668-BE54-9A1E7A4F7556}") = "Tortuga.Chain.SqlServer.OleDb", "Tortuga.Chain.SqlServer.OleDb\Tortuga.Chain.SqlServer.OleDb.csproj", "{E83D502B-58A8-4831-8A69-B614AE181686}"
EndProject
Project("{00D1A9C2-B5F0-4AF3-8072-F6C62B433612}") = "SqlServerTestDatabase", "SqlServerTestDatabase\SqlServerTestDatabase.sqlproj", "{4AFDE645-5868-4C91-BCE3-D09F69958AE8}"
EndProject
Project("{9A19103F-16F7-4668-BE54-9A1E7A4F7556}") = "Tortuga.Chain.SqlServer.Tests", "Tortuga.Chain.SqlServer.Tests\Tortuga.Chain.SqlServer.Tests.csproj", "{CA7930A7-0685-47B5-AEAA-8697292BC06D}"
EndProject
Project("{9A19103F-16F7-4668-BE54-9A1E7A4F7556}") = "Tortuga.Chain.SqlServer.MDS.Tests", "Tortuga.Chain.SqlServer.MDS.Tests\Tortuga.Chain.SqlServer.MDS.Tests.csproj", "{35875FC4-C3CC-45C3-A05F-9FF029ACC201}"
EndProject
Project("{9A19103F-16F7-4668-BE54-9A1E7A4F7556}") = "Tortuga.Chain.SqlServer.OleDb.Tests", "Tortuga.Chain.SqlServer.OleDb.Tests\Tortuga.Chain.SqlServer.OleDb.Tests.csproj", "{DCD4E5FA-1D56-42AE-89B2-5CB9AC79CEE0}"
EndProject
Project("{9A19103F-16F7-4668-BE54-9A1E7A4F7556}") = "Tortuga.Chain.Access", "Tortuga.Chain.Access\Tortuga.Chain.Access.csproj", "{1854D9DD-4731-4947-B149-BAACDAE66A33}"
EndProject
Project("{9A19103F-16F7-4668-BE54-9A1E7A4F7556}") = "Tortuga.Chain.Access.Tests", "Tortuga.Chain.Access.Tests\Tortuga.Chain.Access.Tests.csproj", "{535DC5B1-3E48-4FEF-A837-DB4A7E4D9836}"
EndProject
Project("{9A19103F-16F7-4668-BE54-9A1E7A4F7556}") = "Tortuga.Chain.MySql", "Tortuga.Chain.MySql\Tortuga.Chain.MySql.csproj", "{662417C5-DA9B-43E4-90AD-88564D11DB54}"
EndProject
Project("{9A19103F-16F7-4668-BE54-9A1E7A4F7556}") = "Tortuga.Chain.MySql.Tests", "Tortuga.Chain.MySql.Tests\Tortuga.Chain.MySql.Tests.csproj", "{532646B7-9DD6-4698-803E-83A7C28B2CB6}"
EndProject
Project("{2150E333-8FDC-42A3-9474-1A3956D46DE8}") = "Solution Items", "Solution Items", "{CD6AE0DA-EBF3-42EB-BC4B-D7370CCC8C84}"
	ProjectSection(SolutionItems) = preProject
		.editorconfig = .editorconfig
		Changelog.md = Changelog.md
		Engineering Notes.md = Engineering Notes.md
		Shared\GlobalUsing.cs = Shared\GlobalUsing.cs
		Shared\GlobalUsingForTests.cs = Shared\GlobalUsingForTests.cs
		..\README.md = ..\README.md
	EndProjectSection
EndProject
Project("{9A19103F-16F7-4668-BE54-9A1E7A4F7556}") = "Tortuga.Chain.PostgreSql", "Tortuga.Chain.PostgreSql\Tortuga.Chain.PostgreSql.csproj", "{037AFD5B-F427-4D35-9640-93835A610E2F}"
EndProject
Project("{9A19103F-16F7-4668-BE54-9A1E7A4F7556}") = "Tortuga.Chain.PostgreSql.Tests", "Tortuga.Chain.PostgreSql.Tests\Tortuga.Chain.PostgreSql.Tests.csproj", "{0591EF83-6BBC-4A33-8673-E89A4BBC31A2}"
EndProject
Project("{9A19103F-16F7-4668-BE54-9A1E7A4F7556}") = "Tortuga.Chain.SQLite", "Tortuga.Chain.SQLite\Tortuga.Chain.SQLite.csproj", "{711656CC-BB52-43C0-B44E-3A1B9C68AE93}"
EndProject
Project("{9A19103F-16F7-4668-BE54-9A1E7A4F7556}") = "Tortuga.Chain.SQLite.Tests", "Tortuga.Chain.SQLite.Tests\Tortuga.Chain.SQLite.Tests.csproj", "{586B8D32-223C-4344-8889-2AD0B9D1E6A3}"
EndProject
Project("{9A19103F-16F7-4668-BE54-9A1E7A4F7556}") = "Tortuga.Chain.CompiledMaterializers", "Tortuga.Chain.CompiledMaterializers\Tortuga.Chain.CompiledMaterializers.csproj", "{BE9E7B8E-4517-44A2-8C06-137612F41AF1}"
EndProject
Project("{FAE04EC0-301F-11D3-BF4B-00C04F79EFBC}") = "DocumentationDocNet", "DocumentationDocNet\DocumentationDocNet.csproj", "{64697C8B-60FD-4EE7-8560-37C4BD58580A}"
EndProject
Project("{FAE04EC0-301F-11D3-BF4B-00C04F79EFBC}") = "Tortuga.Chain.PersistentCollections", "Tortuga.Chain.PersistentCollections\Tortuga.Chain.PersistentCollections.csproj", "{AEDA2433-228C-42C2-9DAA-60A595DA72A7}"
EndProject
Global
	GlobalSection(SolutionConfigurationPlatforms) = preSolution
		Debug|Any CPU = Debug|Any CPU
		Release|Any CPU = Release|Any CPU
	EndGlobalSection
	GlobalSection(ProjectConfigurationPlatforms) = postSolution
		{DFDB3542-413A-43C5-91B4-B572519AC43E}.Debug|Any CPU.ActiveCfg = Debug|Any CPU
		{DFDB3542-413A-43C5-91B4-B572519AC43E}.Debug|Any CPU.Build.0 = Debug|Any CPU
		{DFDB3542-413A-43C5-91B4-B572519AC43E}.Release|Any CPU.ActiveCfg = Release|Any CPU
		{DFDB3542-413A-43C5-91B4-B572519AC43E}.Release|Any CPU.Build.0 = Release|Any CPU
		{7A2C92B3-88AB-46F1-9EA7-D5A9AF3B6879}.Debug|Any CPU.ActiveCfg = Debug|Any CPU
		{7A2C92B3-88AB-46F1-9EA7-D5A9AF3B6879}.Debug|Any CPU.Build.0 = Debug|Any CPU
		{7A2C92B3-88AB-46F1-9EA7-D5A9AF3B6879}.Release|Any CPU.ActiveCfg = Release|Any CPU
		{7A2C92B3-88AB-46F1-9EA7-D5A9AF3B6879}.Release|Any CPU.Build.0 = Release|Any CPU
		{4B554CE3-D78C-41AE-877F-73AB65FFF986}.Debug|Any CPU.ActiveCfg = Debug|Any CPU
		{4B554CE3-D78C-41AE-877F-73AB65FFF986}.Debug|Any CPU.Build.0 = Debug|Any CPU
		{4B554CE3-D78C-41AE-877F-73AB65FFF986}.Release|Any CPU.ActiveCfg = Release|Any CPU
		{4B554CE3-D78C-41AE-877F-73AB65FFF986}.Release|Any CPU.Build.0 = Release|Any CPU
		{C589F7B8-8E15-4B57-B09B-A2ECC4D2717C}.Debug|Any CPU.ActiveCfg = Debug|Any CPU
		{C589F7B8-8E15-4B57-B09B-A2ECC4D2717C}.Debug|Any CPU.Build.0 = Debug|Any CPU
		{C589F7B8-8E15-4B57-B09B-A2ECC4D2717C}.Release|Any CPU.ActiveCfg = Release|Any CPU
		{C589F7B8-8E15-4B57-B09B-A2ECC4D2717C}.Release|Any CPU.Build.0 = Release|Any CPU
		{91F2FECE-35DC-48A9-9C38-885BE1B10074}.Debug|Any CPU.ActiveCfg = Debug|Any CPU
		{91F2FECE-35DC-48A9-9C38-885BE1B10074}.Debug|Any CPU.Build.0 = Debug|Any CPU
		{91F2FECE-35DC-48A9-9C38-885BE1B10074}.Release|Any CPU.ActiveCfg = Release|Any CPU
		{91F2FECE-35DC-48A9-9C38-885BE1B10074}.Release|Any CPU.Build.0 = Release|Any CPU
		{D0ADCBDB-FE87-4BBA-B79F-359DDFD38AE0}.Debug|Any CPU.ActiveCfg = Debug|Any CPU
		{D0ADCBDB-FE87-4BBA-B79F-359DDFD38AE0}.Debug|Any CPU.Build.0 = Debug|Any CPU
		{D0ADCBDB-FE87-4BBA-B79F-359DDFD38AE0}.Release|Any CPU.ActiveCfg = Release|Any CPU
		{D0ADCBDB-FE87-4BBA-B79F-359DDFD38AE0}.Release|Any CPU.Build.0 = Release|Any CPU
		{E83D502B-58A8-4831-8A69-B614AE181686}.Debug|Any CPU.ActiveCfg = Debug|Any CPU
		{E83D502B-58A8-4831-8A69-B614AE181686}.Debug|Any CPU.Build.0 = Debug|Any CPU
		{E83D502B-58A8-4831-8A69-B614AE181686}.Release|Any CPU.ActiveCfg = Release|Any CPU
		{E83D502B-58A8-4831-8A69-B614AE181686}.Release|Any CPU.Build.0 = Release|Any CPU
		{4AFDE645-5868-4C91-BCE3-D09F69958AE8}.Debug|Any CPU.ActiveCfg = Debug|Any CPU
		{4AFDE645-5868-4C91-BCE3-D09F69958AE8}.Debug|Any CPU.Build.0 = Debug|Any CPU
		{4AFDE645-5868-4C91-BCE3-D09F69958AE8}.Debug|Any CPU.Deploy.0 = Debug|Any CPU
		{4AFDE645-5868-4C91-BCE3-D09F69958AE8}.Release|Any CPU.ActiveCfg = Release|Any CPU
		{4AFDE645-5868-4C91-BCE3-D09F69958AE8}.Release|Any CPU.Build.0 = Release|Any CPU
		{4AFDE645-5868-4C91-BCE3-D09F69958AE8}.Release|Any CPU.Deploy.0 = Release|Any CPU
		{CA7930A7-0685-47B5-AEAA-8697292BC06D}.Debug|Any CPU.ActiveCfg = Debug|Any CPU
		{CA7930A7-0685-47B5-AEAA-8697292BC06D}.Debug|Any CPU.Build.0 = Debug|Any CPU
		{CA7930A7-0685-47B5-AEAA-8697292BC06D}.Release|Any CPU.ActiveCfg = Release|Any CPU
		{CA7930A7-0685-47B5-AEAA-8697292BC06D}.Release|Any CPU.Build.0 = Release|Any CPU
		{35875FC4-C3CC-45C3-A05F-9FF029ACC201}.Debug|Any CPU.ActiveCfg = Debug|Any CPU
		{35875FC4-C3CC-45C3-A05F-9FF029ACC201}.Debug|Any CPU.Build.0 = Debug|Any CPU
		{35875FC4-C3CC-45C3-A05F-9FF029ACC201}.Release|Any CPU.ActiveCfg = Release|Any CPU
		{35875FC4-C3CC-45C3-A05F-9FF029ACC201}.Release|Any CPU.Build.0 = Release|Any CPU
		{DCD4E5FA-1D56-42AE-89B2-5CB9AC79CEE0}.Debug|Any CPU.ActiveCfg = Debug|Any CPU
		{DCD4E5FA-1D56-42AE-89B2-5CB9AC79CEE0}.Debug|Any CPU.Build.0 = Debug|Any CPU
		{DCD4E5FA-1D56-42AE-89B2-5CB9AC79CEE0}.Release|Any CPU.ActiveCfg = Release|Any CPU
		{DCD4E5FA-1D56-42AE-89B2-5CB9AC79CEE0}.Release|Any CPU.Build.0 = Release|Any CPU
		{1854D9DD-4731-4947-B149-BAACDAE66A33}.Debug|Any CPU.ActiveCfg = Debug|Any CPU
		{1854D9DD-4731-4947-B149-BAACDAE66A33}.Debug|Any CPU.Build.0 = Debug|Any CPU
		{1854D9DD-4731-4947-B149-BAACDAE66A33}.Release|Any CPU.ActiveCfg = Release|Any CPU
		{1854D9DD-4731-4947-B149-BAACDAE66A33}.Release|Any CPU.Build.0 = Release|Any CPU
		{535DC5B1-3E48-4FEF-A837-DB4A7E4D9836}.Debug|Any CPU.ActiveCfg = Debug|x86
		{535DC5B1-3E48-4FEF-A837-DB4A7E4D9836}.Debug|Any CPU.Build.0 = Debug|x86
		{535DC5B1-3E48-4FEF-A837-DB4A7E4D9836}.Release|Any CPU.ActiveCfg = Release|x86
		{535DC5B1-3E48-4FEF-A837-DB4A7E4D9836}.Release|Any CPU.Build.0 = Release|x86
		{662417C5-DA9B-43E4-90AD-88564D11DB54}.Debug|Any CPU.ActiveCfg = Debug|Any CPU
		{662417C5-DA9B-43E4-90AD-88564D11DB54}.Debug|Any CPU.Build.0 = Debug|Any CPU
		{662417C5-DA9B-43E4-90AD-88564D11DB54}.Release|Any CPU.ActiveCfg = Release|Any CPU
		{662417C5-DA9B-43E4-90AD-88564D11DB54}.Release|Any CPU.Build.0 = Release|Any CPU
		{532646B7-9DD6-4698-803E-83A7C28B2CB6}.Debug|Any CPU.ActiveCfg = Debug|Any CPU
		{532646B7-9DD6-4698-803E-83A7C28B2CB6}.Debug|Any CPU.Build.0 = Debug|Any CPU
		{532646B7-9DD6-4698-803E-83A7C28B2CB6}.Release|Any CPU.ActiveCfg = Release|Any CPU
		{532646B7-9DD6-4698-803E-83A7C28B2CB6}.Release|Any CPU.Build.0 = Release|Any CPU
		{037AFD5B-F427-4D35-9640-93835A610E2F}.Debug|Any CPU.ActiveCfg = Debug|Any CPU
		{037AFD5B-F427-4D35-9640-93835A610E2F}.Debug|Any CPU.Build.0 = Debug|Any CPU
		{037AFD5B-F427-4D35-9640-93835A610E2F}.Release|Any CPU.ActiveCfg = Release|Any CPU
		{037AFD5B-F427-4D35-9640-93835A610E2F}.Release|Any CPU.Build.0 = Release|Any CPU
		{0591EF83-6BBC-4A33-8673-E89A4BBC31A2}.Debug|Any CPU.ActiveCfg = Debug|Any CPU
		{0591EF83-6BBC-4A33-8673-E89A4BBC31A2}.Debug|Any CPU.Build.0 = Debug|Any CPU
		{0591EF83-6BBC-4A33-8673-E89A4BBC31A2}.Release|Any CPU.ActiveCfg = Release|Any CPU
		{0591EF83-6BBC-4A33-8673-E89A4BBC31A2}.Release|Any CPU.Build.0 = Release|Any CPU
		{711656CC-BB52-43C0-B44E-3A1B9C68AE93}.Debug|Any CPU.ActiveCfg = Debug|Any CPU
		{711656CC-BB52-43C0-B44E-3A1B9C68AE93}.Debug|Any CPU.Build.0 = Debug|Any CPU
		{711656CC-BB52-43C0-B44E-3A1B9C68AE93}.Release|Any CPU.ActiveCfg = Release|Any CPU
		{711656CC-BB52-43C0-B44E-3A1B9C68AE93}.Release|Any CPU.Build.0 = Release|Any CPU
		{586B8D32-223C-4344-8889-2AD0B9D1E6A3}.Debug|Any CPU.ActiveCfg = Debug|Any CPU
		{586B8D32-223C-4344-8889-2AD0B9D1E6A3}.Debug|Any CPU.Build.0 = Debug|Any CPU
		{586B8D32-223C-4344-8889-2AD0B9D1E6A3}.Release|Any CPU.ActiveCfg = Release|Any CPU
		{586B8D32-223C-4344-8889-2AD0B9D1E6A3}.Release|Any CPU.Build.0 = Release|Any CPU
		{BE9E7B8E-4517-44A2-8C06-137612F41AF1}.Debug|Any CPU.ActiveCfg = Debug|Any CPU
		{BE9E7B8E-4517-44A2-8C06-137612F41AF1}.Debug|Any CPU.Build.0 = Debug|Any CPU
		{BE9E7B8E-4517-44A2-8C06-137612F41AF1}.Release|Any CPU.ActiveCfg = Release|Any CPU
		{BE9E7B8E-4517-44A2-8C06-137612F41AF1}.Release|Any CPU.Build.0 = Release|Any CPU
		{64697C8B-60FD-4EE7-8560-37C4BD58580A}.Debug|Any CPU.ActiveCfg = Debug|Any CPU
		{64697C8B-60FD-4EE7-8560-37C4BD58580A}.Debug|Any CPU.Build.0 = Debug|Any CPU
		{64697C8B-60FD-4EE7-8560-37C4BD58580A}.Release|Any CPU.ActiveCfg = Release|Any CPU
		{64697C8B-60FD-4EE7-8560-37C4BD58580A}.Release|Any CPU.Build.0 = Release|Any CPU
		{AEDA2433-228C-42C2-9DAA-60A595DA72A7}.Debug|Any CPU.ActiveCfg = Debug|Any CPU
		{AEDA2433-228C-42C2-9DAA-60A595DA72A7}.Debug|Any CPU.Build.0 = Debug|Any CPU
		{AEDA2433-228C-42C2-9DAA-60A595DA72A7}.Release|Any CPU.ActiveCfg = Release|Any CPU
		{AEDA2433-228C-42C2-9DAA-60A595DA72A7}.Release|Any CPU.Build.0 = Release|Any CPU
	EndGlobalSection
	GlobalSection(SolutionProperties) = preSolution
		HideSolutionNode = FALSE
	EndGlobalSection
	GlobalSection(ExtensibilityGlobals) = postSolution
		SolutionGuid = {DBE85BC0-3D52-4635-B046-0207C29F979F}
	EndGlobalSection
EndGlobal
