
Microsoft Visual Studio Solution File, Format Version 12.00
# Visual Studio 14
VisualStudioVersion = 14.0.25123.0
MinimumVisualStudioVersion = 10.0.40219.1
Project("{2150E333-8FDC-42A3-9474-1A3956D46DE8}") = "Solution Items", "Solution Items", "{AAE3DA8A-65B5-4A2E-BB48-002C3C8D045B}"
	ProjectSection(SolutionItems) = preProject
		..\.gitignore = ..\.gitignore
		..\README.md = ..\README.md
		Tortuga.Chain.ruleset = Tortuga.Chain.ruleset
	EndProjectSection
EndProject
Project("{2150E333-8FDC-42A3-9474-1A3956D46DE8}") = "SQL Server", "SQL Server", "{05542BBF-0A44-4F28-A504-640F319CC546}"
EndProject
Project("{2150E333-8FDC-42A3-9474-1A3956D46DE8}") = "SQLite", "SQLite", "{D6583546-CE70-4444-AA54-0AD7AD0026C9}"
EndProject
Project("{2150E333-8FDC-42A3-9474-1A3956D46DE8}") = "Core", "Core", "{6FB40F3D-E4CC-4E11-952C-BBD437AD2BF8}"
	ProjectSection(SolutionItems) = preProject
		Tortuga.Chain.Core.msbuild = Tortuga.Chain.Core.msbuild
		Tortuga.Chain.Core.nuspec = Tortuga.Chain.Core.nuspec
	EndProjectSection
EndProject
Project("{2150E333-8FDC-42A3-9474-1A3956D46DE8}") = "PostgreSQL", "PostgreSQL", "{9DF4F809-0286-45B9-A736-813F8039ECEA}"
EndProject
Project("{2150E333-8FDC-42A3-9474-1A3956D46DE8}") = "MySQL", "MySQL", "{DB9BEC77-71BD-47A1-889C-8EF8DDD94D76}"
EndProject
Project("{FAE04EC0-301F-11D3-BF4B-00C04F79EFBC}") = "Documentation", "Documentation\Documentation.csproj", "{C9FBB568-46CE-4587-B2BC-F689887F4A6A}"
EndProject
Project("{FAE04EC0-301F-11D3-BF4B-00C04F79EFBC}") = "Tortuga.Chain.Core.source", "Tortuga.Chain.Core.source\Tortuga.Chain.Core.source.csproj", "{2C523692-A40B-4A7E-A95A-FBE373F263F7}"
EndProject
Project("{FAE04EC0-301F-11D3-BF4B-00C04F79EFBC}") = "Tortuga.Chain.Core.uap10", "Tortuga.Chain.Core.uap10\Tortuga.Chain.Core.uap10.csproj", "{0CE9F498-3B08-4DA4-95F4-BC825EC708CC}"
EndProject
Project("{FAE04EC0-301F-11D3-BF4B-00C04F79EFBC}") = "Tests.Tortuga.Chain.Core.source", "Tests.Tortuga.Chain.Core.source\Tests.Tortuga.Chain.Core.source.csproj", "{62634749-A18D-4882-917E-FB6E8B6EE3D1}"
EndProject
Project("{FAE04EC0-301F-11D3-BF4B-00C04F79EFBC}") = "Tortuga.Chain.CompiledMaterializers.source", "Tortuga.Chain.CompiledMaterializers.source\Tortuga.Chain.CompiledMaterializers.source.csproj", "{42D213CA-8584-4B1B-8928-A54C5D937E86}"
EndProject
Project("{2150E333-8FDC-42A3-9474-1A3956D46DE8}") = "CompiledMaterializers", "CompiledMaterializers", "{45AB3491-1D3C-472B-A4DA-3D9E70E3210A}"
EndProject
Project("{00D1A9C2-B5F0-4AF3-8072-F6C62B433612}") = "SqlServerTestDatabase", "SqlServerTestDatabase\SqlServerTestDatabase.sqlproj", "{4AFDE645-5868-4C91-BCE3-D09F69958AE8}"
EndProject
Project("{FAE04EC0-301F-11D3-BF4B-00C04F79EFBC}") = "Tortuga.Chain.SqlServer.source", "Tortuga.Chain.SqlServer.source\Tortuga.Chain.SqlServer.source.csproj", "{5D3159AD-141C-4853-9ECC-A1FD603BD8C4}"
EndProject
Project("{FAE04EC0-301F-11D3-BF4B-00C04F79EFBC}") = "Tests.Tortuga.Chain.SqlServer.Comparison.source", "Tests.Tortuga.Chain.SqlServer.Comparison.source\Tests.Tortuga.Chain.SqlServer.Comparison.source.csproj", "{268686C1-5787-42EC-82EF-AC52C23075AE}"
EndProject
Project("{FAE04EC0-301F-11D3-BF4B-00C04F79EFBC}") = "Tests.Tortuga.Chain.SqlServer.source", "Tests.Tortuga.Chain.SqlServer.source\Tests.Tortuga.Chain.SqlServer.source.csproj", "{A0504A3A-92DB-4EE2-8738-4ED2E3D94BE7}"
EndProject
Project("{FAE04EC0-301F-11D3-BF4B-00C04F79EFBC}") = "Tortuga.Chain.Core.net45", "Tortuga.Chain.Core.net45\Tortuga.Chain.Core.net45.csproj", "{66AC3B01-4C56-417B-9998-0C68D0488905}"
EndProject
Project("{FAE04EC0-301F-11D3-BF4B-00C04F79EFBC}") = "Tortuga.Chain.Core.net46", "Tortuga.Chain.Core.net46\Tortuga.Chain.Core.net46.csproj", "{FF9BDF11-FF04-4781-A4A6-38BDB0D0FBFD}"
EndProject
Global
	GlobalSection(SolutionConfigurationPlatforms) = preSolution
		Debug|Any CPU = Debug|Any CPU
		Debug|ARM = Debug|ARM
		Debug|x64 = Debug|x64
		Debug|x86 = Debug|x86
		Debug-Unchecked|Any CPU = Debug-Unchecked|Any CPU
		Debug-Unchecked|ARM = Debug-Unchecked|ARM
		Debug-Unchecked|x64 = Debug-Unchecked|x64
		Debug-Unchecked|x86 = Debug-Unchecked|x86
		Release|Any CPU = Release|Any CPU
		Release|ARM = Release|ARM
		Release|x64 = Release|x64
		Release|x86 = Release|x86
	EndGlobalSection
	GlobalSection(ProjectConfigurationPlatforms) = postSolution
		{C9FBB568-46CE-4587-B2BC-F689887F4A6A}.Debug|Any CPU.ActiveCfg = Debug|Any CPU
		{C9FBB568-46CE-4587-B2BC-F689887F4A6A}.Debug|ARM.ActiveCfg = Debug|Any CPU
		{C9FBB568-46CE-4587-B2BC-F689887F4A6A}.Debug|ARM.Build.0 = Debug|Any CPU
		{C9FBB568-46CE-4587-B2BC-F689887F4A6A}.Debug|x64.ActiveCfg = Debug|Any CPU
		{C9FBB568-46CE-4587-B2BC-F689887F4A6A}.Debug|x64.Build.0 = Debug|Any CPU
		{C9FBB568-46CE-4587-B2BC-F689887F4A6A}.Debug|x86.ActiveCfg = Debug|Any CPU
		{C9FBB568-46CE-4587-B2BC-F689887F4A6A}.Debug|x86.Build.0 = Debug|Any CPU
		{C9FBB568-46CE-4587-B2BC-F689887F4A6A}.Debug-Unchecked|Any CPU.ActiveCfg = Debug|Any CPU
		{C9FBB568-46CE-4587-B2BC-F689887F4A6A}.Debug-Unchecked|ARM.ActiveCfg = Debug|Any CPU
		{C9FBB568-46CE-4587-B2BC-F689887F4A6A}.Debug-Unchecked|ARM.Build.0 = Debug|Any CPU
		{C9FBB568-46CE-4587-B2BC-F689887F4A6A}.Debug-Unchecked|x64.ActiveCfg = Debug|Any CPU
		{C9FBB568-46CE-4587-B2BC-F689887F4A6A}.Debug-Unchecked|x64.Build.0 = Debug|Any CPU
		{C9FBB568-46CE-4587-B2BC-F689887F4A6A}.Debug-Unchecked|x86.ActiveCfg = Debug|Any CPU
		{C9FBB568-46CE-4587-B2BC-F689887F4A6A}.Debug-Unchecked|x86.Build.0 = Debug|Any CPU
		{C9FBB568-46CE-4587-B2BC-F689887F4A6A}.Release|Any CPU.ActiveCfg = Release|Any CPU
		{C9FBB568-46CE-4587-B2BC-F689887F4A6A}.Release|Any CPU.Build.0 = Release|Any CPU
		{C9FBB568-46CE-4587-B2BC-F689887F4A6A}.Release|ARM.ActiveCfg = Release|Any CPU
		{C9FBB568-46CE-4587-B2BC-F689887F4A6A}.Release|ARM.Build.0 = Release|Any CPU
		{C9FBB568-46CE-4587-B2BC-F689887F4A6A}.Release|x64.ActiveCfg = Release|Any CPU
		{C9FBB568-46CE-4587-B2BC-F689887F4A6A}.Release|x64.Build.0 = Release|Any CPU
		{C9FBB568-46CE-4587-B2BC-F689887F4A6A}.Release|x86.ActiveCfg = Release|Any CPU
		{C9FBB568-46CE-4587-B2BC-F689887F4A6A}.Release|x86.Build.0 = Release|Any CPU
		{2C523692-A40B-4A7E-A95A-FBE373F263F7}.Debug|Any CPU.ActiveCfg = Debug|Any CPU
		{2C523692-A40B-4A7E-A95A-FBE373F263F7}.Debug|Any CPU.Build.0 = Debug|Any CPU
		{2C523692-A40B-4A7E-A95A-FBE373F263F7}.Debug|ARM.ActiveCfg = Debug|Any CPU
		{2C523692-A40B-4A7E-A95A-FBE373F263F7}.Debug|ARM.Build.0 = Debug|Any CPU
		{2C523692-A40B-4A7E-A95A-FBE373F263F7}.Debug|x64.ActiveCfg = Debug|Any CPU
		{2C523692-A40B-4A7E-A95A-FBE373F263F7}.Debug|x64.Build.0 = Debug|Any CPU
		{2C523692-A40B-4A7E-A95A-FBE373F263F7}.Debug|x86.ActiveCfg = Debug|Any CPU
		{2C523692-A40B-4A7E-A95A-FBE373F263F7}.Debug|x86.Build.0 = Debug|Any CPU
		{2C523692-A40B-4A7E-A95A-FBE373F263F7}.Debug-Unchecked|Any CPU.ActiveCfg = Debug-Unchecked|Any CPU
		{2C523692-A40B-4A7E-A95A-FBE373F263F7}.Debug-Unchecked|Any CPU.Build.0 = Debug-Unchecked|Any CPU
		{2C523692-A40B-4A7E-A95A-FBE373F263F7}.Debug-Unchecked|ARM.ActiveCfg = Debug-Unchecked|Any CPU
		{2C523692-A40B-4A7E-A95A-FBE373F263F7}.Debug-Unchecked|ARM.Build.0 = Debug-Unchecked|Any CPU
		{2C523692-A40B-4A7E-A95A-FBE373F263F7}.Debug-Unchecked|x64.ActiveCfg = Debug-Unchecked|Any CPU
		{2C523692-A40B-4A7E-A95A-FBE373F263F7}.Debug-Unchecked|x64.Build.0 = Debug-Unchecked|Any CPU
		{2C523692-A40B-4A7E-A95A-FBE373F263F7}.Debug-Unchecked|x86.ActiveCfg = Debug-Unchecked|Any CPU
		{2C523692-A40B-4A7E-A95A-FBE373F263F7}.Debug-Unchecked|x86.Build.0 = Debug-Unchecked|Any CPU
		{2C523692-A40B-4A7E-A95A-FBE373F263F7}.Release|Any CPU.ActiveCfg = Release|Any CPU
		{2C523692-A40B-4A7E-A95A-FBE373F263F7}.Release|Any CPU.Build.0 = Release|Any CPU
		{2C523692-A40B-4A7E-A95A-FBE373F263F7}.Release|ARM.ActiveCfg = Release|Any CPU
		{2C523692-A40B-4A7E-A95A-FBE373F263F7}.Release|ARM.Build.0 = Release|Any CPU
		{2C523692-A40B-4A7E-A95A-FBE373F263F7}.Release|x64.ActiveCfg = Release|Any CPU
		{2C523692-A40B-4A7E-A95A-FBE373F263F7}.Release|x64.Build.0 = Release|Any CPU
		{2C523692-A40B-4A7E-A95A-FBE373F263F7}.Release|x86.ActiveCfg = Release|Any CPU
		{2C523692-A40B-4A7E-A95A-FBE373F263F7}.Release|x86.Build.0 = Release|Any CPU
		{0CE9F498-3B08-4DA4-95F4-BC825EC708CC}.Debug|Any CPU.ActiveCfg = Debug|Any CPU
		{0CE9F498-3B08-4DA4-95F4-BC825EC708CC}.Debug|Any CPU.Build.0 = Debug|Any CPU
		{0CE9F498-3B08-4DA4-95F4-BC825EC708CC}.Debug|ARM.ActiveCfg = Debug|ARM
		{0CE9F498-3B08-4DA4-95F4-BC825EC708CC}.Debug|ARM.Build.0 = Debug|ARM
		{0CE9F498-3B08-4DA4-95F4-BC825EC708CC}.Debug|x64.ActiveCfg = Debug|x64
		{0CE9F498-3B08-4DA4-95F4-BC825EC708CC}.Debug|x64.Build.0 = Debug|x64
		{0CE9F498-3B08-4DA4-95F4-BC825EC708CC}.Debug|x86.ActiveCfg = Debug|x86
		{0CE9F498-3B08-4DA4-95F4-BC825EC708CC}.Debug|x86.Build.0 = Debug|x86
		{0CE9F498-3B08-4DA4-95F4-BC825EC708CC}.Debug-Unchecked|Any CPU.ActiveCfg = Debug-Unchecked|Any CPU
		{0CE9F498-3B08-4DA4-95F4-BC825EC708CC}.Debug-Unchecked|Any CPU.Build.0 = Debug-Unchecked|Any CPU
		{0CE9F498-3B08-4DA4-95F4-BC825EC708CC}.Debug-Unchecked|ARM.ActiveCfg = Debug-Unchecked|ARM
		{0CE9F498-3B08-4DA4-95F4-BC825EC708CC}.Debug-Unchecked|ARM.Build.0 = Debug-Unchecked|ARM
		{0CE9F498-3B08-4DA4-95F4-BC825EC708CC}.Debug-Unchecked|x64.ActiveCfg = Debug-Unchecked|x64
		{0CE9F498-3B08-4DA4-95F4-BC825EC708CC}.Debug-Unchecked|x64.Build.0 = Debug-Unchecked|x64
		{0CE9F498-3B08-4DA4-95F4-BC825EC708CC}.Debug-Unchecked|x86.ActiveCfg = Debug-Unchecked|x86
		{0CE9F498-3B08-4DA4-95F4-BC825EC708CC}.Debug-Unchecked|x86.Build.0 = Debug-Unchecked|x86
		{0CE9F498-3B08-4DA4-95F4-BC825EC708CC}.Release|Any CPU.ActiveCfg = Release|Any CPU
		{0CE9F498-3B08-4DA4-95F4-BC825EC708CC}.Release|Any CPU.Build.0 = Release|Any CPU
		{0CE9F498-3B08-4DA4-95F4-BC825EC708CC}.Release|ARM.ActiveCfg = Release|ARM
		{0CE9F498-3B08-4DA4-95F4-BC825EC708CC}.Release|ARM.Build.0 = Release|ARM
		{0CE9F498-3B08-4DA4-95F4-BC825EC708CC}.Release|x64.ActiveCfg = Release|x64
		{0CE9F498-3B08-4DA4-95F4-BC825EC708CC}.Release|x64.Build.0 = Release|x64
		{0CE9F498-3B08-4DA4-95F4-BC825EC708CC}.Release|x86.ActiveCfg = Release|x86
		{0CE9F498-3B08-4DA4-95F4-BC825EC708CC}.Release|x86.Build.0 = Release|x86
		{62634749-A18D-4882-917E-FB6E8B6EE3D1}.Debug|Any CPU.ActiveCfg = Debug|Any CPU
		{62634749-A18D-4882-917E-FB6E8B6EE3D1}.Debug|Any CPU.Build.0 = Debug|Any CPU
		{62634749-A18D-4882-917E-FB6E8B6EE3D1}.Debug|ARM.ActiveCfg = Debug|Any CPU
		{62634749-A18D-4882-917E-FB6E8B6EE3D1}.Debug|ARM.Build.0 = Debug|Any CPU
		{62634749-A18D-4882-917E-FB6E8B6EE3D1}.Debug|x64.ActiveCfg = Debug|Any CPU
		{62634749-A18D-4882-917E-FB6E8B6EE3D1}.Debug|x64.Build.0 = Debug|Any CPU
		{62634749-A18D-4882-917E-FB6E8B6EE3D1}.Debug|x86.ActiveCfg = Debug|Any CPU
		{62634749-A18D-4882-917E-FB6E8B6EE3D1}.Debug|x86.Build.0 = Debug|Any CPU
		{62634749-A18D-4882-917E-FB6E8B6EE3D1}.Debug-Unchecked|Any CPU.ActiveCfg = Debug-Unchecked|Any CPU
		{62634749-A18D-4882-917E-FB6E8B6EE3D1}.Debug-Unchecked|Any CPU.Build.0 = Debug-Unchecked|Any CPU
		{62634749-A18D-4882-917E-FB6E8B6EE3D1}.Debug-Unchecked|ARM.ActiveCfg = Debug-Unchecked|Any CPU
		{62634749-A18D-4882-917E-FB6E8B6EE3D1}.Debug-Unchecked|ARM.Build.0 = Debug-Unchecked|Any CPU
		{62634749-A18D-4882-917E-FB6E8B6EE3D1}.Debug-Unchecked|x64.ActiveCfg = Debug-Unchecked|Any CPU
		{62634749-A18D-4882-917E-FB6E8B6EE3D1}.Debug-Unchecked|x64.Build.0 = Debug-Unchecked|Any CPU
		{62634749-A18D-4882-917E-FB6E8B6EE3D1}.Debug-Unchecked|x86.ActiveCfg = Debug-Unchecked|Any CPU
		{62634749-A18D-4882-917E-FB6E8B6EE3D1}.Debug-Unchecked|x86.Build.0 = Debug-Unchecked|Any CPU
		{62634749-A18D-4882-917E-FB6E8B6EE3D1}.Release|Any CPU.ActiveCfg = Release|Any CPU
		{62634749-A18D-4882-917E-FB6E8B6EE3D1}.Release|Any CPU.Build.0 = Release|Any CPU
		{62634749-A18D-4882-917E-FB6E8B6EE3D1}.Release|ARM.ActiveCfg = Release|Any CPU
		{62634749-A18D-4882-917E-FB6E8B6EE3D1}.Release|ARM.Build.0 = Release|Any CPU
		{62634749-A18D-4882-917E-FB6E8B6EE3D1}.Release|x64.ActiveCfg = Release|Any CPU
		{62634749-A18D-4882-917E-FB6E8B6EE3D1}.Release|x64.Build.0 = Release|Any CPU
		{62634749-A18D-4882-917E-FB6E8B6EE3D1}.Release|x86.ActiveCfg = Release|Any CPU
		{62634749-A18D-4882-917E-FB6E8B6EE3D1}.Release|x86.Build.0 = Release|Any CPU
		{42D213CA-8584-4B1B-8928-A54C5D937E86}.Debug|Any CPU.ActiveCfg = Debug|Any CPU
		{42D213CA-8584-4B1B-8928-A54C5D937E86}.Debug|Any CPU.Build.0 = Debug|Any CPU
		{42D213CA-8584-4B1B-8928-A54C5D937E86}.Debug|ARM.ActiveCfg = Debug|Any CPU
		{42D213CA-8584-4B1B-8928-A54C5D937E86}.Debug|ARM.Build.0 = Debug|Any CPU
		{42D213CA-8584-4B1B-8928-A54C5D937E86}.Debug|x64.ActiveCfg = Debug|Any CPU
		{42D213CA-8584-4B1B-8928-A54C5D937E86}.Debug|x64.Build.0 = Debug|Any CPU
		{42D213CA-8584-4B1B-8928-A54C5D937E86}.Debug|x86.ActiveCfg = Debug|Any CPU
		{42D213CA-8584-4B1B-8928-A54C5D937E86}.Debug|x86.Build.0 = Debug|Any CPU
		{42D213CA-8584-4B1B-8928-A54C5D937E86}.Debug-Unchecked|Any CPU.ActiveCfg = Debug-Unchecked|Any CPU
		{42D213CA-8584-4B1B-8928-A54C5D937E86}.Debug-Unchecked|Any CPU.Build.0 = Debug-Unchecked|Any CPU
		{42D213CA-8584-4B1B-8928-A54C5D937E86}.Debug-Unchecked|ARM.ActiveCfg = Debug-Unchecked|Any CPU
		{42D213CA-8584-4B1B-8928-A54C5D937E86}.Debug-Unchecked|ARM.Build.0 = Debug-Unchecked|Any CPU
		{42D213CA-8584-4B1B-8928-A54C5D937E86}.Debug-Unchecked|x64.ActiveCfg = Debug-Unchecked|Any CPU
		{42D213CA-8584-4B1B-8928-A54C5D937E86}.Debug-Unchecked|x64.Build.0 = Debug-Unchecked|Any CPU
		{42D213CA-8584-4B1B-8928-A54C5D937E86}.Debug-Unchecked|x86.ActiveCfg = Debug-Unchecked|Any CPU
		{42D213CA-8584-4B1B-8928-A54C5D937E86}.Debug-Unchecked|x86.Build.0 = Debug-Unchecked|Any CPU
		{42D213CA-8584-4B1B-8928-A54C5D937E86}.Release|Any CPU.ActiveCfg = Release|Any CPU
		{42D213CA-8584-4B1B-8928-A54C5D937E86}.Release|Any CPU.Build.0 = Release|Any CPU
		{42D213CA-8584-4B1B-8928-A54C5D937E86}.Release|ARM.ActiveCfg = Release|Any CPU
		{42D213CA-8584-4B1B-8928-A54C5D937E86}.Release|ARM.Build.0 = Release|Any CPU
		{42D213CA-8584-4B1B-8928-A54C5D937E86}.Release|x64.ActiveCfg = Release|Any CPU
		{42D213CA-8584-4B1B-8928-A54C5D937E86}.Release|x64.Build.0 = Release|Any CPU
		{42D213CA-8584-4B1B-8928-A54C5D937E86}.Release|x86.ActiveCfg = Release|Any CPU
		{42D213CA-8584-4B1B-8928-A54C5D937E86}.Release|x86.Build.0 = Release|Any CPU
		{4AFDE645-5868-4C91-BCE3-D09F69958AE8}.Debug|Any CPU.ActiveCfg = Debug|Any CPU
		{4AFDE645-5868-4C91-BCE3-D09F69958AE8}.Debug|Any CPU.Build.0 = Debug|Any CPU
		{4AFDE645-5868-4C91-BCE3-D09F69958AE8}.Debug|Any CPU.Deploy.0 = Debug|Any CPU
		{4AFDE645-5868-4C91-BCE3-D09F69958AE8}.Debug|ARM.ActiveCfg = Debug|Any CPU
		{4AFDE645-5868-4C91-BCE3-D09F69958AE8}.Debug|ARM.Build.0 = Debug|Any CPU
		{4AFDE645-5868-4C91-BCE3-D09F69958AE8}.Debug|ARM.Deploy.0 = Debug|Any CPU
		{4AFDE645-5868-4C91-BCE3-D09F69958AE8}.Debug|x64.ActiveCfg = Debug|Any CPU
		{4AFDE645-5868-4C91-BCE3-D09F69958AE8}.Debug|x64.Build.0 = Debug|Any CPU
		{4AFDE645-5868-4C91-BCE3-D09F69958AE8}.Debug|x64.Deploy.0 = Debug|Any CPU
		{4AFDE645-5868-4C91-BCE3-D09F69958AE8}.Debug|x86.ActiveCfg = Debug|Any CPU
		{4AFDE645-5868-4C91-BCE3-D09F69958AE8}.Debug|x86.Build.0 = Debug|Any CPU
		{4AFDE645-5868-4C91-BCE3-D09F69958AE8}.Debug|x86.Deploy.0 = Debug|Any CPU
		{4AFDE645-5868-4C91-BCE3-D09F69958AE8}.Debug-Unchecked|Any CPU.ActiveCfg = Debug-Unchecked|Any CPU
		{4AFDE645-5868-4C91-BCE3-D09F69958AE8}.Debug-Unchecked|Any CPU.Build.0 = Debug-Unchecked|Any CPU
		{4AFDE645-5868-4C91-BCE3-D09F69958AE8}.Debug-Unchecked|Any CPU.Deploy.0 = Debug-Unchecked|Any CPU
		{4AFDE645-5868-4C91-BCE3-D09F69958AE8}.Debug-Unchecked|ARM.ActiveCfg = Debug-Unchecked|Any CPU
		{4AFDE645-5868-4C91-BCE3-D09F69958AE8}.Debug-Unchecked|ARM.Build.0 = Debug-Unchecked|Any CPU
		{4AFDE645-5868-4C91-BCE3-D09F69958AE8}.Debug-Unchecked|ARM.Deploy.0 = Debug-Unchecked|Any CPU
		{4AFDE645-5868-4C91-BCE3-D09F69958AE8}.Debug-Unchecked|x64.ActiveCfg = Debug-Unchecked|Any CPU
		{4AFDE645-5868-4C91-BCE3-D09F69958AE8}.Debug-Unchecked|x64.Build.0 = Debug-Unchecked|Any CPU
		{4AFDE645-5868-4C91-BCE3-D09F69958AE8}.Debug-Unchecked|x64.Deploy.0 = Debug-Unchecked|Any CPU
		{4AFDE645-5868-4C91-BCE3-D09F69958AE8}.Debug-Unchecked|x86.ActiveCfg = Debug-Unchecked|Any CPU
		{4AFDE645-5868-4C91-BCE3-D09F69958AE8}.Debug-Unchecked|x86.Build.0 = Debug-Unchecked|Any CPU
		{4AFDE645-5868-4C91-BCE3-D09F69958AE8}.Debug-Unchecked|x86.Deploy.0 = Debug-Unchecked|Any CPU
		{4AFDE645-5868-4C91-BCE3-D09F69958AE8}.Release|Any CPU.ActiveCfg = Release|Any CPU
		{4AFDE645-5868-4C91-BCE3-D09F69958AE8}.Release|Any CPU.Build.0 = Release|Any CPU
		{4AFDE645-5868-4C91-BCE3-D09F69958AE8}.Release|Any CPU.Deploy.0 = Release|Any CPU
		{4AFDE645-5868-4C91-BCE3-D09F69958AE8}.Release|ARM.ActiveCfg = Release|Any CPU
		{4AFDE645-5868-4C91-BCE3-D09F69958AE8}.Release|ARM.Build.0 = Release|Any CPU
		{4AFDE645-5868-4C91-BCE3-D09F69958AE8}.Release|ARM.Deploy.0 = Release|Any CPU
		{4AFDE645-5868-4C91-BCE3-D09F69958AE8}.Release|x64.ActiveCfg = Release|Any CPU
		{4AFDE645-5868-4C91-BCE3-D09F69958AE8}.Release|x64.Build.0 = Release|Any CPU
		{4AFDE645-5868-4C91-BCE3-D09F69958AE8}.Release|x64.Deploy.0 = Release|Any CPU
		{4AFDE645-5868-4C91-BCE3-D09F69958AE8}.Release|x86.ActiveCfg = Release|Any CPU
		{4AFDE645-5868-4C91-BCE3-D09F69958AE8}.Release|x86.Build.0 = Release|Any CPU
		{4AFDE645-5868-4C91-BCE3-D09F69958AE8}.Release|x86.Deploy.0 = Release|Any CPU
		{5D3159AD-141C-4853-9ECC-A1FD603BD8C4}.Debug|Any CPU.ActiveCfg = Debug|Any CPU
		{5D3159AD-141C-4853-9ECC-A1FD603BD8C4}.Debug|Any CPU.Build.0 = Debug|Any CPU
		{5D3159AD-141C-4853-9ECC-A1FD603BD8C4}.Debug|ARM.ActiveCfg = Debug|Any CPU
		{5D3159AD-141C-4853-9ECC-A1FD603BD8C4}.Debug|ARM.Build.0 = Debug|Any CPU
		{5D3159AD-141C-4853-9ECC-A1FD603BD8C4}.Debug|x64.ActiveCfg = Debug|Any CPU
		{5D3159AD-141C-4853-9ECC-A1FD603BD8C4}.Debug|x64.Build.0 = Debug|Any CPU
		{5D3159AD-141C-4853-9ECC-A1FD603BD8C4}.Debug|x86.ActiveCfg = Debug|Any CPU
		{5D3159AD-141C-4853-9ECC-A1FD603BD8C4}.Debug|x86.Build.0 = Debug|Any CPU
		{5D3159AD-141C-4853-9ECC-A1FD603BD8C4}.Debug-Unchecked|Any CPU.ActiveCfg = Debug-Unchecked|Any CPU
		{5D3159AD-141C-4853-9ECC-A1FD603BD8C4}.Debug-Unchecked|Any CPU.Build.0 = Debug-Unchecked|Any CPU
		{5D3159AD-141C-4853-9ECC-A1FD603BD8C4}.Debug-Unchecked|ARM.ActiveCfg = Debug-Unchecked|Any CPU
		{5D3159AD-141C-4853-9ECC-A1FD603BD8C4}.Debug-Unchecked|ARM.Build.0 = Debug-Unchecked|Any CPU
		{5D3159AD-141C-4853-9ECC-A1FD603BD8C4}.Debug-Unchecked|x64.ActiveCfg = Debug-Unchecked|Any CPU
		{5D3159AD-141C-4853-9ECC-A1FD603BD8C4}.Debug-Unchecked|x64.Build.0 = Debug-Unchecked|Any CPU
		{5D3159AD-141C-4853-9ECC-A1FD603BD8C4}.Debug-Unchecked|x86.ActiveCfg = Debug-Unchecked|Any CPU
		{5D3159AD-141C-4853-9ECC-A1FD603BD8C4}.Debug-Unchecked|x86.Build.0 = Debug-Unchecked|Any CPU
		{5D3159AD-141C-4853-9ECC-A1FD603BD8C4}.Release|Any CPU.ActiveCfg = Release|Any CPU
		{5D3159AD-141C-4853-9ECC-A1FD603BD8C4}.Release|Any CPU.Build.0 = Release|Any CPU
		{5D3159AD-141C-4853-9ECC-A1FD603BD8C4}.Release|ARM.ActiveCfg = Release|Any CPU
		{5D3159AD-141C-4853-9ECC-A1FD603BD8C4}.Release|ARM.Build.0 = Release|Any CPU
		{5D3159AD-141C-4853-9ECC-A1FD603BD8C4}.Release|x64.ActiveCfg = Release|Any CPU
		{5D3159AD-141C-4853-9ECC-A1FD603BD8C4}.Release|x64.Build.0 = Release|Any CPU
		{5D3159AD-141C-4853-9ECC-A1FD603BD8C4}.Release|x86.ActiveCfg = Release|Any CPU
		{5D3159AD-141C-4853-9ECC-A1FD603BD8C4}.Release|x86.Build.0 = Release|Any CPU
		{268686C1-5787-42EC-82EF-AC52C23075AE}.Debug|Any CPU.ActiveCfg = Debug|Any CPU
		{268686C1-5787-42EC-82EF-AC52C23075AE}.Debug|Any CPU.Build.0 = Debug|Any CPU
		{268686C1-5787-42EC-82EF-AC52C23075AE}.Debug|ARM.ActiveCfg = Debug|Any CPU
		{268686C1-5787-42EC-82EF-AC52C23075AE}.Debug|ARM.Build.0 = Debug|Any CPU
		{268686C1-5787-42EC-82EF-AC52C23075AE}.Debug|x64.ActiveCfg = Debug|Any CPU
		{268686C1-5787-42EC-82EF-AC52C23075AE}.Debug|x64.Build.0 = Debug|Any CPU
		{268686C1-5787-42EC-82EF-AC52C23075AE}.Debug|x86.ActiveCfg = Debug|Any CPU
		{268686C1-5787-42EC-82EF-AC52C23075AE}.Debug|x86.Build.0 = Debug|Any CPU
		{268686C1-5787-42EC-82EF-AC52C23075AE}.Debug-Unchecked|Any CPU.ActiveCfg = Debug-Unchecked|Any CPU
		{268686C1-5787-42EC-82EF-AC52C23075AE}.Debug-Unchecked|Any CPU.Build.0 = Debug-Unchecked|Any CPU
		{268686C1-5787-42EC-82EF-AC52C23075AE}.Debug-Unchecked|ARM.ActiveCfg = Debug-Unchecked|Any CPU
		{268686C1-5787-42EC-82EF-AC52C23075AE}.Debug-Unchecked|ARM.Build.0 = Debug-Unchecked|Any CPU
		{268686C1-5787-42EC-82EF-AC52C23075AE}.Debug-Unchecked|x64.ActiveCfg = Debug-Unchecked|Any CPU
		{268686C1-5787-42EC-82EF-AC52C23075AE}.Debug-Unchecked|x64.Build.0 = Debug-Unchecked|Any CPU
		{268686C1-5787-42EC-82EF-AC52C23075AE}.Debug-Unchecked|x86.ActiveCfg = Debug-Unchecked|Any CPU
		{268686C1-5787-42EC-82EF-AC52C23075AE}.Debug-Unchecked|x86.Build.0 = Debug-Unchecked|Any CPU
		{268686C1-5787-42EC-82EF-AC52C23075AE}.Release|Any CPU.ActiveCfg = Release|Any CPU
		{268686C1-5787-42EC-82EF-AC52C23075AE}.Release|Any CPU.Build.0 = Release|Any CPU
		{268686C1-5787-42EC-82EF-AC52C23075AE}.Release|ARM.ActiveCfg = Release|Any CPU
		{268686C1-5787-42EC-82EF-AC52C23075AE}.Release|ARM.Build.0 = Release|Any CPU
		{268686C1-5787-42EC-82EF-AC52C23075AE}.Release|x64.ActiveCfg = Release|Any CPU
		{268686C1-5787-42EC-82EF-AC52C23075AE}.Release|x64.Build.0 = Release|Any CPU
		{268686C1-5787-42EC-82EF-AC52C23075AE}.Release|x86.ActiveCfg = Release|Any CPU
		{268686C1-5787-42EC-82EF-AC52C23075AE}.Release|x86.Build.0 = Release|Any CPU
		{A0504A3A-92DB-4EE2-8738-4ED2E3D94BE7}.Debug|Any CPU.ActiveCfg = Debug|Any CPU
		{A0504A3A-92DB-4EE2-8738-4ED2E3D94BE7}.Debug|Any CPU.Build.0 = Debug|Any CPU
		{A0504A3A-92DB-4EE2-8738-4ED2E3D94BE7}.Debug|ARM.ActiveCfg = Debug|Any CPU
		{A0504A3A-92DB-4EE2-8738-4ED2E3D94BE7}.Debug|ARM.Build.0 = Debug|Any CPU
		{A0504A3A-92DB-4EE2-8738-4ED2E3D94BE7}.Debug|x64.ActiveCfg = Debug|Any CPU
		{A0504A3A-92DB-4EE2-8738-4ED2E3D94BE7}.Debug|x64.Build.0 = Debug|Any CPU
		{A0504A3A-92DB-4EE2-8738-4ED2E3D94BE7}.Debug|x86.ActiveCfg = Debug|Any CPU
		{A0504A3A-92DB-4EE2-8738-4ED2E3D94BE7}.Debug|x86.Build.0 = Debug|Any CPU
		{A0504A3A-92DB-4EE2-8738-4ED2E3D94BE7}.Debug-Unchecked|Any CPU.ActiveCfg = Debug-Unchecked|Any CPU
		{A0504A3A-92DB-4EE2-8738-4ED2E3D94BE7}.Debug-Unchecked|Any CPU.Build.0 = Debug-Unchecked|Any CPU
		{A0504A3A-92DB-4EE2-8738-4ED2E3D94BE7}.Debug-Unchecked|ARM.ActiveCfg = Debug-Unchecked|Any CPU
		{A0504A3A-92DB-4EE2-8738-4ED2E3D94BE7}.Debug-Unchecked|ARM.Build.0 = Debug-Unchecked|Any CPU
		{A0504A3A-92DB-4EE2-8738-4ED2E3D94BE7}.Debug-Unchecked|x64.ActiveCfg = Debug-Unchecked|Any CPU
		{A0504A3A-92DB-4EE2-8738-4ED2E3D94BE7}.Debug-Unchecked|x64.Build.0 = Debug-Unchecked|Any CPU
		{A0504A3A-92DB-4EE2-8738-4ED2E3D94BE7}.Debug-Unchecked|x86.ActiveCfg = Debug-Unchecked|Any CPU
		{A0504A3A-92DB-4EE2-8738-4ED2E3D94BE7}.Debug-Unchecked|x86.Build.0 = Debug-Unchecked|Any CPU
		{A0504A3A-92DB-4EE2-8738-4ED2E3D94BE7}.Release|Any CPU.ActiveCfg = Release|Any CPU
		{A0504A3A-92DB-4EE2-8738-4ED2E3D94BE7}.Release|Any CPU.Build.0 = Release|Any CPU
		{A0504A3A-92DB-4EE2-8738-4ED2E3D94BE7}.Release|ARM.ActiveCfg = Release|Any CPU
		{A0504A3A-92DB-4EE2-8738-4ED2E3D94BE7}.Release|ARM.Build.0 = Release|Any CPU
		{A0504A3A-92DB-4EE2-8738-4ED2E3D94BE7}.Release|x64.ActiveCfg = Release|Any CPU
		{A0504A3A-92DB-4EE2-8738-4ED2E3D94BE7}.Release|x64.Build.0 = Release|Any CPU
		{A0504A3A-92DB-4EE2-8738-4ED2E3D94BE7}.Release|x86.ActiveCfg = Release|Any CPU
		{A0504A3A-92DB-4EE2-8738-4ED2E3D94BE7}.Release|x86.Build.0 = Release|Any CPU
		{66AC3B01-4C56-417B-9998-0C68D0488905}.Debug|Any CPU.ActiveCfg = Debug|Any CPU
		{66AC3B01-4C56-417B-9998-0C68D0488905}.Debug|Any CPU.Build.0 = Debug|Any CPU
		{66AC3B01-4C56-417B-9998-0C68D0488905}.Debug|ARM.ActiveCfg = Debug|Any CPU
		{66AC3B01-4C56-417B-9998-0C68D0488905}.Debug|ARM.Build.0 = Debug|Any CPU
		{66AC3B01-4C56-417B-9998-0C68D0488905}.Debug|x64.ActiveCfg = Debug|Any CPU
		{66AC3B01-4C56-417B-9998-0C68D0488905}.Debug|x64.Build.0 = Debug|Any CPU
		{66AC3B01-4C56-417B-9998-0C68D0488905}.Debug|x86.ActiveCfg = Debug|Any CPU
		{66AC3B01-4C56-417B-9998-0C68D0488905}.Debug|x86.Build.0 = Debug|Any CPU
		{66AC3B01-4C56-417B-9998-0C68D0488905}.Debug-Unchecked|Any CPU.ActiveCfg = Debug|Any CPU
		{66AC3B01-4C56-417B-9998-0C68D0488905}.Debug-Unchecked|Any CPU.Build.0 = Debug|Any CPU
		{66AC3B01-4C56-417B-9998-0C68D0488905}.Debug-Unchecked|ARM.ActiveCfg = Debug|Any CPU
		{66AC3B01-4C56-417B-9998-0C68D0488905}.Debug-Unchecked|ARM.Build.0 = Debug|Any CPU
		{66AC3B01-4C56-417B-9998-0C68D0488905}.Debug-Unchecked|x64.ActiveCfg = Debug|Any CPU
		{66AC3B01-4C56-417B-9998-0C68D0488905}.Debug-Unchecked|x64.Build.0 = Debug|Any CPU
		{66AC3B01-4C56-417B-9998-0C68D0488905}.Debug-Unchecked|x86.ActiveCfg = Debug|Any CPU
		{66AC3B01-4C56-417B-9998-0C68D0488905}.Debug-Unchecked|x86.Build.0 = Debug|Any CPU
		{66AC3B01-4C56-417B-9998-0C68D0488905}.Release|Any CPU.ActiveCfg = Release|Any CPU
		{66AC3B01-4C56-417B-9998-0C68D0488905}.Release|Any CPU.Build.0 = Release|Any CPU
		{66AC3B01-4C56-417B-9998-0C68D0488905}.Release|ARM.ActiveCfg = Release|Any CPU
		{66AC3B01-4C56-417B-9998-0C68D0488905}.Release|ARM.Build.0 = Release|Any CPU
		{66AC3B01-4C56-417B-9998-0C68D0488905}.Release|x64.ActiveCfg = Release|Any CPU
		{66AC3B01-4C56-417B-9998-0C68D0488905}.Release|x64.Build.0 = Release|Any CPU
		{66AC3B01-4C56-417B-9998-0C68D0488905}.Release|x86.ActiveCfg = Release|Any CPU
		{66AC3B01-4C56-417B-9998-0C68D0488905}.Release|x86.Build.0 = Release|Any CPU
		{FF9BDF11-FF04-4781-A4A6-38BDB0D0FBFD}.Debug|Any CPU.ActiveCfg = Debug|Any CPU
		{FF9BDF11-FF04-4781-A4A6-38BDB0D0FBFD}.Debug|Any CPU.Build.0 = Debug|Any CPU
		{FF9BDF11-FF04-4781-A4A6-38BDB0D0FBFD}.Debug|ARM.ActiveCfg = Debug|Any CPU
		{FF9BDF11-FF04-4781-A4A6-38BDB0D0FBFD}.Debug|ARM.Build.0 = Debug|Any CPU
		{FF9BDF11-FF04-4781-A4A6-38BDB0D0FBFD}.Debug|x64.ActiveCfg = Debug|Any CPU
		{FF9BDF11-FF04-4781-A4A6-38BDB0D0FBFD}.Debug|x64.Build.0 = Debug|Any CPU
		{FF9BDF11-FF04-4781-A4A6-38BDB0D0FBFD}.Debug|x86.ActiveCfg = Debug|Any CPU
		{FF9BDF11-FF04-4781-A4A6-38BDB0D0FBFD}.Debug|x86.Build.0 = Debug|Any CPU
		{FF9BDF11-FF04-4781-A4A6-38BDB0D0FBFD}.Debug-Unchecked|Any CPU.ActiveCfg = Debug|Any CPU
		{FF9BDF11-FF04-4781-A4A6-38BDB0D0FBFD}.Debug-Unchecked|Any CPU.Build.0 = Debug|Any CPU
		{FF9BDF11-FF04-4781-A4A6-38BDB0D0FBFD}.Debug-Unchecked|ARM.ActiveCfg = Debug|Any CPU
		{FF9BDF11-FF04-4781-A4A6-38BDB0D0FBFD}.Debug-Unchecked|ARM.Build.0 = Debug|Any CPU
		{FF9BDF11-FF04-4781-A4A6-38BDB0D0FBFD}.Debug-Unchecked|x64.ActiveCfg = Debug|Any CPU
		{FF9BDF11-FF04-4781-A4A6-38BDB0D0FBFD}.Debug-Unchecked|x64.Build.0 = Debug|Any CPU
		{FF9BDF11-FF04-4781-A4A6-38BDB0D0FBFD}.Debug-Unchecked|x86.ActiveCfg = Debug|Any CPU
		{FF9BDF11-FF04-4781-A4A6-38BDB0D0FBFD}.Debug-Unchecked|x86.Build.0 = Debug|Any CPU
		{FF9BDF11-FF04-4781-A4A6-38BDB0D0FBFD}.Release|Any CPU.ActiveCfg = Release|Any CPU
		{FF9BDF11-FF04-4781-A4A6-38BDB0D0FBFD}.Release|Any CPU.Build.0 = Release|Any CPU
		{FF9BDF11-FF04-4781-A4A6-38BDB0D0FBFD}.Release|ARM.ActiveCfg = Release|Any CPU
		{FF9BDF11-FF04-4781-A4A6-38BDB0D0FBFD}.Release|ARM.Build.0 = Release|Any CPU
		{FF9BDF11-FF04-4781-A4A6-38BDB0D0FBFD}.Release|x64.ActiveCfg = Release|Any CPU
		{FF9BDF11-FF04-4781-A4A6-38BDB0D0FBFD}.Release|x64.Build.0 = Release|Any CPU
		{FF9BDF11-FF04-4781-A4A6-38BDB0D0FBFD}.Release|x86.ActiveCfg = Release|Any CPU
		{FF9BDF11-FF04-4781-A4A6-38BDB0D0FBFD}.Release|x86.Build.0 = Release|Any CPU
	EndGlobalSection
	GlobalSection(SolutionProperties) = preSolution
		HideSolutionNode = FALSE
	EndGlobalSection
	GlobalSection(NestedProjects) = preSolution
		{2C523692-A40B-4A7E-A95A-FBE373F263F7} = {6FB40F3D-E4CC-4E11-952C-BBD437AD2BF8}
		{0CE9F498-3B08-4DA4-95F4-BC825EC708CC} = {6FB40F3D-E4CC-4E11-952C-BBD437AD2BF8}
		{62634749-A18D-4882-917E-FB6E8B6EE3D1} = {6FB40F3D-E4CC-4E11-952C-BBD437AD2BF8}
		{42D213CA-8584-4B1B-8928-A54C5D937E86} = {45AB3491-1D3C-472B-A4DA-3D9E70E3210A}
		{4AFDE645-5868-4C91-BCE3-D09F69958AE8} = {05542BBF-0A44-4F28-A504-640F319CC546}
		{5D3159AD-141C-4853-9ECC-A1FD603BD8C4} = {05542BBF-0A44-4F28-A504-640F319CC546}
		{268686C1-5787-42EC-82EF-AC52C23075AE} = {05542BBF-0A44-4F28-A504-640F319CC546}
		{A0504A3A-92DB-4EE2-8738-4ED2E3D94BE7} = {05542BBF-0A44-4F28-A504-640F319CC546}
		{66AC3B01-4C56-417B-9998-0C68D0488905} = {6FB40F3D-E4CC-4E11-952C-BBD437AD2BF8}
		{FF9BDF11-FF04-4781-A4A6-38BDB0D0FBFD} = {6FB40F3D-E4CC-4E11-952C-BBD437AD2BF8}
	EndGlobalSection
EndGlobal
