
Microsoft Visual Studio Solution File, Format Version 12.00
# Visual Studio 15
VisualStudioVersion = 15.0.28307.168
MinimumVisualStudioVersion = 10.0.40219.1
Project("{2150E333-8FDC-42A3-9474-1A3956D46DE8}") = "Solution Items", "Solution Items", "{AAE3DA8A-65B5-4A2E-BB48-002C3C8D045B}"
	ProjectSection(SolutionItems) = preProject
		..\.gitignore = ..\.gitignore
		..\README.md = ..\README.md
		Tortuga.Chain.ruleset = Tortuga.Chain.ruleset
	EndProjectSection
EndProject
Project("{2150E333-8FDC-42A3-9474-1A3956D46DE8}") = "Dependencies", "Dependencies", "{6FB40F3D-E4CC-4E11-952C-BBD437AD2BF8}"
EndProject
Project("{FAE04EC0-301F-11D3-BF4B-00C04F79EFBC}") = "Tests.Tortuga.Chain.Core.source", "Tests.Tortuga.Chain.Core.source\Tests.Tortuga.Chain.Core.source.csproj", "{62634749-A18D-4882-917E-FB6E8B6EE3D1}"
EndProject
Project("{FAE04EC0-301F-11D3-BF4B-00C04F79EFBC}") = "Tortuga.Chain.CompiledMaterializers.source", "Tortuga.Chain.CompiledMaterializers.source\Tortuga.Chain.CompiledMaterializers.source.csproj", "{42D213CA-8584-4B1B-8928-A54C5D937E86}"
EndProject
Project("{2150E333-8FDC-42A3-9474-1A3956D46DE8}") = "CompiledMaterializers", "CompiledMaterializers", "{45AB3491-1D3C-472B-A4DA-3D9E70E3210A}"
	ProjectSection(SolutionItems) = preProject
		Package.Tortuga.Chain.CompiledMaterializers.msbuild = Package.Tortuga.Chain.CompiledMaterializers.msbuild
		Tortuga.Chain.CompiledMaterializers.nuspec = Tortuga.Chain.CompiledMaterializers.nuspec
	EndProjectSection
EndProject
Project("{00D1A9C2-B5F0-4AF3-8072-F6C62B433612}") = "SqlServerTestDatabase", "SqlServerTestDatabase\SqlServerTestDatabase.sqlproj", "{4AFDE645-5868-4C91-BCE3-D09F69958AE8}"
EndProject
Project("{FAE04EC0-301F-11D3-BF4B-00C04F79EFBC}") = "Tortuga.Chain.SqlServer.source", "Tortuga.Chain.SqlServer.source\Tortuga.Chain.SqlServer.source.csproj", "{5D3159AD-141C-4853-9ECC-A1FD603BD8C4}"
EndProject
Project("{FAE04EC0-301F-11D3-BF4B-00C04F79EFBC}") = "Tests.Tortuga.Chain.SqlServer.Comparison.source", "Tests.Tortuga.Chain.SqlServer.Comparison.source\Tests.Tortuga.Chain.SqlServer.Comparison.source.csproj", "{268686C1-5787-42EC-82EF-AC52C23075AE}"
EndProject
Project("{FAE04EC0-301F-11D3-BF4B-00C04F79EFBC}") = "Tests.Tortuga.Chain.SqlServer.source", "Tests.Tortuga.Chain.SqlServer.source\Tests.Tortuga.Chain.SqlServer.source.csproj", "{A0504A3A-92DB-4EE2-8738-4ED2E3D94BE7}"
EndProject
Project("{FAE04EC0-301F-11D3-BF4B-00C04F79EFBC}") = "Tortuga.Chain.CompiledMaterializers.net46", "Tortuga.Chain.CompiledMaterializers.net46\Tortuga.Chain.CompiledMaterializers.net46.csproj", "{49D257F5-365A-446C-83CA-AA29640F9CA5}"
EndProject
Project("{FAE04EC0-301F-11D3-BF4B-00C04F79EFBC}") = "Tortuga.Chain.Core.source", "Tortuga.Chain.Core.source\Tortuga.Chain.Core.source.csproj", "{2C523692-A40B-4A7E-A95A-FBE373F263F7}"
EndProject
Global
	GlobalSection(SolutionConfigurationPlatforms) = preSolution
		Debug|Any CPU = Debug|Any CPU
		Debug|ARM = Debug|ARM
		Debug|x64 = Debug|x64
		Debug|x86 = Debug|x86
		Debug-Unchecked|Any CPU = Debug-Unchecked|Any CPU
		Debug-Unchecked|ARM = Debug-Unchecked|ARM
		Debug-Unchecked|x64 = Debug-Unchecked|x64
		Debug-Unchecked|x86 = Debug-Unchecked|x86
		Release|Any CPU = Release|Any CPU
		Release|ARM = Release|ARM
		Release|x64 = Release|x64
		Release|x86 = Release|x86
	EndGlobalSection
	GlobalSection(ProjectConfigurationPlatforms) = postSolution
		{62634749-A18D-4882-917E-FB6E8B6EE3D1}.Debug|Any CPU.ActiveCfg = Debug|Any CPU
		{62634749-A18D-4882-917E-FB6E8B6EE3D1}.Debug|Any CPU.Build.0 = Debug|Any CPU
		{62634749-A18D-4882-917E-FB6E8B6EE3D1}.Debug|ARM.ActiveCfg = Debug|Any CPU
		{62634749-A18D-4882-917E-FB6E8B6EE3D1}.Debug|ARM.Build.0 = Debug|Any CPU
		{62634749-A18D-4882-917E-FB6E8B6EE3D1}.Debug|x64.ActiveCfg = Debug|Any CPU
		{62634749-A18D-4882-917E-FB6E8B6EE3D1}.Debug|x64.Build.0 = Debug|Any CPU
		{62634749-A18D-4882-917E-FB6E8B6EE3D1}.Debug|x86.ActiveCfg = Debug|Any CPU
		{62634749-A18D-4882-917E-FB6E8B6EE3D1}.Debug|x86.Build.0 = Debug|Any CPU
		{62634749-A18D-4882-917E-FB6E8B6EE3D1}.Debug-Unchecked|Any CPU.ActiveCfg = Debug-Unchecked|Any CPU
		{62634749-A18D-4882-917E-FB6E8B6EE3D1}.Debug-Unchecked|Any CPU.Build.0 = Debug-Unchecked|Any CPU
		{62634749-A18D-4882-917E-FB6E8B6EE3D1}.Debug-Unchecked|ARM.ActiveCfg = Debug-Unchecked|Any CPU
		{62634749-A18D-4882-917E-FB6E8B6EE3D1}.Debug-Unchecked|ARM.Build.0 = Debug-Unchecked|Any CPU
		{62634749-A18D-4882-917E-FB6E8B6EE3D1}.Debug-Unchecked|x64.ActiveCfg = Debug-Unchecked|Any CPU
		{62634749-A18D-4882-917E-FB6E8B6EE3D1}.Debug-Unchecked|x64.Build.0 = Debug-Unchecked|Any CPU
		{62634749-A18D-4882-917E-FB6E8B6EE3D1}.Debug-Unchecked|x86.ActiveCfg = Debug-Unchecked|Any CPU
		{62634749-A18D-4882-917E-FB6E8B6EE3D1}.Debug-Unchecked|x86.Build.0 = Debug-Unchecked|Any CPU
		{62634749-A18D-4882-917E-FB6E8B6EE3D1}.Release|Any CPU.ActiveCfg = Release|Any CPU
		{62634749-A18D-4882-917E-FB6E8B6EE3D1}.Release|Any CPU.Build.0 = Release|Any CPU
		{62634749-A18D-4882-917E-FB6E8B6EE3D1}.Release|ARM.ActiveCfg = Release|Any CPU
		{62634749-A18D-4882-917E-FB6E8B6EE3D1}.Release|ARM.Build.0 = Release|Any CPU
		{62634749-A18D-4882-917E-FB6E8B6EE3D1}.Release|x64.ActiveCfg = Release|Any CPU
		{62634749-A18D-4882-917E-FB6E8B6EE3D1}.Release|x64.Build.0 = Release|Any CPU
		{62634749-A18D-4882-917E-FB6E8B6EE3D1}.Release|x86.ActiveCfg = Release|Any CPU
		{62634749-A18D-4882-917E-FB6E8B6EE3D1}.Release|x86.Build.0 = Release|Any CPU
		{42D213CA-8584-4B1B-8928-A54C5D937E86}.Debug|Any CPU.ActiveCfg = Debug|Any CPU
		{42D213CA-8584-4B1B-8928-A54C5D937E86}.Debug|Any CPU.Build.0 = Debug|Any CPU
		{42D213CA-8584-4B1B-8928-A54C5D937E86}.Debug|ARM.ActiveCfg = Debug|Any CPU
		{42D213CA-8584-4B1B-8928-A54C5D937E86}.Debug|ARM.Build.0 = Debug|Any CPU
		{42D213CA-8584-4B1B-8928-A54C5D937E86}.Debug|x64.ActiveCfg = Debug|Any CPU
		{42D213CA-8584-4B1B-8928-A54C5D937E86}.Debug|x64.Build.0 = Debug|Any CPU
		{42D213CA-8584-4B1B-8928-A54C5D937E86}.Debug|x86.ActiveCfg = Debug|Any CPU
		{42D213CA-8584-4B1B-8928-A54C5D937E86}.Debug|x86.Build.0 = Debug|Any CPU
		{42D213CA-8584-4B1B-8928-A54C5D937E86}.Debug-Unchecked|Any CPU.ActiveCfg = Debug-Unchecked|Any CPU
		{42D213CA-8584-4B1B-8928-A54C5D937E86}.Debug-Unchecked|Any CPU.Build.0 = Debug-Unchecked|Any CPU
		{42D213CA-8584-4B1B-8928-A54C5D937E86}.Debug-Unchecked|ARM.ActiveCfg = Debug-Unchecked|Any CPU
		{42D213CA-8584-4B1B-8928-A54C5D937E86}.Debug-Unchecked|ARM.Build.0 = Debug-Unchecked|Any CPU
		{42D213CA-8584-4B1B-8928-A54C5D937E86}.Debug-Unchecked|x64.ActiveCfg = Debug-Unchecked|Any CPU
		{42D213CA-8584-4B1B-8928-A54C5D937E86}.Debug-Unchecked|x64.Build.0 = Debug-Unchecked|Any CPU
		{42D213CA-8584-4B1B-8928-A54C5D937E86}.Debug-Unchecked|x86.ActiveCfg = Debug-Unchecked|Any CPU
		{42D213CA-8584-4B1B-8928-A54C5D937E86}.Debug-Unchecked|x86.Build.0 = Debug-Unchecked|Any CPU
		{42D213CA-8584-4B1B-8928-A54C5D937E86}.Release|Any CPU.ActiveCfg = Release|Any CPU
		{42D213CA-8584-4B1B-8928-A54C5D937E86}.Release|Any CPU.Build.0 = Release|Any CPU
		{42D213CA-8584-4B1B-8928-A54C5D937E86}.Release|ARM.ActiveCfg = Release|Any CPU
		{42D213CA-8584-4B1B-8928-A54C5D937E86}.Release|ARM.Build.0 = Release|Any CPU
		{42D213CA-8584-4B1B-8928-A54C5D937E86}.Release|x64.ActiveCfg = Release|Any CPU
		{42D213CA-8584-4B1B-8928-A54C5D937E86}.Release|x64.Build.0 = Release|Any CPU
		{42D213CA-8584-4B1B-8928-A54C5D937E86}.Release|x86.ActiveCfg = Release|Any CPU
		{42D213CA-8584-4B1B-8928-A54C5D937E86}.Release|x86.Build.0 = Release|Any CPU
		{4AFDE645-5868-4C91-BCE3-D09F69958AE8}.Debug|Any CPU.ActiveCfg = Debug|Any CPU
		{4AFDE645-5868-4C91-BCE3-D09F69958AE8}.Debug|Any CPU.Build.0 = Debug|Any CPU
		{4AFDE645-5868-4C91-BCE3-D09F69958AE8}.Debug|Any CPU.Deploy.0 = Debug|Any CPU
		{4AFDE645-5868-4C91-BCE3-D09F69958AE8}.Debug|ARM.ActiveCfg = Debug|Any CPU
		{4AFDE645-5868-4C91-BCE3-D09F69958AE8}.Debug|ARM.Build.0 = Debug|Any CPU
		{4AFDE645-5868-4C91-BCE3-D09F69958AE8}.Debug|ARM.Deploy.0 = Debug|Any CPU
		{4AFDE645-5868-4C91-BCE3-D09F69958AE8}.Debug|x64.ActiveCfg = Debug|Any CPU
		{4AFDE645-5868-4C91-BCE3-D09F69958AE8}.Debug|x64.Build.0 = Debug|Any CPU
		{4AFDE645-5868-4C91-BCE3-D09F69958AE8}.Debug|x64.Deploy.0 = Debug|Any CPU
		{4AFDE645-5868-4C91-BCE3-D09F69958AE8}.Debug|x86.ActiveCfg = Debug|Any CPU
		{4AFDE645-5868-4C91-BCE3-D09F69958AE8}.Debug|x86.Build.0 = Debug|Any CPU
		{4AFDE645-5868-4C91-BCE3-D09F69958AE8}.Debug|x86.Deploy.0 = Debug|Any CPU
		{4AFDE645-5868-4C91-BCE3-D09F69958AE8}.Debug-Unchecked|Any CPU.ActiveCfg = Debug-Unchecked|Any CPU
		{4AFDE645-5868-4C91-BCE3-D09F69958AE8}.Debug-Unchecked|Any CPU.Build.0 = Debug-Unchecked|Any CPU
		{4AFDE645-5868-4C91-BCE3-D09F69958AE8}.Debug-Unchecked|Any CPU.Deploy.0 = Debug-Unchecked|Any CPU
		{4AFDE645-5868-4C91-BCE3-D09F69958AE8}.Debug-Unchecked|ARM.ActiveCfg = Debug-Unchecked|Any CPU
		{4AFDE645-5868-4C91-BCE3-D09F69958AE8}.Debug-Unchecked|ARM.Build.0 = Debug-Unchecked|Any CPU
		{4AFDE645-5868-4C91-BCE3-D09F69958AE8}.Debug-Unchecked|ARM.Deploy.0 = Debug-Unchecked|Any CPU
		{4AFDE645-5868-4C91-BCE3-D09F69958AE8}.Debug-Unchecked|x64.ActiveCfg = Debug-Unchecked|Any CPU
		{4AFDE645-5868-4C91-BCE3-D09F69958AE8}.Debug-Unchecked|x64.Build.0 = Debug-Unchecked|Any CPU
		{4AFDE645-5868-4C91-BCE3-D09F69958AE8}.Debug-Unchecked|x64.Deploy.0 = Debug-Unchecked|Any CPU
		{4AFDE645-5868-4C91-BCE3-D09F69958AE8}.Debug-Unchecked|x86.ActiveCfg = Debug-Unchecked|Any CPU
		{4AFDE645-5868-4C91-BCE3-D09F69958AE8}.Debug-Unchecked|x86.Build.0 = Debug-Unchecked|Any CPU
		{4AFDE645-5868-4C91-BCE3-D09F69958AE8}.Debug-Unchecked|x86.Deploy.0 = Debug-Unchecked|Any CPU
		{4AFDE645-5868-4C91-BCE3-D09F69958AE8}.Release|Any CPU.ActiveCfg = Release|Any CPU
		{4AFDE645-5868-4C91-BCE3-D09F69958AE8}.Release|Any CPU.Build.0 = Release|Any CPU
		{4AFDE645-5868-4C91-BCE3-D09F69958AE8}.Release|Any CPU.Deploy.0 = Release|Any CPU
		{4AFDE645-5868-4C91-BCE3-D09F69958AE8}.Release|ARM.ActiveCfg = Release|Any CPU
		{4AFDE645-5868-4C91-BCE3-D09F69958AE8}.Release|ARM.Build.0 = Release|Any CPU
		{4AFDE645-5868-4C91-BCE3-D09F69958AE8}.Release|ARM.Deploy.0 = Release|Any CPU
		{4AFDE645-5868-4C91-BCE3-D09F69958AE8}.Release|x64.ActiveCfg = Release|Any CPU
		{4AFDE645-5868-4C91-BCE3-D09F69958AE8}.Release|x64.Build.0 = Release|Any CPU
		{4AFDE645-5868-4C91-BCE3-D09F69958AE8}.Release|x64.Deploy.0 = Release|Any CPU
		{4AFDE645-5868-4C91-BCE3-D09F69958AE8}.Release|x86.ActiveCfg = Release|Any CPU
		{4AFDE645-5868-4C91-BCE3-D09F69958AE8}.Release|x86.Build.0 = Release|Any CPU
		{4AFDE645-5868-4C91-BCE3-D09F69958AE8}.Release|x86.Deploy.0 = Release|Any CPU
		{5D3159AD-141C-4853-9ECC-A1FD603BD8C4}.Debug|Any CPU.ActiveCfg = Debug|Any CPU
		{5D3159AD-141C-4853-9ECC-A1FD603BD8C4}.Debug|Any CPU.Build.0 = Debug|Any CPU
		{5D3159AD-141C-4853-9ECC-A1FD603BD8C4}.Debug|ARM.ActiveCfg = Debug|Any CPU
		{5D3159AD-141C-4853-9ECC-A1FD603BD8C4}.Debug|ARM.Build.0 = Debug|Any CPU
		{5D3159AD-141C-4853-9ECC-A1FD603BD8C4}.Debug|x64.ActiveCfg = Debug|Any CPU
		{5D3159AD-141C-4853-9ECC-A1FD603BD8C4}.Debug|x64.Build.0 = Debug|Any CPU
		{5D3159AD-141C-4853-9ECC-A1FD603BD8C4}.Debug|x86.ActiveCfg = Debug|Any CPU
		{5D3159AD-141C-4853-9ECC-A1FD603BD8C4}.Debug|x86.Build.0 = Debug|Any CPU
		{5D3159AD-141C-4853-9ECC-A1FD603BD8C4}.Debug-Unchecked|Any CPU.ActiveCfg = Debug-Unchecked|Any CPU
		{5D3159AD-141C-4853-9ECC-A1FD603BD8C4}.Debug-Unchecked|Any CPU.Build.0 = Debug-Unchecked|Any CPU
		{5D3159AD-141C-4853-9ECC-A1FD603BD8C4}.Debug-Unchecked|ARM.ActiveCfg = Debug-Unchecked|Any CPU
		{5D3159AD-141C-4853-9ECC-A1FD603BD8C4}.Debug-Unchecked|ARM.Build.0 = Debug-Unchecked|Any CPU
		{5D3159AD-141C-4853-9ECC-A1FD603BD8C4}.Debug-Unchecked|x64.ActiveCfg = Debug-Unchecked|Any CPU
		{5D3159AD-141C-4853-9ECC-A1FD603BD8C4}.Debug-Unchecked|x64.Build.0 = Debug-Unchecked|Any CPU
		{5D3159AD-141C-4853-9ECC-A1FD603BD8C4}.Debug-Unchecked|x86.ActiveCfg = Debug-Unchecked|Any CPU
		{5D3159AD-141C-4853-9ECC-A1FD603BD8C4}.Debug-Unchecked|x86.Build.0 = Debug-Unchecked|Any CPU
		{5D3159AD-141C-4853-9ECC-A1FD603BD8C4}.Release|Any CPU.ActiveCfg = Release|Any CPU
		{5D3159AD-141C-4853-9ECC-A1FD603BD8C4}.Release|Any CPU.Build.0 = Release|Any CPU
		{5D3159AD-141C-4853-9ECC-A1FD603BD8C4}.Release|ARM.ActiveCfg = Release|Any CPU
		{5D3159AD-141C-4853-9ECC-A1FD603BD8C4}.Release|ARM.Build.0 = Release|Any CPU
		{5D3159AD-141C-4853-9ECC-A1FD603BD8C4}.Release|x64.ActiveCfg = Release|Any CPU
		{5D3159AD-141C-4853-9ECC-A1FD603BD8C4}.Release|x64.Build.0 = Release|Any CPU
		{5D3159AD-141C-4853-9ECC-A1FD603BD8C4}.Release|x86.ActiveCfg = Release|Any CPU
		{5D3159AD-141C-4853-9ECC-A1FD603BD8C4}.Release|x86.Build.0 = Release|Any CPU
		{268686C1-5787-42EC-82EF-AC52C23075AE}.Debug|Any CPU.ActiveCfg = Debug|Any CPU
		{268686C1-5787-42EC-82EF-AC52C23075AE}.Debug|Any CPU.Build.0 = Debug|Any CPU
		{268686C1-5787-42EC-82EF-AC52C23075AE}.Debug|ARM.ActiveCfg = Debug|Any CPU
		{268686C1-5787-42EC-82EF-AC52C23075AE}.Debug|ARM.Build.0 = Debug|Any CPU
		{268686C1-5787-42EC-82EF-AC52C23075AE}.Debug|x64.ActiveCfg = Debug|Any CPU
		{268686C1-5787-42EC-82EF-AC52C23075AE}.Debug|x64.Build.0 = Debug|Any CPU
		{268686C1-5787-42EC-82EF-AC52C23075AE}.Debug|x86.ActiveCfg = Debug|Any CPU
		{268686C1-5787-42EC-82EF-AC52C23075AE}.Debug|x86.Build.0 = Debug|Any CPU
		{268686C1-5787-42EC-82EF-AC52C23075AE}.Debug-Unchecked|Any CPU.ActiveCfg = Debug-Unchecked|Any CPU
		{268686C1-5787-42EC-82EF-AC52C23075AE}.Debug-Unchecked|Any CPU.Build.0 = Debug-Unchecked|Any CPU
		{268686C1-5787-42EC-82EF-AC52C23075AE}.Debug-Unchecked|ARM.ActiveCfg = Debug-Unchecked|Any CPU
		{268686C1-5787-42EC-82EF-AC52C23075AE}.Debug-Unchecked|ARM.Build.0 = Debug-Unchecked|Any CPU
		{268686C1-5787-42EC-82EF-AC52C23075AE}.Debug-Unchecked|x64.ActiveCfg = Debug-Unchecked|Any CPU
		{268686C1-5787-42EC-82EF-AC52C23075AE}.Debug-Unchecked|x64.Build.0 = Debug-Unchecked|Any CPU
		{268686C1-5787-42EC-82EF-AC52C23075AE}.Debug-Unchecked|x86.ActiveCfg = Debug-Unchecked|Any CPU
		{268686C1-5787-42EC-82EF-AC52C23075AE}.Debug-Unchecked|x86.Build.0 = Debug-Unchecked|Any CPU
		{268686C1-5787-42EC-82EF-AC52C23075AE}.Release|Any CPU.ActiveCfg = Release|Any CPU
		{268686C1-5787-42EC-82EF-AC52C23075AE}.Release|Any CPU.Build.0 = Release|Any CPU
		{268686C1-5787-42EC-82EF-AC52C23075AE}.Release|ARM.ActiveCfg = Release|Any CPU
		{268686C1-5787-42EC-82EF-AC52C23075AE}.Release|ARM.Build.0 = Release|Any CPU
		{268686C1-5787-42EC-82EF-AC52C23075AE}.Release|x64.ActiveCfg = Release|Any CPU
		{268686C1-5787-42EC-82EF-AC52C23075AE}.Release|x64.Build.0 = Release|Any CPU
		{268686C1-5787-42EC-82EF-AC52C23075AE}.Release|x86.ActiveCfg = Release|Any CPU
		{268686C1-5787-42EC-82EF-AC52C23075AE}.Release|x86.Build.0 = Release|Any CPU
		{A0504A3A-92DB-4EE2-8738-4ED2E3D94BE7}.Debug|Any CPU.ActiveCfg = Debug|Any CPU
		{A0504A3A-92DB-4EE2-8738-4ED2E3D94BE7}.Debug|Any CPU.Build.0 = Debug|Any CPU
		{A0504A3A-92DB-4EE2-8738-4ED2E3D94BE7}.Debug|ARM.ActiveCfg = Debug|Any CPU
		{A0504A3A-92DB-4EE2-8738-4ED2E3D94BE7}.Debug|ARM.Build.0 = Debug|Any CPU
		{A0504A3A-92DB-4EE2-8738-4ED2E3D94BE7}.Debug|x64.ActiveCfg = Debug|Any CPU
		{A0504A3A-92DB-4EE2-8738-4ED2E3D94BE7}.Debug|x64.Build.0 = Debug|Any CPU
		{A0504A3A-92DB-4EE2-8738-4ED2E3D94BE7}.Debug|x86.ActiveCfg = Debug|Any CPU
		{A0504A3A-92DB-4EE2-8738-4ED2E3D94BE7}.Debug|x86.Build.0 = Debug|Any CPU
		{A0504A3A-92DB-4EE2-8738-4ED2E3D94BE7}.Debug-Unchecked|Any CPU.ActiveCfg = Debug-Unchecked|Any CPU
		{A0504A3A-92DB-4EE2-8738-4ED2E3D94BE7}.Debug-Unchecked|Any CPU.Build.0 = Debug-Unchecked|Any CPU
		{A0504A3A-92DB-4EE2-8738-4ED2E3D94BE7}.Debug-Unchecked|ARM.ActiveCfg = Debug-Unchecked|Any CPU
		{A0504A3A-92DB-4EE2-8738-4ED2E3D94BE7}.Debug-Unchecked|ARM.Build.0 = Debug-Unchecked|Any CPU
		{A0504A3A-92DB-4EE2-8738-4ED2E3D94BE7}.Debug-Unchecked|x64.ActiveCfg = Debug-Unchecked|Any CPU
		{A0504A3A-92DB-4EE2-8738-4ED2E3D94BE7}.Debug-Unchecked|x64.Build.0 = Debug-Unchecked|Any CPU
		{A0504A3A-92DB-4EE2-8738-4ED2E3D94BE7}.Debug-Unchecked|x86.ActiveCfg = Debug-Unchecked|Any CPU
		{A0504A3A-92DB-4EE2-8738-4ED2E3D94BE7}.Debug-Unchecked|x86.Build.0 = Debug-Unchecked|Any CPU
		{A0504A3A-92DB-4EE2-8738-4ED2E3D94BE7}.Release|Any CPU.ActiveCfg = Release|Any CPU
		{A0504A3A-92DB-4EE2-8738-4ED2E3D94BE7}.Release|Any CPU.Build.0 = Release|Any CPU
		{A0504A3A-92DB-4EE2-8738-4ED2E3D94BE7}.Release|ARM.ActiveCfg = Release|Any CPU
		{A0504A3A-92DB-4EE2-8738-4ED2E3D94BE7}.Release|ARM.Build.0 = Release|Any CPU
		{A0504A3A-92DB-4EE2-8738-4ED2E3D94BE7}.Release|x64.ActiveCfg = Release|Any CPU
		{A0504A3A-92DB-4EE2-8738-4ED2E3D94BE7}.Release|x64.Build.0 = Release|Any CPU
		{A0504A3A-92DB-4EE2-8738-4ED2E3D94BE7}.Release|x86.ActiveCfg = Release|Any CPU
		{A0504A3A-92DB-4EE2-8738-4ED2E3D94BE7}.Release|x86.Build.0 = Release|Any CPU
		{49D257F5-365A-446C-83CA-AA29640F9CA5}.Debug|Any CPU.ActiveCfg = Debug|Any CPU
		{49D257F5-365A-446C-83CA-AA29640F9CA5}.Debug|Any CPU.Build.0 = Debug|Any CPU
		{49D257F5-365A-446C-83CA-AA29640F9CA5}.Debug|ARM.ActiveCfg = Debug|Any CPU
		{49D257F5-365A-446C-83CA-AA29640F9CA5}.Debug|ARM.Build.0 = Debug|Any CPU
		{49D257F5-365A-446C-83CA-AA29640F9CA5}.Debug|x64.ActiveCfg = Debug|Any CPU
		{49D257F5-365A-446C-83CA-AA29640F9CA5}.Debug|x64.Build.0 = Debug|Any CPU
		{49D257F5-365A-446C-83CA-AA29640F9CA5}.Debug|x86.ActiveCfg = Debug|Any CPU
		{49D257F5-365A-446C-83CA-AA29640F9CA5}.Debug|x86.Build.0 = Debug|Any CPU
		{49D257F5-365A-446C-83CA-AA29640F9CA5}.Debug-Unchecked|Any CPU.ActiveCfg = Debug|Any CPU
		{49D257F5-365A-446C-83CA-AA29640F9CA5}.Debug-Unchecked|Any CPU.Build.0 = Debug|Any CPU
		{49D257F5-365A-446C-83CA-AA29640F9CA5}.Debug-Unchecked|ARM.ActiveCfg = Debug|Any CPU
		{49D257F5-365A-446C-83CA-AA29640F9CA5}.Debug-Unchecked|ARM.Build.0 = Debug|Any CPU
		{49D257F5-365A-446C-83CA-AA29640F9CA5}.Debug-Unchecked|x64.ActiveCfg = Debug|Any CPU
		{49D257F5-365A-446C-83CA-AA29640F9CA5}.Debug-Unchecked|x64.Build.0 = Debug|Any CPU
		{49D257F5-365A-446C-83CA-AA29640F9CA5}.Debug-Unchecked|x86.ActiveCfg = Debug|Any CPU
		{49D257F5-365A-446C-83CA-AA29640F9CA5}.Debug-Unchecked|x86.Build.0 = Debug|Any CPU
		{49D257F5-365A-446C-83CA-AA29640F9CA5}.Release|Any CPU.ActiveCfg = Release|Any CPU
		{49D257F5-365A-446C-83CA-AA29640F9CA5}.Release|Any CPU.Build.0 = Release|Any CPU
		{49D257F5-365A-446C-83CA-AA29640F9CA5}.Release|ARM.ActiveCfg = Release|Any CPU
		{49D257F5-365A-446C-83CA-AA29640F9CA5}.Release|ARM.Build.0 = Release|Any CPU
		{49D257F5-365A-446C-83CA-AA29640F9CA5}.Release|x64.ActiveCfg = Release|Any CPU
		{49D257F5-365A-446C-83CA-AA29640F9CA5}.Release|x64.Build.0 = Release|Any CPU
		{49D257F5-365A-446C-83CA-AA29640F9CA5}.Release|x86.ActiveCfg = Release|Any CPU
		{49D257F5-365A-446C-83CA-AA29640F9CA5}.Release|x86.Build.0 = Release|Any CPU
		{2C523692-A40B-4A7E-A95A-FBE373F263F7}.Debug|Any CPU.ActiveCfg = Debug|Any CPU
		{2C523692-A40B-4A7E-A95A-FBE373F263F7}.Debug|Any CPU.Build.0 = Debug|Any CPU
		{2C523692-A40B-4A7E-A95A-FBE373F263F7}.Debug|ARM.ActiveCfg = Debug|Any CPU
		{2C523692-A40B-4A7E-A95A-FBE373F263F7}.Debug|ARM.Build.0 = Debug|Any CPU
		{2C523692-A40B-4A7E-A95A-FBE373F263F7}.Debug|x64.ActiveCfg = Debug|Any CPU
		{2C523692-A40B-4A7E-A95A-FBE373F263F7}.Debug|x64.Build.0 = Debug|Any CPU
		{2C523692-A40B-4A7E-A95A-FBE373F263F7}.Debug|x86.ActiveCfg = Debug|Any CPU
		{2C523692-A40B-4A7E-A95A-FBE373F263F7}.Debug|x86.Build.0 = Debug|Any CPU
		{2C523692-A40B-4A7E-A95A-FBE373F263F7}.Debug-Unchecked|Any CPU.ActiveCfg = Debug-Unchecked|Any CPU
		{2C523692-A40B-4A7E-A95A-FBE373F263F7}.Debug-Unchecked|Any CPU.Build.0 = Debug-Unchecked|Any CPU
		{2C523692-A40B-4A7E-A95A-FBE373F263F7}.Debug-Unchecked|ARM.ActiveCfg = Debug-Unchecked|Any CPU
		{2C523692-A40B-4A7E-A95A-FBE373F263F7}.Debug-Unchecked|ARM.Build.0 = Debug-Unchecked|Any CPU
		{2C523692-A40B-4A7E-A95A-FBE373F263F7}.Debug-Unchecked|x64.ActiveCfg = Debug-Unchecked|Any CPU
		{2C523692-A40B-4A7E-A95A-FBE373F263F7}.Debug-Unchecked|x64.Build.0 = Debug-Unchecked|Any CPU
		{2C523692-A40B-4A7E-A95A-FBE373F263F7}.Debug-Unchecked|x86.ActiveCfg = Debug-Unchecked|Any CPU
		{2C523692-A40B-4A7E-A95A-FBE373F263F7}.Debug-Unchecked|x86.Build.0 = Debug-Unchecked|Any CPU
		{2C523692-A40B-4A7E-A95A-FBE373F263F7}.Release|Any CPU.ActiveCfg = Release|Any CPU
		{2C523692-A40B-4A7E-A95A-FBE373F263F7}.Release|Any CPU.Build.0 = Release|Any CPU
		{2C523692-A40B-4A7E-A95A-FBE373F263F7}.Release|ARM.ActiveCfg = Release|Any CPU
		{2C523692-A40B-4A7E-A95A-FBE373F263F7}.Release|ARM.Build.0 = Release|Any CPU
		{2C523692-A40B-4A7E-A95A-FBE373F263F7}.Release|x64.ActiveCfg = Release|Any CPU
		{2C523692-A40B-4A7E-A95A-FBE373F263F7}.Release|x64.Build.0 = Release|Any CPU
		{2C523692-A40B-4A7E-A95A-FBE373F263F7}.Release|x86.ActiveCfg = Release|Any CPU
		{2C523692-A40B-4A7E-A95A-FBE373F263F7}.Release|x86.Build.0 = Release|Any CPU
	EndGlobalSection
	GlobalSection(SolutionProperties) = preSolution
		HideSolutionNode = FALSE
	EndGlobalSection
	GlobalSection(NestedProjects) = preSolution
		{62634749-A18D-4882-917E-FB6E8B6EE3D1} = {6FB40F3D-E4CC-4E11-952C-BBD437AD2BF8}
		{42D213CA-8584-4B1B-8928-A54C5D937E86} = {45AB3491-1D3C-472B-A4DA-3D9E70E3210A}
		{4AFDE645-5868-4C91-BCE3-D09F69958AE8} = {6FB40F3D-E4CC-4E11-952C-BBD437AD2BF8}
		{5D3159AD-141C-4853-9ECC-A1FD603BD8C4} = {6FB40F3D-E4CC-4E11-952C-BBD437AD2BF8}
		{268686C1-5787-42EC-82EF-AC52C23075AE} = {6FB40F3D-E4CC-4E11-952C-BBD437AD2BF8}
		{A0504A3A-92DB-4EE2-8738-4ED2E3D94BE7} = {6FB40F3D-E4CC-4E11-952C-BBD437AD2BF8}
		{49D257F5-365A-446C-83CA-AA29640F9CA5} = {45AB3491-1D3C-472B-A4DA-3D9E70E3210A}
		{2C523692-A40B-4A7E-A95A-FBE373F263F7} = {6FB40F3D-E4CC-4E11-952C-BBD437AD2BF8}
	EndGlobalSection
	GlobalSection(ExtensibilityGlobals) = postSolution
		SolutionGuid = {D2F1DE9F-AC20-4E9B-818F-EC955943062B}
	EndGlobalSection
EndGlobal
