
Microsoft Visual Studio Solution File, Format Version 12.00
# Visual Studio 14
VisualStudioVersion = 14.0.25123.0
MinimumVisualStudioVersion = 10.0.40219.1
Project("{2150E333-8FDC-42A3-9474-1A3956D46DE8}") = "Solution Items", "Solution Items", "{AAE3DA8A-65B5-4A2E-BB48-002C3C8D045B}"
	ProjectSection(SolutionItems) = preProject
		..\.gitignore = ..\.gitignore
		Package.Tortuga.Chain.Access.msbuild = Package.Tortuga.Chain.Access.msbuild
		..\README.md = ..\README.md
		Tortuga.Chain.Access.nuspec = Tortuga.Chain.Access.nuspec
		Tortuga.Chain.CompiledMaterializers.nuspec = Tortuga.Chain.CompiledMaterializers.nuspec
		Tortuga.Chain.Core.nuspec = Tortuga.Chain.Core.nuspec
		Tortuga.Chain.PostgreSql.nuspec = Tortuga.Chain.PostgreSql.nuspec
		Tortuga.Chain.ruleset = Tortuga.Chain.ruleset
		Tortuga.Chain.SQLite.nuspec = Tortuga.Chain.SQLite.nuspec
		Tortuga.Chain.SqlServer.nuspec = Tortuga.Chain.SqlServer.nuspec
	EndProjectSection
EndProject
Project("{2150E333-8FDC-42A3-9474-1A3956D46DE8}") = "Core", "Core", "{6FB40F3D-E4CC-4E11-952C-BBD437AD2BF8}"
EndProject
Project("{FAE04EC0-301F-11D3-BF4B-00C04F79EFBC}") = "Tortuga.Chain.Core.source", "Tortuga.Chain.Core.source\Tortuga.Chain.Core.source.csproj", "{2C523692-A40B-4A7E-A95A-FBE373F263F7}"
EndProject
Project("{FAE04EC0-301F-11D3-BF4B-00C04F79EFBC}") = "Tests.Tortuga.Chain.Core.source", "Tests.Tortuga.Chain.Core.source\Tests.Tortuga.Chain.Core.source.csproj", "{62634749-A18D-4882-917E-FB6E8B6EE3D1}"
EndProject
Project("{FAE04EC0-301F-11D3-BF4B-00C04F79EFBC}") = "Tortuga.Chain.CompiledMaterializers.source", "Tortuga.Chain.CompiledMaterializers.source\Tortuga.Chain.CompiledMaterializers.source.csproj", "{42D213CA-8584-4B1B-8928-A54C5D937E86}"
EndProject
Project("{2150E333-8FDC-42A3-9474-1A3956D46DE8}") = "CompiledMaterializers", "CompiledMaterializers", "{45AB3491-1D3C-472B-A4DA-3D9E70E3210A}"
EndProject
Project("{2150E333-8FDC-42A3-9474-1A3956D46DE8}") = "Access", "Access", "{45CF7435-71AC-4E77-AB49-10F27C9938B7}"
EndProject
Project("{FAE04EC0-301F-11D3-BF4B-00C04F79EFBC}") = "Tortuga.Chain.Access.source", "Tortuga.Chain.Access.source\Tortuga.Chain.Access.source.csproj", "{83313725-797D-4C95-AFDF-351F5B84EFC5}"
EndProject
Project("{FAE04EC0-301F-11D3-BF4B-00C04F79EFBC}") = "xTests.Tortuga.Chain.Access.source", "xTests.Tortuga.Chain.Access.source\xTests.Tortuga.Chain.Access.source.csproj", "{9360FBC3-C187-41B4-8BFD-C6C385961EEF}"
EndProject
Project("{FAE04EC0-301F-11D3-BF4B-00C04F79EFBC}") = "Tortuga.Chain.Access.net45", "Tortuga.Chain.Access.net45\Tortuga.Chain.Access.net45.csproj", "{A5491046-9BC7-41F2-BD09-57C62B4AE6BC}"
EndProject
Project("{FAE04EC0-301F-11D3-BF4B-00C04F79EFBC}") = "Tortuga.Chain.Access.net46", "Tortuga.Chain.Access.net46\Tortuga.Chain.Access.net46.csproj", "{B1EDC366-7A51-4CEE-98F6-69561130BDC2}"
EndProject
Global
	GlobalSection(SolutionConfigurationPlatforms) = preSolution
		Debug|Any CPU = Debug|Any CPU
		Debug|ARM = Debug|ARM
		Debug|x64 = Debug|x64
		Debug|x86 = Debug|x86
		Debug-Unchecked|Any CPU = Debug-Unchecked|Any CPU
		Debug-Unchecked|ARM = Debug-Unchecked|ARM
		Debug-Unchecked|x64 = Debug-Unchecked|x64
		Debug-Unchecked|x86 = Debug-Unchecked|x86
		Release|Any CPU = Release|Any CPU
		Release|ARM = Release|ARM
		Release|x64 = Release|x64
		Release|x86 = Release|x86
	EndGlobalSection
	GlobalSection(ProjectConfigurationPlatforms) = postSolution
		{2C523692-A40B-4A7E-A95A-FBE373F263F7}.Debug|Any CPU.ActiveCfg = Debug|Any CPU
		{2C523692-A40B-4A7E-A95A-FBE373F263F7}.Debug|Any CPU.Build.0 = Debug|Any CPU
		{2C523692-A40B-4A7E-A95A-FBE373F263F7}.Debug|ARM.ActiveCfg = Debug|Any CPU
		{2C523692-A40B-4A7E-A95A-FBE373F263F7}.Debug|ARM.Build.0 = Debug|Any CPU
		{2C523692-A40B-4A7E-A95A-FBE373F263F7}.Debug|x64.ActiveCfg = Debug|Any CPU
		{2C523692-A40B-4A7E-A95A-FBE373F263F7}.Debug|x64.Build.0 = Debug|Any CPU
		{2C523692-A40B-4A7E-A95A-FBE373F263F7}.Debug|x86.ActiveCfg = Debug|Any CPU
		{2C523692-A40B-4A7E-A95A-FBE373F263F7}.Debug|x86.Build.0 = Debug|Any CPU
		{2C523692-A40B-4A7E-A95A-FBE373F263F7}.Debug-Unchecked|Any CPU.ActiveCfg = Debug-Unchecked|Any CPU
		{2C523692-A40B-4A7E-A95A-FBE373F263F7}.Debug-Unchecked|Any CPU.Build.0 = Debug-Unchecked|Any CPU
		{2C523692-A40B-4A7E-A95A-FBE373F263F7}.Debug-Unchecked|ARM.ActiveCfg = Debug-Unchecked|Any CPU
		{2C523692-A40B-4A7E-A95A-FBE373F263F7}.Debug-Unchecked|ARM.Build.0 = Debug-Unchecked|Any CPU
		{2C523692-A40B-4A7E-A95A-FBE373F263F7}.Debug-Unchecked|x64.ActiveCfg = Debug-Unchecked|Any CPU
		{2C523692-A40B-4A7E-A95A-FBE373F263F7}.Debug-Unchecked|x64.Build.0 = Debug-Unchecked|Any CPU
		{2C523692-A40B-4A7E-A95A-FBE373F263F7}.Debug-Unchecked|x86.ActiveCfg = Debug-Unchecked|Any CPU
		{2C523692-A40B-4A7E-A95A-FBE373F263F7}.Debug-Unchecked|x86.Build.0 = Debug-Unchecked|Any CPU
		{2C523692-A40B-4A7E-A95A-FBE373F263F7}.Release|Any CPU.ActiveCfg = Release|Any CPU
		{2C523692-A40B-4A7E-A95A-FBE373F263F7}.Release|Any CPU.Build.0 = Release|Any CPU
		{2C523692-A40B-4A7E-A95A-FBE373F263F7}.Release|ARM.ActiveCfg = Release|Any CPU
		{2C523692-A40B-4A7E-A95A-FBE373F263F7}.Release|ARM.Build.0 = Release|Any CPU
		{2C523692-A40B-4A7E-A95A-FBE373F263F7}.Release|x64.ActiveCfg = Release|Any CPU
		{2C523692-A40B-4A7E-A95A-FBE373F263F7}.Release|x64.Build.0 = Release|Any CPU
		{2C523692-A40B-4A7E-A95A-FBE373F263F7}.Release|x86.ActiveCfg = Release|Any CPU
		{2C523692-A40B-4A7E-A95A-FBE373F263F7}.Release|x86.Build.0 = Release|Any CPU
		{62634749-A18D-4882-917E-FB6E8B6EE3D1}.Debug|Any CPU.ActiveCfg = Debug|Any CPU
		{62634749-A18D-4882-917E-FB6E8B6EE3D1}.Debug|Any CPU.Build.0 = Debug|Any CPU
		{62634749-A18D-4882-917E-FB6E8B6EE3D1}.Debug|ARM.ActiveCfg = Debug|Any CPU
		{62634749-A18D-4882-917E-FB6E8B6EE3D1}.Debug|ARM.Build.0 = Debug|Any CPU
		{62634749-A18D-4882-917E-FB6E8B6EE3D1}.Debug|x64.ActiveCfg = Debug|Any CPU
		{62634749-A18D-4882-917E-FB6E8B6EE3D1}.Debug|x64.Build.0 = Debug|Any CPU
		{62634749-A18D-4882-917E-FB6E8B6EE3D1}.Debug|x86.ActiveCfg = Debug|Any CPU
		{62634749-A18D-4882-917E-FB6E8B6EE3D1}.Debug|x86.Build.0 = Debug|Any CPU
		{62634749-A18D-4882-917E-FB6E8B6EE3D1}.Debug-Unchecked|Any CPU.ActiveCfg = Debug-Unchecked|Any CPU
		{62634749-A18D-4882-917E-FB6E8B6EE3D1}.Debug-Unchecked|Any CPU.Build.0 = Debug-Unchecked|Any CPU
		{62634749-A18D-4882-917E-FB6E8B6EE3D1}.Debug-Unchecked|ARM.ActiveCfg = Debug-Unchecked|Any CPU
		{62634749-A18D-4882-917E-FB6E8B6EE3D1}.Debug-Unchecked|ARM.Build.0 = Debug-Unchecked|Any CPU
		{62634749-A18D-4882-917E-FB6E8B6EE3D1}.Debug-Unchecked|x64.ActiveCfg = Debug-Unchecked|Any CPU
		{62634749-A18D-4882-917E-FB6E8B6EE3D1}.Debug-Unchecked|x64.Build.0 = Debug-Unchecked|Any CPU
		{62634749-A18D-4882-917E-FB6E8B6EE3D1}.Debug-Unchecked|x86.ActiveCfg = Debug-Unchecked|Any CPU
		{62634749-A18D-4882-917E-FB6E8B6EE3D1}.Debug-Unchecked|x86.Build.0 = Debug-Unchecked|Any CPU
		{62634749-A18D-4882-917E-FB6E8B6EE3D1}.Release|Any CPU.ActiveCfg = Release|Any CPU
		{62634749-A18D-4882-917E-FB6E8B6EE3D1}.Release|Any CPU.Build.0 = Release|Any CPU
		{62634749-A18D-4882-917E-FB6E8B6EE3D1}.Release|ARM.ActiveCfg = Release|Any CPU
		{62634749-A18D-4882-917E-FB6E8B6EE3D1}.Release|ARM.Build.0 = Release|Any CPU
		{62634749-A18D-4882-917E-FB6E8B6EE3D1}.Release|x64.ActiveCfg = Release|Any CPU
		{62634749-A18D-4882-917E-FB6E8B6EE3D1}.Release|x64.Build.0 = Release|Any CPU
		{62634749-A18D-4882-917E-FB6E8B6EE3D1}.Release|x86.ActiveCfg = Release|Any CPU
		{62634749-A18D-4882-917E-FB6E8B6EE3D1}.Release|x86.Build.0 = Release|Any CPU
		{42D213CA-8584-4B1B-8928-A54C5D937E86}.Debug|Any CPU.ActiveCfg = Debug|Any CPU
		{42D213CA-8584-4B1B-8928-A54C5D937E86}.Debug|Any CPU.Build.0 = Debug|Any CPU
		{42D213CA-8584-4B1B-8928-A54C5D937E86}.Debug|ARM.ActiveCfg = Debug|Any CPU
		{42D213CA-8584-4B1B-8928-A54C5D937E86}.Debug|ARM.Build.0 = Debug|Any CPU
		{42D213CA-8584-4B1B-8928-A54C5D937E86}.Debug|x64.ActiveCfg = Debug|Any CPU
		{42D213CA-8584-4B1B-8928-A54C5D937E86}.Debug|x64.Build.0 = Debug|Any CPU
		{42D213CA-8584-4B1B-8928-A54C5D937E86}.Debug|x86.ActiveCfg = Debug|Any CPU
		{42D213CA-8584-4B1B-8928-A54C5D937E86}.Debug|x86.Build.0 = Debug|Any CPU
		{42D213CA-8584-4B1B-8928-A54C5D937E86}.Debug-Unchecked|Any CPU.ActiveCfg = Debug-Unchecked|Any CPU
		{42D213CA-8584-4B1B-8928-A54C5D937E86}.Debug-Unchecked|Any CPU.Build.0 = Debug-Unchecked|Any CPU
		{42D213CA-8584-4B1B-8928-A54C5D937E86}.Debug-Unchecked|ARM.ActiveCfg = Debug-Unchecked|Any CPU
		{42D213CA-8584-4B1B-8928-A54C5D937E86}.Debug-Unchecked|ARM.Build.0 = Debug-Unchecked|Any CPU
		{42D213CA-8584-4B1B-8928-A54C5D937E86}.Debug-Unchecked|x64.ActiveCfg = Debug-Unchecked|Any CPU
		{42D213CA-8584-4B1B-8928-A54C5D937E86}.Debug-Unchecked|x64.Build.0 = Debug-Unchecked|Any CPU
		{42D213CA-8584-4B1B-8928-A54C5D937E86}.Debug-Unchecked|x86.ActiveCfg = Debug-Unchecked|Any CPU
		{42D213CA-8584-4B1B-8928-A54C5D937E86}.Debug-Unchecked|x86.Build.0 = Debug-Unchecked|Any CPU
		{42D213CA-8584-4B1B-8928-A54C5D937E86}.Release|Any CPU.ActiveCfg = Release|Any CPU
		{42D213CA-8584-4B1B-8928-A54C5D937E86}.Release|Any CPU.Build.0 = Release|Any CPU
		{42D213CA-8584-4B1B-8928-A54C5D937E86}.Release|ARM.ActiveCfg = Release|Any CPU
		{42D213CA-8584-4B1B-8928-A54C5D937E86}.Release|ARM.Build.0 = Release|Any CPU
		{42D213CA-8584-4B1B-8928-A54C5D937E86}.Release|x64.ActiveCfg = Release|Any CPU
		{42D213CA-8584-4B1B-8928-A54C5D937E86}.Release|x64.Build.0 = Release|Any CPU
		{42D213CA-8584-4B1B-8928-A54C5D937E86}.Release|x86.ActiveCfg = Release|Any CPU
		{42D213CA-8584-4B1B-8928-A54C5D937E86}.Release|x86.Build.0 = Release|Any CPU
		{83313725-797D-4C95-AFDF-351F5B84EFC5}.Debug|Any CPU.ActiveCfg = Debug|Any CPU
		{83313725-797D-4C95-AFDF-351F5B84EFC5}.Debug|Any CPU.Build.0 = Debug|Any CPU
		{83313725-797D-4C95-AFDF-351F5B84EFC5}.Debug|ARM.ActiveCfg = Debug|Any CPU
		{83313725-797D-4C95-AFDF-351F5B84EFC5}.Debug|ARM.Build.0 = Debug|Any CPU
		{83313725-797D-4C95-AFDF-351F5B84EFC5}.Debug|x64.ActiveCfg = Debug|Any CPU
		{83313725-797D-4C95-AFDF-351F5B84EFC5}.Debug|x64.Build.0 = Debug|Any CPU
		{83313725-797D-4C95-AFDF-351F5B84EFC5}.Debug|x86.ActiveCfg = Debug|Any CPU
		{83313725-797D-4C95-AFDF-351F5B84EFC5}.Debug|x86.Build.0 = Debug|Any CPU
		{83313725-797D-4C95-AFDF-351F5B84EFC5}.Debug-Unchecked|Any CPU.ActiveCfg = Debug|Any CPU
		{83313725-797D-4C95-AFDF-351F5B84EFC5}.Debug-Unchecked|Any CPU.Build.0 = Debug|Any CPU
		{83313725-797D-4C95-AFDF-351F5B84EFC5}.Debug-Unchecked|ARM.ActiveCfg = Debug|Any CPU
		{83313725-797D-4C95-AFDF-351F5B84EFC5}.Debug-Unchecked|ARM.Build.0 = Debug|Any CPU
		{83313725-797D-4C95-AFDF-351F5B84EFC5}.Debug-Unchecked|x64.ActiveCfg = Debug|Any CPU
		{83313725-797D-4C95-AFDF-351F5B84EFC5}.Debug-Unchecked|x64.Build.0 = Debug|Any CPU
		{83313725-797D-4C95-AFDF-351F5B84EFC5}.Debug-Unchecked|x86.ActiveCfg = Debug|Any CPU
		{83313725-797D-4C95-AFDF-351F5B84EFC5}.Debug-Unchecked|x86.Build.0 = Debug|Any CPU
		{83313725-797D-4C95-AFDF-351F5B84EFC5}.Release|Any CPU.ActiveCfg = Release|Any CPU
		{83313725-797D-4C95-AFDF-351F5B84EFC5}.Release|Any CPU.Build.0 = Release|Any CPU
		{83313725-797D-4C95-AFDF-351F5B84EFC5}.Release|ARM.ActiveCfg = Release|Any CPU
		{83313725-797D-4C95-AFDF-351F5B84EFC5}.Release|ARM.Build.0 = Release|Any CPU
		{83313725-797D-4C95-AFDF-351F5B84EFC5}.Release|x64.ActiveCfg = Release|Any CPU
		{83313725-797D-4C95-AFDF-351F5B84EFC5}.Release|x64.Build.0 = Release|Any CPU
		{83313725-797D-4C95-AFDF-351F5B84EFC5}.Release|x86.ActiveCfg = Release|Any CPU
		{83313725-797D-4C95-AFDF-351F5B84EFC5}.Release|x86.Build.0 = Release|Any CPU
		{9360FBC3-C187-41B4-8BFD-C6C385961EEF}.Debug|Any CPU.ActiveCfg = Debug|Any CPU
		{9360FBC3-C187-41B4-8BFD-C6C385961EEF}.Debug|Any CPU.Build.0 = Debug|Any CPU
		{9360FBC3-C187-41B4-8BFD-C6C385961EEF}.Debug|ARM.ActiveCfg = Debug|Any CPU
		{9360FBC3-C187-41B4-8BFD-C6C385961EEF}.Debug|ARM.Build.0 = Debug|Any CPU
		{9360FBC3-C187-41B4-8BFD-C6C385961EEF}.Debug|x64.ActiveCfg = Debug|Any CPU
		{9360FBC3-C187-41B4-8BFD-C6C385961EEF}.Debug|x64.Build.0 = Debug|Any CPU
		{9360FBC3-C187-41B4-8BFD-C6C385961EEF}.Debug|x86.ActiveCfg = Debug|Any CPU
		{9360FBC3-C187-41B4-8BFD-C6C385961EEF}.Debug|x86.Build.0 = Debug|Any CPU
		{9360FBC3-C187-41B4-8BFD-C6C385961EEF}.Debug-Unchecked|Any CPU.ActiveCfg = Debug|Any CPU
		{9360FBC3-C187-41B4-8BFD-C6C385961EEF}.Debug-Unchecked|Any CPU.Build.0 = Debug|Any CPU
		{9360FBC3-C187-41B4-8BFD-C6C385961EEF}.Debug-Unchecked|ARM.ActiveCfg = Debug|Any CPU
		{9360FBC3-C187-41B4-8BFD-C6C385961EEF}.Debug-Unchecked|ARM.Build.0 = Debug|Any CPU
		{9360FBC3-C187-41B4-8BFD-C6C385961EEF}.Debug-Unchecked|x64.ActiveCfg = Debug|Any CPU
		{9360FBC3-C187-41B4-8BFD-C6C385961EEF}.Debug-Unchecked|x64.Build.0 = Debug|Any CPU
		{9360FBC3-C187-41B4-8BFD-C6C385961EEF}.Debug-Unchecked|x86.ActiveCfg = Debug|Any CPU
		{9360FBC3-C187-41B4-8BFD-C6C385961EEF}.Debug-Unchecked|x86.Build.0 = Debug|Any CPU
		{9360FBC3-C187-41B4-8BFD-C6C385961EEF}.Release|Any CPU.ActiveCfg = Release|Any CPU
		{9360FBC3-C187-41B4-8BFD-C6C385961EEF}.Release|Any CPU.Build.0 = Release|Any CPU
		{9360FBC3-C187-41B4-8BFD-C6C385961EEF}.Release|ARM.ActiveCfg = Release|Any CPU
		{9360FBC3-C187-41B4-8BFD-C6C385961EEF}.Release|ARM.Build.0 = Release|Any CPU
		{9360FBC3-C187-41B4-8BFD-C6C385961EEF}.Release|x64.ActiveCfg = Release|Any CPU
		{9360FBC3-C187-41B4-8BFD-C6C385961EEF}.Release|x64.Build.0 = Release|Any CPU
		{9360FBC3-C187-41B4-8BFD-C6C385961EEF}.Release|x86.ActiveCfg = Release|Any CPU
		{9360FBC3-C187-41B4-8BFD-C6C385961EEF}.Release|x86.Build.0 = Release|Any CPU
		{A5491046-9BC7-41F2-BD09-57C62B4AE6BC}.Debug|Any CPU.ActiveCfg = Debug|Any CPU
		{A5491046-9BC7-41F2-BD09-57C62B4AE6BC}.Debug|Any CPU.Build.0 = Debug|Any CPU
		{A5491046-9BC7-41F2-BD09-57C62B4AE6BC}.Debug|ARM.ActiveCfg = Debug|Any CPU
		{A5491046-9BC7-41F2-BD09-57C62B4AE6BC}.Debug|ARM.Build.0 = Debug|Any CPU
		{A5491046-9BC7-41F2-BD09-57C62B4AE6BC}.Debug|x64.ActiveCfg = Debug|Any CPU
		{A5491046-9BC7-41F2-BD09-57C62B4AE6BC}.Debug|x64.Build.0 = Debug|Any CPU
		{A5491046-9BC7-41F2-BD09-57C62B4AE6BC}.Debug|x86.ActiveCfg = Debug|Any CPU
		{A5491046-9BC7-41F2-BD09-57C62B4AE6BC}.Debug|x86.Build.0 = Debug|Any CPU
		{A5491046-9BC7-41F2-BD09-57C62B4AE6BC}.Debug-Unchecked|Any CPU.ActiveCfg = Debug|Any CPU
		{A5491046-9BC7-41F2-BD09-57C62B4AE6BC}.Debug-Unchecked|Any CPU.Build.0 = Debug|Any CPU
		{A5491046-9BC7-41F2-BD09-57C62B4AE6BC}.Debug-Unchecked|ARM.ActiveCfg = Debug|Any CPU
		{A5491046-9BC7-41F2-BD09-57C62B4AE6BC}.Debug-Unchecked|ARM.Build.0 = Debug|Any CPU
		{A5491046-9BC7-41F2-BD09-57C62B4AE6BC}.Debug-Unchecked|x64.ActiveCfg = Debug|Any CPU
		{A5491046-9BC7-41F2-BD09-57C62B4AE6BC}.Debug-Unchecked|x64.Build.0 = Debug|Any CPU
		{A5491046-9BC7-41F2-BD09-57C62B4AE6BC}.Debug-Unchecked|x86.ActiveCfg = Debug|Any CPU
		{A5491046-9BC7-41F2-BD09-57C62B4AE6BC}.Debug-Unchecked|x86.Build.0 = Debug|Any CPU
		{A5491046-9BC7-41F2-BD09-57C62B4AE6BC}.Release|Any CPU.ActiveCfg = Release|Any CPU
		{A5491046-9BC7-41F2-BD09-57C62B4AE6BC}.Release|Any CPU.Build.0 = Release|Any CPU
		{A5491046-9BC7-41F2-BD09-57C62B4AE6BC}.Release|ARM.ActiveCfg = Release|Any CPU
		{A5491046-9BC7-41F2-BD09-57C62B4AE6BC}.Release|ARM.Build.0 = Release|Any CPU
		{A5491046-9BC7-41F2-BD09-57C62B4AE6BC}.Release|x64.ActiveCfg = Release|Any CPU
		{A5491046-9BC7-41F2-BD09-57C62B4AE6BC}.Release|x64.Build.0 = Release|Any CPU
		{A5491046-9BC7-41F2-BD09-57C62B4AE6BC}.Release|x86.ActiveCfg = Release|Any CPU
		{A5491046-9BC7-41F2-BD09-57C62B4AE6BC}.Release|x86.Build.0 = Release|Any CPU
		{B1EDC366-7A51-4CEE-98F6-69561130BDC2}.Debug|Any CPU.ActiveCfg = Debug|Any CPU
		{B1EDC366-7A51-4CEE-98F6-69561130BDC2}.Debug|Any CPU.Build.0 = Debug|Any CPU
		{B1EDC366-7A51-4CEE-98F6-69561130BDC2}.Debug|ARM.ActiveCfg = Debug|Any CPU
		{B1EDC366-7A51-4CEE-98F6-69561130BDC2}.Debug|ARM.Build.0 = Debug|Any CPU
		{B1EDC366-7A51-4CEE-98F6-69561130BDC2}.Debug|x64.ActiveCfg = Debug|Any CPU
		{B1EDC366-7A51-4CEE-98F6-69561130BDC2}.Debug|x64.Build.0 = Debug|Any CPU
		{B1EDC366-7A51-4CEE-98F6-69561130BDC2}.Debug|x86.ActiveCfg = Debug|Any CPU
		{B1EDC366-7A51-4CEE-98F6-69561130BDC2}.Debug|x86.Build.0 = Debug|Any CPU
		{B1EDC366-7A51-4CEE-98F6-69561130BDC2}.Debug-Unchecked|Any CPU.ActiveCfg = Debug|Any CPU
		{B1EDC366-7A51-4CEE-98F6-69561130BDC2}.Debug-Unchecked|Any CPU.Build.0 = Debug|Any CPU
		{B1EDC366-7A51-4CEE-98F6-69561130BDC2}.Debug-Unchecked|ARM.ActiveCfg = Debug|Any CPU
		{B1EDC366-7A51-4CEE-98F6-69561130BDC2}.Debug-Unchecked|ARM.Build.0 = Debug|Any CPU
		{B1EDC366-7A51-4CEE-98F6-69561130BDC2}.Debug-Unchecked|x64.ActiveCfg = Debug|Any CPU
		{B1EDC366-7A51-4CEE-98F6-69561130BDC2}.Debug-Unchecked|x64.Build.0 = Debug|Any CPU
		{B1EDC366-7A51-4CEE-98F6-69561130BDC2}.Debug-Unchecked|x86.ActiveCfg = Debug|Any CPU
		{B1EDC366-7A51-4CEE-98F6-69561130BDC2}.Debug-Unchecked|x86.Build.0 = Debug|Any CPU
		{B1EDC366-7A51-4CEE-98F6-69561130BDC2}.Release|Any CPU.ActiveCfg = Release|Any CPU
		{B1EDC366-7A51-4CEE-98F6-69561130BDC2}.Release|Any CPU.Build.0 = Release|Any CPU
		{B1EDC366-7A51-4CEE-98F6-69561130BDC2}.Release|ARM.ActiveCfg = Release|Any CPU
		{B1EDC366-7A51-4CEE-98F6-69561130BDC2}.Release|ARM.Build.0 = Release|Any CPU
		{B1EDC366-7A51-4CEE-98F6-69561130BDC2}.Release|x64.ActiveCfg = Release|Any CPU
		{B1EDC366-7A51-4CEE-98F6-69561130BDC2}.Release|x64.Build.0 = Release|Any CPU
		{B1EDC366-7A51-4CEE-98F6-69561130BDC2}.Release|x86.ActiveCfg = Release|Any CPU
		{B1EDC366-7A51-4CEE-98F6-69561130BDC2}.Release|x86.Build.0 = Release|Any CPU
	EndGlobalSection
	GlobalSection(SolutionProperties) = preSolution
		HideSolutionNode = FALSE
	EndGlobalSection
	GlobalSection(NestedProjects) = preSolution
		{2C523692-A40B-4A7E-A95A-FBE373F263F7} = {6FB40F3D-E4CC-4E11-952C-BBD437AD2BF8}
		{62634749-A18D-4882-917E-FB6E8B6EE3D1} = {6FB40F3D-E4CC-4E11-952C-BBD437AD2BF8}
		{42D213CA-8584-4B1B-8928-A54C5D937E86} = {45AB3491-1D3C-472B-A4DA-3D9E70E3210A}
		{83313725-797D-4C95-AFDF-351F5B84EFC5} = {45CF7435-71AC-4E77-AB49-10F27C9938B7}
		{9360FBC3-C187-41B4-8BFD-C6C385961EEF} = {45CF7435-71AC-4E77-AB49-10F27C9938B7}
		{A5491046-9BC7-41F2-BD09-57C62B4AE6BC} = {45CF7435-71AC-4E77-AB49-10F27C9938B7}
		{B1EDC366-7A51-4CEE-98F6-69561130BDC2} = {45CF7435-71AC-4E77-AB49-10F27C9938B7}
	EndGlobalSection
EndGlobal
