
Microsoft Visual Studio Solution File, Format Version 12.00
# Visual Studio 14
VisualStudioVersion = 14.0.25123.0
MinimumVisualStudioVersion = 10.0.40219.1
Project("{2150E333-8FDC-42A3-9474-1A3956D46DE8}") = "Solution Items", "Solution Items", "{AAE3DA8A-65B5-4A2E-BB48-002C3C8D045B}"
	ProjectSection(SolutionItems) = preProject
		..\.gitignore = ..\.gitignore
		..\README.md = ..\README.md
		Tortuga.Chain.ruleset = Tortuga.Chain.ruleset
	EndProjectSection
EndProject
Project("{2150E333-8FDC-42A3-9474-1A3956D46DE8}") = "SQLite", "SQLite", "{D6583546-CE70-4444-AA54-0AD7AD0026C9}"
	ProjectSection(SolutionItems) = preProject
		Package.Tortuga.Chain.SQLite.msbuild = Package.Tortuga.Chain.SQLite.msbuild
		Tortuga.Chain.SQLite.nuspec = Tortuga.Chain.SQLite.nuspec
	EndProjectSection
EndProject
Project("{FAE04EC0-301F-11D3-BF4B-00C04F79EFBC}") = "Tortuga.Chain.Core.source", "Tortuga.Chain.Core.source\Tortuga.Chain.Core.source.csproj", "{2C523692-A40B-4A7E-A95A-FBE373F263F7}"
EndProject
Project("{FAE04EC0-301F-11D3-BF4B-00C04F79EFBC}") = "Tortuga.Chain.CompiledMaterializers.source", "Tortuga.Chain.CompiledMaterializers.source\Tortuga.Chain.CompiledMaterializers.source.csproj", "{42D213CA-8584-4B1B-8928-A54C5D937E86}"
EndProject
Project("{2150E333-8FDC-42A3-9474-1A3956D46DE8}") = "Dependencies", "Dependencies", "{45AB3491-1D3C-472B-A4DA-3D9E70E3210A}"
EndProject
Project("{FAE04EC0-301F-11D3-BF4B-00C04F79EFBC}") = "Tortuga.Chain.SQLite.source", "Tortuga.Chain.SQLite.source\Tortuga.Chain.SQLite.source.csproj", "{E92091C6-46F6-423E-B5CE-7DDCD2840CCE}"
EndProject
Project("{FAE04EC0-301F-11D3-BF4B-00C04F79EFBC}") = "Tests.Tortuga.Chain.SQLite.source", "Tests.Tortuga.Chain.SQLite.source\Tests.Tortuga.Chain.SQLite.source.csproj", "{60649569-197C-4E0F-95F4-F87CFF73A610}"
EndProject
Project("{FAE04EC0-301F-11D3-BF4B-00C04F79EFBC}") = "Tortuga.Chain.SQLite.net45", "Tortuga.Chain.SQLite.net45\Tortuga.Chain.SQLite.net45.csproj", "{2AE1D392-1143-4A0E-AD6A-1D564DE81033}"
EndProject
Project("{FAE04EC0-301F-11D3-BF4B-00C04F79EFBC}") = "Tortuga.Chain.SQLite.net46", "Tortuga.Chain.SQLite.net46\Tortuga.Chain.SQLite.net46.csproj", "{AE1B96D9-4C66-4A89-975C-8E8BC8C816F6}"
EndProject
Project("{FAE04EC0-301F-11D3-BF4B-00C04F79EFBC}") = "Tortuga.Chain.Core.uap10", "Tortuga.Chain.Core.uap10\Tortuga.Chain.Core.uap10.csproj", "{0CE9F498-3B08-4DA4-95F4-BC825EC708CC}"
EndProject
Project("{FAE04EC0-301F-11D3-BF4B-00C04F79EFBC}") = "xTests.Tortuga.Chain.SQLite.source", "xTests.Tortuga.Chain.SQLite.source\xTests.Tortuga.Chain.SQLite.source.csproj", "{0CC8DA81-E4DC-4654-B5F8-F5AFB2EE7C2D}"
EndProject
Project("{FAE04EC0-301F-11D3-BF4B-00C04F79EFBC}") = "Tortuga.Chain.SQLite.MS.source", "Tortuga.Chain.SQLite.MS.source\Tortuga.Chain.SQLite.MS.source.csproj", "{CEFBBA53-50C5-449F-B20E-56C9A946D2B0}"
EndProject
Project("{FAE04EC0-301F-11D3-BF4B-00C04F79EFBC}") = "Tests.Tortuga.Chain.SQLite.MS.source", "Tests.Tortuga.Chain.SQLite.MS.source\Tests.Tortuga.Chain.SQLite.MS.source.csproj", "{344A5AFA-7C3F-460F-8916-6E103AB31488}"
EndProject
Global
	GlobalSection(SolutionConfigurationPlatforms) = preSolution
		Debug|Any CPU = Debug|Any CPU
		Debug|ARM = Debug|ARM
		Debug|x64 = Debug|x64
		Debug|x86 = Debug|x86
		Debug-Unchecked|Any CPU = Debug-Unchecked|Any CPU
		Debug-Unchecked|ARM = Debug-Unchecked|ARM
		Debug-Unchecked|x64 = Debug-Unchecked|x64
		Debug-Unchecked|x86 = Debug-Unchecked|x86
		Release|Any CPU = Release|Any CPU
		Release|ARM = Release|ARM
		Release|x64 = Release|x64
		Release|x86 = Release|x86
	EndGlobalSection
	GlobalSection(ProjectConfigurationPlatforms) = postSolution
		{2C523692-A40B-4A7E-A95A-FBE373F263F7}.Debug|Any CPU.ActiveCfg = Debug|Any CPU
		{2C523692-A40B-4A7E-A95A-FBE373F263F7}.Debug|Any CPU.Build.0 = Debug|Any CPU
		{2C523692-A40B-4A7E-A95A-FBE373F263F7}.Debug|ARM.ActiveCfg = Debug|Any CPU
		{2C523692-A40B-4A7E-A95A-FBE373F263F7}.Debug|ARM.Build.0 = Debug|Any CPU
		{2C523692-A40B-4A7E-A95A-FBE373F263F7}.Debug|x64.ActiveCfg = Debug|Any CPU
		{2C523692-A40B-4A7E-A95A-FBE373F263F7}.Debug|x64.Build.0 = Debug|Any CPU
		{2C523692-A40B-4A7E-A95A-FBE373F263F7}.Debug|x86.ActiveCfg = Debug|Any CPU
		{2C523692-A40B-4A7E-A95A-FBE373F263F7}.Debug|x86.Build.0 = Debug|Any CPU
		{2C523692-A40B-4A7E-A95A-FBE373F263F7}.Debug-Unchecked|Any CPU.ActiveCfg = Debug-Unchecked|Any CPU
		{2C523692-A40B-4A7E-A95A-FBE373F263F7}.Debug-Unchecked|Any CPU.Build.0 = Debug-Unchecked|Any CPU
		{2C523692-A40B-4A7E-A95A-FBE373F263F7}.Debug-Unchecked|ARM.ActiveCfg = Debug-Unchecked|Any CPU
		{2C523692-A40B-4A7E-A95A-FBE373F263F7}.Debug-Unchecked|ARM.Build.0 = Debug-Unchecked|Any CPU
		{2C523692-A40B-4A7E-A95A-FBE373F263F7}.Debug-Unchecked|x64.ActiveCfg = Debug-Unchecked|Any CPU
		{2C523692-A40B-4A7E-A95A-FBE373F263F7}.Debug-Unchecked|x64.Build.0 = Debug-Unchecked|Any CPU
		{2C523692-A40B-4A7E-A95A-FBE373F263F7}.Debug-Unchecked|x86.ActiveCfg = Debug-Unchecked|Any CPU
		{2C523692-A40B-4A7E-A95A-FBE373F263F7}.Debug-Unchecked|x86.Build.0 = Debug-Unchecked|Any CPU
		{2C523692-A40B-4A7E-A95A-FBE373F263F7}.Release|Any CPU.ActiveCfg = Release|Any CPU
		{2C523692-A40B-4A7E-A95A-FBE373F263F7}.Release|Any CPU.Build.0 = Release|Any CPU
		{2C523692-A40B-4A7E-A95A-FBE373F263F7}.Release|ARM.ActiveCfg = Release|Any CPU
		{2C523692-A40B-4A7E-A95A-FBE373F263F7}.Release|ARM.Build.0 = Release|Any CPU
		{2C523692-A40B-4A7E-A95A-FBE373F263F7}.Release|x64.ActiveCfg = Release|Any CPU
		{2C523692-A40B-4A7E-A95A-FBE373F263F7}.Release|x64.Build.0 = Release|Any CPU
		{2C523692-A40B-4A7E-A95A-FBE373F263F7}.Release|x86.ActiveCfg = Release|Any CPU
		{2C523692-A40B-4A7E-A95A-FBE373F263F7}.Release|x86.Build.0 = Release|Any CPU
		{42D213CA-8584-4B1B-8928-A54C5D937E86}.Debug|Any CPU.ActiveCfg = Debug|Any CPU
		{42D213CA-8584-4B1B-8928-A54C5D937E86}.Debug|Any CPU.Build.0 = Debug|Any CPU
		{42D213CA-8584-4B1B-8928-A54C5D937E86}.Debug|ARM.ActiveCfg = Debug|Any CPU
		{42D213CA-8584-4B1B-8928-A54C5D937E86}.Debug|ARM.Build.0 = Debug|Any CPU
		{42D213CA-8584-4B1B-8928-A54C5D937E86}.Debug|x64.ActiveCfg = Debug|Any CPU
		{42D213CA-8584-4B1B-8928-A54C5D937E86}.Debug|x64.Build.0 = Debug|Any CPU
		{42D213CA-8584-4B1B-8928-A54C5D937E86}.Debug|x86.ActiveCfg = Debug|Any CPU
		{42D213CA-8584-4B1B-8928-A54C5D937E86}.Debug|x86.Build.0 = Debug|Any CPU
		{42D213CA-8584-4B1B-8928-A54C5D937E86}.Debug-Unchecked|Any CPU.ActiveCfg = Debug-Unchecked|Any CPU
		{42D213CA-8584-4B1B-8928-A54C5D937E86}.Debug-Unchecked|Any CPU.Build.0 = Debug-Unchecked|Any CPU
		{42D213CA-8584-4B1B-8928-A54C5D937E86}.Debug-Unchecked|ARM.ActiveCfg = Debug-Unchecked|Any CPU
		{42D213CA-8584-4B1B-8928-A54C5D937E86}.Debug-Unchecked|ARM.Build.0 = Debug-Unchecked|Any CPU
		{42D213CA-8584-4B1B-8928-A54C5D937E86}.Debug-Unchecked|x64.ActiveCfg = Debug-Unchecked|Any CPU
		{42D213CA-8584-4B1B-8928-A54C5D937E86}.Debug-Unchecked|x64.Build.0 = Debug-Unchecked|Any CPU
		{42D213CA-8584-4B1B-8928-A54C5D937E86}.Debug-Unchecked|x86.ActiveCfg = Debug-Unchecked|Any CPU
		{42D213CA-8584-4B1B-8928-A54C5D937E86}.Debug-Unchecked|x86.Build.0 = Debug-Unchecked|Any CPU
		{42D213CA-8584-4B1B-8928-A54C5D937E86}.Release|Any CPU.ActiveCfg = Release|Any CPU
		{42D213CA-8584-4B1B-8928-A54C5D937E86}.Release|Any CPU.Build.0 = Release|Any CPU
		{42D213CA-8584-4B1B-8928-A54C5D937E86}.Release|ARM.ActiveCfg = Release|Any CPU
		{42D213CA-8584-4B1B-8928-A54C5D937E86}.Release|ARM.Build.0 = Release|Any CPU
		{42D213CA-8584-4B1B-8928-A54C5D937E86}.Release|x64.ActiveCfg = Release|Any CPU
		{42D213CA-8584-4B1B-8928-A54C5D937E86}.Release|x64.Build.0 = Release|Any CPU
		{42D213CA-8584-4B1B-8928-A54C5D937E86}.Release|x86.ActiveCfg = Release|Any CPU
		{42D213CA-8584-4B1B-8928-A54C5D937E86}.Release|x86.Build.0 = Release|Any CPU
		{E92091C6-46F6-423E-B5CE-7DDCD2840CCE}.Debug|Any CPU.ActiveCfg = Debug|Any CPU
		{E92091C6-46F6-423E-B5CE-7DDCD2840CCE}.Debug|Any CPU.Build.0 = Debug|Any CPU
		{E92091C6-46F6-423E-B5CE-7DDCD2840CCE}.Debug|ARM.ActiveCfg = Debug|Any CPU
		{E92091C6-46F6-423E-B5CE-7DDCD2840CCE}.Debug|ARM.Build.0 = Debug|Any CPU
		{E92091C6-46F6-423E-B5CE-7DDCD2840CCE}.Debug|x64.ActiveCfg = Debug|Any CPU
		{E92091C6-46F6-423E-B5CE-7DDCD2840CCE}.Debug|x64.Build.0 = Debug|Any CPU
		{E92091C6-46F6-423E-B5CE-7DDCD2840CCE}.Debug|x86.ActiveCfg = Debug|Any CPU
		{E92091C6-46F6-423E-B5CE-7DDCD2840CCE}.Debug|x86.Build.0 = Debug|Any CPU
		{E92091C6-46F6-423E-B5CE-7DDCD2840CCE}.Debug-Unchecked|Any CPU.ActiveCfg = Debug-Unchecked|Any CPU
		{E92091C6-46F6-423E-B5CE-7DDCD2840CCE}.Debug-Unchecked|Any CPU.Build.0 = Debug-Unchecked|Any CPU
		{E92091C6-46F6-423E-B5CE-7DDCD2840CCE}.Debug-Unchecked|ARM.ActiveCfg = Debug-Unchecked|Any CPU
		{E92091C6-46F6-423E-B5CE-7DDCD2840CCE}.Debug-Unchecked|ARM.Build.0 = Debug-Unchecked|Any CPU
		{E92091C6-46F6-423E-B5CE-7DDCD2840CCE}.Debug-Unchecked|x64.ActiveCfg = Debug-Unchecked|Any CPU
		{E92091C6-46F6-423E-B5CE-7DDCD2840CCE}.Debug-Unchecked|x64.Build.0 = Debug-Unchecked|Any CPU
		{E92091C6-46F6-423E-B5CE-7DDCD2840CCE}.Debug-Unchecked|x86.ActiveCfg = Debug-Unchecked|Any CPU
		{E92091C6-46F6-423E-B5CE-7DDCD2840CCE}.Debug-Unchecked|x86.Build.0 = Debug-Unchecked|Any CPU
		{E92091C6-46F6-423E-B5CE-7DDCD2840CCE}.Release|Any CPU.ActiveCfg = Release|Any CPU
		{E92091C6-46F6-423E-B5CE-7DDCD2840CCE}.Release|Any CPU.Build.0 = Release|Any CPU
		{E92091C6-46F6-423E-B5CE-7DDCD2840CCE}.Release|ARM.ActiveCfg = Release|Any CPU
		{E92091C6-46F6-423E-B5CE-7DDCD2840CCE}.Release|ARM.Build.0 = Release|Any CPU
		{E92091C6-46F6-423E-B5CE-7DDCD2840CCE}.Release|x64.ActiveCfg = Release|Any CPU
		{E92091C6-46F6-423E-B5CE-7DDCD2840CCE}.Release|x64.Build.0 = Release|Any CPU
		{E92091C6-46F6-423E-B5CE-7DDCD2840CCE}.Release|x86.ActiveCfg = Release|Any CPU
		{E92091C6-46F6-423E-B5CE-7DDCD2840CCE}.Release|x86.Build.0 = Release|Any CPU
		{60649569-197C-4E0F-95F4-F87CFF73A610}.Debug|Any CPU.ActiveCfg = Debug|Any CPU
		{60649569-197C-4E0F-95F4-F87CFF73A610}.Debug|Any CPU.Build.0 = Debug|Any CPU
		{60649569-197C-4E0F-95F4-F87CFF73A610}.Debug|ARM.ActiveCfg = Debug|Any CPU
		{60649569-197C-4E0F-95F4-F87CFF73A610}.Debug|ARM.Build.0 = Debug|Any CPU
		{60649569-197C-4E0F-95F4-F87CFF73A610}.Debug|x64.ActiveCfg = Debug|Any CPU
		{60649569-197C-4E0F-95F4-F87CFF73A610}.Debug|x64.Build.0 = Debug|Any CPU
		{60649569-197C-4E0F-95F4-F87CFF73A610}.Debug|x86.ActiveCfg = Debug|Any CPU
		{60649569-197C-4E0F-95F4-F87CFF73A610}.Debug|x86.Build.0 = Debug|Any CPU
		{60649569-197C-4E0F-95F4-F87CFF73A610}.Debug-Unchecked|Any CPU.ActiveCfg = Debug-Unchecked|Any CPU
		{60649569-197C-4E0F-95F4-F87CFF73A610}.Debug-Unchecked|Any CPU.Build.0 = Debug-Unchecked|Any CPU
		{60649569-197C-4E0F-95F4-F87CFF73A610}.Debug-Unchecked|ARM.ActiveCfg = Debug-Unchecked|Any CPU
		{60649569-197C-4E0F-95F4-F87CFF73A610}.Debug-Unchecked|ARM.Build.0 = Debug-Unchecked|Any CPU
		{60649569-197C-4E0F-95F4-F87CFF73A610}.Debug-Unchecked|x64.ActiveCfg = Debug-Unchecked|Any CPU
		{60649569-197C-4E0F-95F4-F87CFF73A610}.Debug-Unchecked|x64.Build.0 = Debug-Unchecked|Any CPU
		{60649569-197C-4E0F-95F4-F87CFF73A610}.Debug-Unchecked|x86.ActiveCfg = Debug-Unchecked|Any CPU
		{60649569-197C-4E0F-95F4-F87CFF73A610}.Debug-Unchecked|x86.Build.0 = Debug-Unchecked|Any CPU
		{60649569-197C-4E0F-95F4-F87CFF73A610}.Release|Any CPU.ActiveCfg = Release|Any CPU
		{60649569-197C-4E0F-95F4-F87CFF73A610}.Release|Any CPU.Build.0 = Release|Any CPU
		{60649569-197C-4E0F-95F4-F87CFF73A610}.Release|ARM.ActiveCfg = Release|Any CPU
		{60649569-197C-4E0F-95F4-F87CFF73A610}.Release|ARM.Build.0 = Release|Any CPU
		{60649569-197C-4E0F-95F4-F87CFF73A610}.Release|x64.ActiveCfg = Release|Any CPU
		{60649569-197C-4E0F-95F4-F87CFF73A610}.Release|x64.Build.0 = Release|Any CPU
		{60649569-197C-4E0F-95F4-F87CFF73A610}.Release|x86.ActiveCfg = Release|Any CPU
		{60649569-197C-4E0F-95F4-F87CFF73A610}.Release|x86.Build.0 = Release|Any CPU
		{2AE1D392-1143-4A0E-AD6A-1D564DE81033}.Debug|Any CPU.ActiveCfg = Debug|Any CPU
		{2AE1D392-1143-4A0E-AD6A-1D564DE81033}.Debug|Any CPU.Build.0 = Debug|Any CPU
		{2AE1D392-1143-4A0E-AD6A-1D564DE81033}.Debug|ARM.ActiveCfg = Debug|Any CPU
		{2AE1D392-1143-4A0E-AD6A-1D564DE81033}.Debug|ARM.Build.0 = Debug|Any CPU
		{2AE1D392-1143-4A0E-AD6A-1D564DE81033}.Debug|x64.ActiveCfg = Debug|Any CPU
		{2AE1D392-1143-4A0E-AD6A-1D564DE81033}.Debug|x64.Build.0 = Debug|Any CPU
		{2AE1D392-1143-4A0E-AD6A-1D564DE81033}.Debug|x86.ActiveCfg = Debug|Any CPU
		{2AE1D392-1143-4A0E-AD6A-1D564DE81033}.Debug|x86.Build.0 = Debug|Any CPU
		{2AE1D392-1143-4A0E-AD6A-1D564DE81033}.Debug-Unchecked|Any CPU.ActiveCfg = Debug|Any CPU
		{2AE1D392-1143-4A0E-AD6A-1D564DE81033}.Debug-Unchecked|Any CPU.Build.0 = Debug|Any CPU
		{2AE1D392-1143-4A0E-AD6A-1D564DE81033}.Debug-Unchecked|ARM.ActiveCfg = Debug|Any CPU
		{2AE1D392-1143-4A0E-AD6A-1D564DE81033}.Debug-Unchecked|ARM.Build.0 = Debug|Any CPU
		{2AE1D392-1143-4A0E-AD6A-1D564DE81033}.Debug-Unchecked|x64.ActiveCfg = Debug|Any CPU
		{2AE1D392-1143-4A0E-AD6A-1D564DE81033}.Debug-Unchecked|x64.Build.0 = Debug|Any CPU
		{2AE1D392-1143-4A0E-AD6A-1D564DE81033}.Debug-Unchecked|x86.ActiveCfg = Debug|Any CPU
		{2AE1D392-1143-4A0E-AD6A-1D564DE81033}.Debug-Unchecked|x86.Build.0 = Debug|Any CPU
		{2AE1D392-1143-4A0E-AD6A-1D564DE81033}.Release|Any CPU.ActiveCfg = Release|Any CPU
		{2AE1D392-1143-4A0E-AD6A-1D564DE81033}.Release|Any CPU.Build.0 = Release|Any CPU
		{2AE1D392-1143-4A0E-AD6A-1D564DE81033}.Release|ARM.ActiveCfg = Release|Any CPU
		{2AE1D392-1143-4A0E-AD6A-1D564DE81033}.Release|ARM.Build.0 = Release|Any CPU
		{2AE1D392-1143-4A0E-AD6A-1D564DE81033}.Release|x64.ActiveCfg = Release|Any CPU
		{2AE1D392-1143-4A0E-AD6A-1D564DE81033}.Release|x64.Build.0 = Release|Any CPU
		{2AE1D392-1143-4A0E-AD6A-1D564DE81033}.Release|x86.ActiveCfg = Release|Any CPU
		{2AE1D392-1143-4A0E-AD6A-1D564DE81033}.Release|x86.Build.0 = Release|Any CPU
		{AE1B96D9-4C66-4A89-975C-8E8BC8C816F6}.Debug|Any CPU.ActiveCfg = Debug|Any CPU
		{AE1B96D9-4C66-4A89-975C-8E8BC8C816F6}.Debug|Any CPU.Build.0 = Debug|Any CPU
		{AE1B96D9-4C66-4A89-975C-8E8BC8C816F6}.Debug|ARM.ActiveCfg = Debug|Any CPU
		{AE1B96D9-4C66-4A89-975C-8E8BC8C816F6}.Debug|ARM.Build.0 = Debug|Any CPU
		{AE1B96D9-4C66-4A89-975C-8E8BC8C816F6}.Debug|x64.ActiveCfg = Debug|Any CPU
		{AE1B96D9-4C66-4A89-975C-8E8BC8C816F6}.Debug|x64.Build.0 = Debug|Any CPU
		{AE1B96D9-4C66-4A89-975C-8E8BC8C816F6}.Debug|x86.ActiveCfg = Debug|Any CPU
		{AE1B96D9-4C66-4A89-975C-8E8BC8C816F6}.Debug|x86.Build.0 = Debug|Any CPU
		{AE1B96D9-4C66-4A89-975C-8E8BC8C816F6}.Debug-Unchecked|Any CPU.ActiveCfg = Debug|Any CPU
		{AE1B96D9-4C66-4A89-975C-8E8BC8C816F6}.Debug-Unchecked|Any CPU.Build.0 = Debug|Any CPU
		{AE1B96D9-4C66-4A89-975C-8E8BC8C816F6}.Debug-Unchecked|ARM.ActiveCfg = Debug|Any CPU
		{AE1B96D9-4C66-4A89-975C-8E8BC8C816F6}.Debug-Unchecked|ARM.Build.0 = Debug|Any CPU
		{AE1B96D9-4C66-4A89-975C-8E8BC8C816F6}.Debug-Unchecked|x64.ActiveCfg = Debug|Any CPU
		{AE1B96D9-4C66-4A89-975C-8E8BC8C816F6}.Debug-Unchecked|x64.Build.0 = Debug|Any CPU
		{AE1B96D9-4C66-4A89-975C-8E8BC8C816F6}.Debug-Unchecked|x86.ActiveCfg = Debug|Any CPU
		{AE1B96D9-4C66-4A89-975C-8E8BC8C816F6}.Debug-Unchecked|x86.Build.0 = Debug|Any CPU
		{AE1B96D9-4C66-4A89-975C-8E8BC8C816F6}.Release|Any CPU.ActiveCfg = Release|Any CPU
		{AE1B96D9-4C66-4A89-975C-8E8BC8C816F6}.Release|Any CPU.Build.0 = Release|Any CPU
		{AE1B96D9-4C66-4A89-975C-8E8BC8C816F6}.Release|ARM.ActiveCfg = Release|Any CPU
		{AE1B96D9-4C66-4A89-975C-8E8BC8C816F6}.Release|ARM.Build.0 = Release|Any CPU
		{AE1B96D9-4C66-4A89-975C-8E8BC8C816F6}.Release|x64.ActiveCfg = Release|Any CPU
		{AE1B96D9-4C66-4A89-975C-8E8BC8C816F6}.Release|x64.Build.0 = Release|Any CPU
		{AE1B96D9-4C66-4A89-975C-8E8BC8C816F6}.Release|x86.ActiveCfg = Release|Any CPU
		{AE1B96D9-4C66-4A89-975C-8E8BC8C816F6}.Release|x86.Build.0 = Release|Any CPU
		{0CE9F498-3B08-4DA4-95F4-BC825EC708CC}.Debug|Any CPU.ActiveCfg = Debug|Any CPU
		{0CE9F498-3B08-4DA4-95F4-BC825EC708CC}.Debug|Any CPU.Build.0 = Debug|Any CPU
		{0CE9F498-3B08-4DA4-95F4-BC825EC708CC}.Debug|ARM.ActiveCfg = Debug|ARM
		{0CE9F498-3B08-4DA4-95F4-BC825EC708CC}.Debug|ARM.Build.0 = Debug|ARM
		{0CE9F498-3B08-4DA4-95F4-BC825EC708CC}.Debug|x64.ActiveCfg = Debug|x64
		{0CE9F498-3B08-4DA4-95F4-BC825EC708CC}.Debug|x64.Build.0 = Debug|x64
		{0CE9F498-3B08-4DA4-95F4-BC825EC708CC}.Debug|x86.ActiveCfg = Debug|x86
		{0CE9F498-3B08-4DA4-95F4-BC825EC708CC}.Debug|x86.Build.0 = Debug|x86
		{0CE9F498-3B08-4DA4-95F4-BC825EC708CC}.Debug-Unchecked|Any CPU.ActiveCfg = Debug-Unchecked|Any CPU
		{0CE9F498-3B08-4DA4-95F4-BC825EC708CC}.Debug-Unchecked|Any CPU.Build.0 = Debug-Unchecked|Any CPU
		{0CE9F498-3B08-4DA4-95F4-BC825EC708CC}.Debug-Unchecked|ARM.ActiveCfg = Debug-Unchecked|ARM
		{0CE9F498-3B08-4DA4-95F4-BC825EC708CC}.Debug-Unchecked|ARM.Build.0 = Debug-Unchecked|ARM
		{0CE9F498-3B08-4DA4-95F4-BC825EC708CC}.Debug-Unchecked|x64.ActiveCfg = Debug-Unchecked|x64
		{0CE9F498-3B08-4DA4-95F4-BC825EC708CC}.Debug-Unchecked|x64.Build.0 = Debug-Unchecked|x64
		{0CE9F498-3B08-4DA4-95F4-BC825EC708CC}.Debug-Unchecked|x86.ActiveCfg = Debug-Unchecked|x86
		{0CE9F498-3B08-4DA4-95F4-BC825EC708CC}.Debug-Unchecked|x86.Build.0 = Debug-Unchecked|x86
		{0CE9F498-3B08-4DA4-95F4-BC825EC708CC}.Release|Any CPU.ActiveCfg = Release|Any CPU
		{0CE9F498-3B08-4DA4-95F4-BC825EC708CC}.Release|Any CPU.Build.0 = Release|Any CPU
		{0CE9F498-3B08-4DA4-95F4-BC825EC708CC}.Release|ARM.ActiveCfg = Release|ARM
		{0CE9F498-3B08-4DA4-95F4-BC825EC708CC}.Release|ARM.Build.0 = Release|ARM
		{0CE9F498-3B08-4DA4-95F4-BC825EC708CC}.Release|x64.ActiveCfg = Release|x64
		{0CE9F498-3B08-4DA4-95F4-BC825EC708CC}.Release|x64.Build.0 = Release|x64
		{0CE9F498-3B08-4DA4-95F4-BC825EC708CC}.Release|x86.ActiveCfg = Release|x86
		{0CE9F498-3B08-4DA4-95F4-BC825EC708CC}.Release|x86.Build.0 = Release|x86
		{0CC8DA81-E4DC-4654-B5F8-F5AFB2EE7C2D}.Debug|Any CPU.ActiveCfg = Debug|Any CPU
		{0CC8DA81-E4DC-4654-B5F8-F5AFB2EE7C2D}.Debug|Any CPU.Build.0 = Debug|Any CPU
		{0CC8DA81-E4DC-4654-B5F8-F5AFB2EE7C2D}.Debug|ARM.ActiveCfg = Debug|Any CPU
		{0CC8DA81-E4DC-4654-B5F8-F5AFB2EE7C2D}.Debug|ARM.Build.0 = Debug|Any CPU
		{0CC8DA81-E4DC-4654-B5F8-F5AFB2EE7C2D}.Debug|x64.ActiveCfg = Debug|Any CPU
		{0CC8DA81-E4DC-4654-B5F8-F5AFB2EE7C2D}.Debug|x64.Build.0 = Debug|Any CPU
		{0CC8DA81-E4DC-4654-B5F8-F5AFB2EE7C2D}.Debug|x86.ActiveCfg = Debug|Any CPU
		{0CC8DA81-E4DC-4654-B5F8-F5AFB2EE7C2D}.Debug|x86.Build.0 = Debug|Any CPU
		{0CC8DA81-E4DC-4654-B5F8-F5AFB2EE7C2D}.Debug-Unchecked|Any CPU.ActiveCfg = Debug|Any CPU
		{0CC8DA81-E4DC-4654-B5F8-F5AFB2EE7C2D}.Debug-Unchecked|Any CPU.Build.0 = Debug|Any CPU
		{0CC8DA81-E4DC-4654-B5F8-F5AFB2EE7C2D}.Debug-Unchecked|ARM.ActiveCfg = Debug|Any CPU
		{0CC8DA81-E4DC-4654-B5F8-F5AFB2EE7C2D}.Debug-Unchecked|ARM.Build.0 = Debug|Any CPU
		{0CC8DA81-E4DC-4654-B5F8-F5AFB2EE7C2D}.Debug-Unchecked|x64.ActiveCfg = Debug|Any CPU
		{0CC8DA81-E4DC-4654-B5F8-F5AFB2EE7C2D}.Debug-Unchecked|x64.Build.0 = Debug|Any CPU
		{0CC8DA81-E4DC-4654-B5F8-F5AFB2EE7C2D}.Debug-Unchecked|x86.ActiveCfg = Debug|Any CPU
		{0CC8DA81-E4DC-4654-B5F8-F5AFB2EE7C2D}.Debug-Unchecked|x86.Build.0 = Debug|Any CPU
		{0CC8DA81-E4DC-4654-B5F8-F5AFB2EE7C2D}.Release|Any CPU.ActiveCfg = Release|Any CPU
		{0CC8DA81-E4DC-4654-B5F8-F5AFB2EE7C2D}.Release|Any CPU.Build.0 = Release|Any CPU
		{0CC8DA81-E4DC-4654-B5F8-F5AFB2EE7C2D}.Release|ARM.ActiveCfg = Release|Any CPU
		{0CC8DA81-E4DC-4654-B5F8-F5AFB2EE7C2D}.Release|ARM.Build.0 = Release|Any CPU
		{0CC8DA81-E4DC-4654-B5F8-F5AFB2EE7C2D}.Release|x64.ActiveCfg = Release|Any CPU
		{0CC8DA81-E4DC-4654-B5F8-F5AFB2EE7C2D}.Release|x64.Build.0 = Release|Any CPU
		{0CC8DA81-E4DC-4654-B5F8-F5AFB2EE7C2D}.Release|x86.ActiveCfg = Release|Any CPU
		{0CC8DA81-E4DC-4654-B5F8-F5AFB2EE7C2D}.Release|x86.Build.0 = Release|Any CPU
		{CEFBBA53-50C5-449F-B20E-56C9A946D2B0}.Debug|Any CPU.ActiveCfg = Debug|Any CPU
		{CEFBBA53-50C5-449F-B20E-56C9A946D2B0}.Debug|Any CPU.Build.0 = Debug|Any CPU
		{CEFBBA53-50C5-449F-B20E-56C9A946D2B0}.Debug|ARM.ActiveCfg = Debug|Any CPU
		{CEFBBA53-50C5-449F-B20E-56C9A946D2B0}.Debug|ARM.Build.0 = Debug|Any CPU
		{CEFBBA53-50C5-449F-B20E-56C9A946D2B0}.Debug|x64.ActiveCfg = Debug|Any CPU
		{CEFBBA53-50C5-449F-B20E-56C9A946D2B0}.Debug|x64.Build.0 = Debug|Any CPU
		{CEFBBA53-50C5-449F-B20E-56C9A946D2B0}.Debug|x86.ActiveCfg = Debug|Any CPU
		{CEFBBA53-50C5-449F-B20E-56C9A946D2B0}.Debug|x86.Build.0 = Debug|Any CPU
		{CEFBBA53-50C5-449F-B20E-56C9A946D2B0}.Debug-Unchecked|Any CPU.ActiveCfg = Debug-Unchecked|Any CPU
		{CEFBBA53-50C5-449F-B20E-56C9A946D2B0}.Debug-Unchecked|Any CPU.Build.0 = Debug-Unchecked|Any CPU
		{CEFBBA53-50C5-449F-B20E-56C9A946D2B0}.Debug-Unchecked|ARM.ActiveCfg = Debug-Unchecked|Any CPU
		{CEFBBA53-50C5-449F-B20E-56C9A946D2B0}.Debug-Unchecked|ARM.Build.0 = Debug-Unchecked|Any CPU
		{CEFBBA53-50C5-449F-B20E-56C9A946D2B0}.Debug-Unchecked|x64.ActiveCfg = Debug-Unchecked|Any CPU
		{CEFBBA53-50C5-449F-B20E-56C9A946D2B0}.Debug-Unchecked|x64.Build.0 = Debug-Unchecked|Any CPU
		{CEFBBA53-50C5-449F-B20E-56C9A946D2B0}.Debug-Unchecked|x86.ActiveCfg = Debug-Unchecked|Any CPU
		{CEFBBA53-50C5-449F-B20E-56C9A946D2B0}.Debug-Unchecked|x86.Build.0 = Debug-Unchecked|Any CPU
		{CEFBBA53-50C5-449F-B20E-56C9A946D2B0}.Release|Any CPU.ActiveCfg = Release|Any CPU
		{CEFBBA53-50C5-449F-B20E-56C9A946D2B0}.Release|Any CPU.Build.0 = Release|Any CPU
		{CEFBBA53-50C5-449F-B20E-56C9A946D2B0}.Release|ARM.ActiveCfg = Release|Any CPU
		{CEFBBA53-50C5-449F-B20E-56C9A946D2B0}.Release|ARM.Build.0 = Release|Any CPU
		{CEFBBA53-50C5-449F-B20E-56C9A946D2B0}.Release|x64.ActiveCfg = Release|Any CPU
		{CEFBBA53-50C5-449F-B20E-56C9A946D2B0}.Release|x64.Build.0 = Release|Any CPU
		{CEFBBA53-50C5-449F-B20E-56C9A946D2B0}.Release|x86.ActiveCfg = Release|Any CPU
		{CEFBBA53-50C5-449F-B20E-56C9A946D2B0}.Release|x86.Build.0 = Release|Any CPU
		{344A5AFA-7C3F-460F-8916-6E103AB31488}.Debug|Any CPU.ActiveCfg = Debug|Any CPU
		{344A5AFA-7C3F-460F-8916-6E103AB31488}.Debug|Any CPU.Build.0 = Debug|Any CPU
		{344A5AFA-7C3F-460F-8916-6E103AB31488}.Debug|ARM.ActiveCfg = Debug|Any CPU
		{344A5AFA-7C3F-460F-8916-6E103AB31488}.Debug|ARM.Build.0 = Debug|Any CPU
		{344A5AFA-7C3F-460F-8916-6E103AB31488}.Debug|x64.ActiveCfg = Debug|Any CPU
		{344A5AFA-7C3F-460F-8916-6E103AB31488}.Debug|x64.Build.0 = Debug|Any CPU
		{344A5AFA-7C3F-460F-8916-6E103AB31488}.Debug|x86.ActiveCfg = Debug|Any CPU
		{344A5AFA-7C3F-460F-8916-6E103AB31488}.Debug|x86.Build.0 = Debug|Any CPU
		{344A5AFA-7C3F-460F-8916-6E103AB31488}.Debug-Unchecked|Any CPU.ActiveCfg = Debug-Unchecked|Any CPU
		{344A5AFA-7C3F-460F-8916-6E103AB31488}.Debug-Unchecked|Any CPU.Build.0 = Debug-Unchecked|Any CPU
		{344A5AFA-7C3F-460F-8916-6E103AB31488}.Debug-Unchecked|ARM.ActiveCfg = Debug-Unchecked|Any CPU
		{344A5AFA-7C3F-460F-8916-6E103AB31488}.Debug-Unchecked|ARM.Build.0 = Debug-Unchecked|Any CPU
		{344A5AFA-7C3F-460F-8916-6E103AB31488}.Debug-Unchecked|x64.ActiveCfg = Debug-Unchecked|Any CPU
		{344A5AFA-7C3F-460F-8916-6E103AB31488}.Debug-Unchecked|x64.Build.0 = Debug-Unchecked|Any CPU
		{344A5AFA-7C3F-460F-8916-6E103AB31488}.Debug-Unchecked|x86.ActiveCfg = Debug-Unchecked|Any CPU
		{344A5AFA-7C3F-460F-8916-6E103AB31488}.Debug-Unchecked|x86.Build.0 = Debug-Unchecked|Any CPU
		{344A5AFA-7C3F-460F-8916-6E103AB31488}.Release|Any CPU.ActiveCfg = Release|Any CPU
		{344A5AFA-7C3F-460F-8916-6E103AB31488}.Release|Any CPU.Build.0 = Release|Any CPU
		{344A5AFA-7C3F-460F-8916-6E103AB31488}.Release|ARM.ActiveCfg = Release|Any CPU
		{344A5AFA-7C3F-460F-8916-6E103AB31488}.Release|ARM.Build.0 = Release|Any CPU
		{344A5AFA-7C3F-460F-8916-6E103AB31488}.Release|x64.ActiveCfg = Release|Any CPU
		{344A5AFA-7C3F-460F-8916-6E103AB31488}.Release|x64.Build.0 = Release|Any CPU
		{344A5AFA-7C3F-460F-8916-6E103AB31488}.Release|x86.ActiveCfg = Release|Any CPU
		{344A5AFA-7C3F-460F-8916-6E103AB31488}.Release|x86.Build.0 = Release|Any CPU
	EndGlobalSection
	GlobalSection(SolutionProperties) = preSolution
		HideSolutionNode = FALSE
	EndGlobalSection
	GlobalSection(NestedProjects) = preSolution
		{2C523692-A40B-4A7E-A95A-FBE373F263F7} = {45AB3491-1D3C-472B-A4DA-3D9E70E3210A}
		{42D213CA-8584-4B1B-8928-A54C5D937E86} = {45AB3491-1D3C-472B-A4DA-3D9E70E3210A}
		{E92091C6-46F6-423E-B5CE-7DDCD2840CCE} = {D6583546-CE70-4444-AA54-0AD7AD0026C9}
		{60649569-197C-4E0F-95F4-F87CFF73A610} = {D6583546-CE70-4444-AA54-0AD7AD0026C9}
		{2AE1D392-1143-4A0E-AD6A-1D564DE81033} = {D6583546-CE70-4444-AA54-0AD7AD0026C9}
		{AE1B96D9-4C66-4A89-975C-8E8BC8C816F6} = {D6583546-CE70-4444-AA54-0AD7AD0026C9}
		{0CE9F498-3B08-4DA4-95F4-BC825EC708CC} = {45AB3491-1D3C-472B-A4DA-3D9E70E3210A}
		{0CC8DA81-E4DC-4654-B5F8-F5AFB2EE7C2D} = {D6583546-CE70-4444-AA54-0AD7AD0026C9}
		{CEFBBA53-50C5-449F-B20E-56C9A946D2B0} = {D6583546-CE70-4444-AA54-0AD7AD0026C9}
		{344A5AFA-7C3F-460F-8916-6E103AB31488} = {D6583546-CE70-4444-AA54-0AD7AD0026C9}
	EndGlobalSection
EndGlobal
