
Microsoft Visual Studio Solution File, Format Version 12.00
# Visual Studio 14
VisualStudioVersion = 14.0.25123.0
MinimumVisualStudioVersion = 10.0.40219.1
Project("{2150E333-8FDC-42A3-9474-1A3956D46DE8}") = "Solution Items", "Solution Items", "{AAE3DA8A-65B5-4A2E-BB48-002C3C8D045B}"
	ProjectSection(SolutionItems) = preProject
		..\.gitignore = ..\.gitignore
		..\README.md = ..\README.md
		Tortuga.Chain.ruleset = Tortuga.Chain.ruleset
	EndProjectSection
EndProject
Project("{2150E333-8FDC-42A3-9474-1A3956D46DE8}") = "SQL Server", "SQL Server", "{05542BBF-0A44-4F28-A504-640F319CC546}"
	ProjectSection(SolutionItems) = preProject
		Package.Tortuga.Chain.SqlServer.msbuild = Package.Tortuga.Chain.SqlServer.msbuild
		Tortuga.Chain.SqlServer.nuspec = Tortuga.Chain.SqlServer.nuspec
	EndProjectSection
EndProject
Project("{2150E333-8FDC-42A3-9474-1A3956D46DE8}") = "Dependencies", "Dependencies", "{6FB40F3D-E4CC-4E11-952C-BBD437AD2BF8}"
EndProject
Project("{FAE04EC0-301F-11D3-BF4B-00C04F79EFBC}") = "Tortuga.Chain.Core.source", "Tortuga.Chain.Core.source\Tortuga.Chain.Core.source.csproj", "{2C523692-A40B-4A7E-A95A-FBE373F263F7}"
EndProject
Project("{00D1A9C2-B5F0-4AF3-8072-F6C62B433612}") = "SqlServerTestDatabase", "SqlServerTestDatabase\SqlServerTestDatabase.sqlproj", "{4AFDE645-5868-4C91-BCE3-D09F69958AE8}"
EndProject
Project("{FAE04EC0-301F-11D3-BF4B-00C04F79EFBC}") = "Tortuga.Chain.SqlServer.source", "Tortuga.Chain.SqlServer.source\Tortuga.Chain.SqlServer.source.csproj", "{5D3159AD-141C-4853-9ECC-A1FD603BD8C4}"
EndProject
Project("{FAE04EC0-301F-11D3-BF4B-00C04F79EFBC}") = "Tests.Tortuga.Chain.SqlServer.Comparison.source", "Tests.Tortuga.Chain.SqlServer.Comparison.source\Tests.Tortuga.Chain.SqlServer.Comparison.source.csproj", "{268686C1-5787-42EC-82EF-AC52C23075AE}"
EndProject
Project("{FAE04EC0-301F-11D3-BF4B-00C04F79EFBC}") = "Tests.Tortuga.Chain.SqlServer.source", "Tests.Tortuga.Chain.SqlServer.source\Tests.Tortuga.Chain.SqlServer.source.csproj", "{A0504A3A-92DB-4EE2-8738-4ED2E3D94BE7}"
EndProject
Project("{FAE04EC0-301F-11D3-BF4B-00C04F79EFBC}") = "Tortuga.Chain.SqlServer.net46", "Tortuga.Chain.SqlServer.net46\Tortuga.Chain.SqlServer.net46.csproj", "{921BF2D5-9097-4BDD-8D6A-339DAA23EC24}"
EndProject
Project("{FAE04EC0-301F-11D3-BF4B-00C04F79EFBC}") = "Tortuga.Chain.SqlServer.net45", "Tortuga.Chain.SqlServer.net45\Tortuga.Chain.SqlServer.net45.csproj", "{0D09BB54-BEEF-41CB-965D-0D7F3CFD2270}"
EndProject
Project("{FAE04EC0-301F-11D3-BF4B-00C04F79EFBC}") = "Tortuga.Chain.CompiledMaterializers.source", "Tortuga.Chain.CompiledMaterializers.source\Tortuga.Chain.CompiledMaterializers.source.csproj", "{42D213CA-8584-4B1B-8928-A54C5D937E86}"
EndProject
Global
	GlobalSection(SolutionConfigurationPlatforms) = preSolution
		Debug|Any CPU = Debug|Any CPU
		Debug|ARM = Debug|ARM
		Debug|x64 = Debug|x64
		Debug|x86 = Debug|x86
		Debug-Unchecked|Any CPU = Debug-Unchecked|Any CPU
		Debug-Unchecked|ARM = Debug-Unchecked|ARM
		Debug-Unchecked|x64 = Debug-Unchecked|x64
		Debug-Unchecked|x86 = Debug-Unchecked|x86
		Release|Any CPU = Release|Any CPU
		Release|ARM = Release|ARM
		Release|x64 = Release|x64
		Release|x86 = Release|x86
	EndGlobalSection
	GlobalSection(ProjectConfigurationPlatforms) = postSolution
		{2C523692-A40B-4A7E-A95A-FBE373F263F7}.Debug|Any CPU.ActiveCfg = Debug|Any CPU
		{2C523692-A40B-4A7E-A95A-FBE373F263F7}.Debug|Any CPU.Build.0 = Debug|Any CPU
		{2C523692-A40B-4A7E-A95A-FBE373F263F7}.Debug|ARM.ActiveCfg = Debug|Any CPU
		{2C523692-A40B-4A7E-A95A-FBE373F263F7}.Debug|ARM.Build.0 = Debug|Any CPU
		{2C523692-A40B-4A7E-A95A-FBE373F263F7}.Debug|x64.ActiveCfg = Debug|Any CPU
		{2C523692-A40B-4A7E-A95A-FBE373F263F7}.Debug|x64.Build.0 = Debug|Any CPU
		{2C523692-A40B-4A7E-A95A-FBE373F263F7}.Debug|x86.ActiveCfg = Debug|Any CPU
		{2C523692-A40B-4A7E-A95A-FBE373F263F7}.Debug|x86.Build.0 = Debug|Any CPU
		{2C523692-A40B-4A7E-A95A-FBE373F263F7}.Debug-Unchecked|Any CPU.ActiveCfg = Debug-Unchecked|Any CPU
		{2C523692-A40B-4A7E-A95A-FBE373F263F7}.Debug-Unchecked|Any CPU.Build.0 = Debug-Unchecked|Any CPU
		{2C523692-A40B-4A7E-A95A-FBE373F263F7}.Debug-Unchecked|ARM.ActiveCfg = Debug-Unchecked|Any CPU
		{2C523692-A40B-4A7E-A95A-FBE373F263F7}.Debug-Unchecked|ARM.Build.0 = Debug-Unchecked|Any CPU
		{2C523692-A40B-4A7E-A95A-FBE373F263F7}.Debug-Unchecked|x64.ActiveCfg = Debug-Unchecked|Any CPU
		{2C523692-A40B-4A7E-A95A-FBE373F263F7}.Debug-Unchecked|x64.Build.0 = Debug-Unchecked|Any CPU
		{2C523692-A40B-4A7E-A95A-FBE373F263F7}.Debug-Unchecked|x86.ActiveCfg = Debug-Unchecked|Any CPU
		{2C523692-A40B-4A7E-A95A-FBE373F263F7}.Debug-Unchecked|x86.Build.0 = Debug-Unchecked|Any CPU
		{2C523692-A40B-4A7E-A95A-FBE373F263F7}.Release|Any CPU.ActiveCfg = Release|Any CPU
		{2C523692-A40B-4A7E-A95A-FBE373F263F7}.Release|Any CPU.Build.0 = Release|Any CPU
		{2C523692-A40B-4A7E-A95A-FBE373F263F7}.Release|ARM.ActiveCfg = Release|Any CPU
		{2C523692-A40B-4A7E-A95A-FBE373F263F7}.Release|ARM.Build.0 = Release|Any CPU
		{2C523692-A40B-4A7E-A95A-FBE373F263F7}.Release|x64.ActiveCfg = Release|Any CPU
		{2C523692-A40B-4A7E-A95A-FBE373F263F7}.Release|x64.Build.0 = Release|Any CPU
		{2C523692-A40B-4A7E-A95A-FBE373F263F7}.Release|x86.ActiveCfg = Release|Any CPU
		{2C523692-A40B-4A7E-A95A-FBE373F263F7}.Release|x86.Build.0 = Release|Any CPU
		{4AFDE645-5868-4C91-BCE3-D09F69958AE8}.Debug|Any CPU.ActiveCfg = Debug|Any CPU
		{4AFDE645-5868-4C91-BCE3-D09F69958AE8}.Debug|Any CPU.Build.0 = Debug|Any CPU
		{4AFDE645-5868-4C91-BCE3-D09F69958AE8}.Debug|Any CPU.Deploy.0 = Debug|Any CPU
		{4AFDE645-5868-4C91-BCE3-D09F69958AE8}.Debug|ARM.ActiveCfg = Debug|Any CPU
		{4AFDE645-5868-4C91-BCE3-D09F69958AE8}.Debug|ARM.Build.0 = Debug|Any CPU
		{4AFDE645-5868-4C91-BCE3-D09F69958AE8}.Debug|ARM.Deploy.0 = Debug|Any CPU
		{4AFDE645-5868-4C91-BCE3-D09F69958AE8}.Debug|x64.ActiveCfg = Debug|Any CPU
		{4AFDE645-5868-4C91-BCE3-D09F69958AE8}.Debug|x64.Build.0 = Debug|Any CPU
		{4AFDE645-5868-4C91-BCE3-D09F69958AE8}.Debug|x64.Deploy.0 = Debug|Any CPU
		{4AFDE645-5868-4C91-BCE3-D09F69958AE8}.Debug|x86.ActiveCfg = Debug|Any CPU
		{4AFDE645-5868-4C91-BCE3-D09F69958AE8}.Debug|x86.Build.0 = Debug|Any CPU
		{4AFDE645-5868-4C91-BCE3-D09F69958AE8}.Debug|x86.Deploy.0 = Debug|Any CPU
		{4AFDE645-5868-4C91-BCE3-D09F69958AE8}.Debug-Unchecked|Any CPU.ActiveCfg = Debug-Unchecked|Any CPU
		{4AFDE645-5868-4C91-BCE3-D09F69958AE8}.Debug-Unchecked|Any CPU.Build.0 = Debug-Unchecked|Any CPU
		{4AFDE645-5868-4C91-BCE3-D09F69958AE8}.Debug-Unchecked|Any CPU.Deploy.0 = Debug-Unchecked|Any CPU
		{4AFDE645-5868-4C91-BCE3-D09F69958AE8}.Debug-Unchecked|ARM.ActiveCfg = Debug-Unchecked|Any CPU
		{4AFDE645-5868-4C91-BCE3-D09F69958AE8}.Debug-Unchecked|ARM.Build.0 = Debug-Unchecked|Any CPU
		{4AFDE645-5868-4C91-BCE3-D09F69958AE8}.Debug-Unchecked|ARM.Deploy.0 = Debug-Unchecked|Any CPU
		{4AFDE645-5868-4C91-BCE3-D09F69958AE8}.Debug-Unchecked|x64.ActiveCfg = Debug-Unchecked|Any CPU
		{4AFDE645-5868-4C91-BCE3-D09F69958AE8}.Debug-Unchecked|x64.Build.0 = Debug-Unchecked|Any CPU
		{4AFDE645-5868-4C91-BCE3-D09F69958AE8}.Debug-Unchecked|x64.Deploy.0 = Debug-Unchecked|Any CPU
		{4AFDE645-5868-4C91-BCE3-D09F69958AE8}.Debug-Unchecked|x86.ActiveCfg = Debug-Unchecked|Any CPU
		{4AFDE645-5868-4C91-BCE3-D09F69958AE8}.Debug-Unchecked|x86.Build.0 = Debug-Unchecked|Any CPU
		{4AFDE645-5868-4C91-BCE3-D09F69958AE8}.Debug-Unchecked|x86.Deploy.0 = Debug-Unchecked|Any CPU
		{4AFDE645-5868-4C91-BCE3-D09F69958AE8}.Release|Any CPU.ActiveCfg = Release|Any CPU
		{4AFDE645-5868-4C91-BCE3-D09F69958AE8}.Release|Any CPU.Build.0 = Release|Any CPU
		{4AFDE645-5868-4C91-BCE3-D09F69958AE8}.Release|Any CPU.Deploy.0 = Release|Any CPU
		{4AFDE645-5868-4C91-BCE3-D09F69958AE8}.Release|ARM.ActiveCfg = Release|Any CPU
		{4AFDE645-5868-4C91-BCE3-D09F69958AE8}.Release|ARM.Build.0 = Release|Any CPU
		{4AFDE645-5868-4C91-BCE3-D09F69958AE8}.Release|ARM.Deploy.0 = Release|Any CPU
		{4AFDE645-5868-4C91-BCE3-D09F69958AE8}.Release|x64.ActiveCfg = Release|Any CPU
		{4AFDE645-5868-4C91-BCE3-D09F69958AE8}.Release|x64.Build.0 = Release|Any CPU
		{4AFDE645-5868-4C91-BCE3-D09F69958AE8}.Release|x64.Deploy.0 = Release|Any CPU
		{4AFDE645-5868-4C91-BCE3-D09F69958AE8}.Release|x86.ActiveCfg = Release|Any CPU
		{4AFDE645-5868-4C91-BCE3-D09F69958AE8}.Release|x86.Build.0 = Release|Any CPU
		{4AFDE645-5868-4C91-BCE3-D09F69958AE8}.Release|x86.Deploy.0 = Release|Any CPU
		{5D3159AD-141C-4853-9ECC-A1FD603BD8C4}.Debug|Any CPU.ActiveCfg = Debug|Any CPU
		{5D3159AD-141C-4853-9ECC-A1FD603BD8C4}.Debug|Any CPU.Build.0 = Debug|Any CPU
		{5D3159AD-141C-4853-9ECC-A1FD603BD8C4}.Debug|ARM.ActiveCfg = Debug|Any CPU
		{5D3159AD-141C-4853-9ECC-A1FD603BD8C4}.Debug|ARM.Build.0 = Debug|Any CPU
		{5D3159AD-141C-4853-9ECC-A1FD603BD8C4}.Debug|x64.ActiveCfg = Debug|Any CPU
		{5D3159AD-141C-4853-9ECC-A1FD603BD8C4}.Debug|x64.Build.0 = Debug|Any CPU
		{5D3159AD-141C-4853-9ECC-A1FD603BD8C4}.Debug|x86.ActiveCfg = Debug|Any CPU
		{5D3159AD-141C-4853-9ECC-A1FD603BD8C4}.Debug|x86.Build.0 = Debug|Any CPU
		{5D3159AD-141C-4853-9ECC-A1FD603BD8C4}.Debug-Unchecked|Any CPU.ActiveCfg = Debug-Unchecked|Any CPU
		{5D3159AD-141C-4853-9ECC-A1FD603BD8C4}.Debug-Unchecked|Any CPU.Build.0 = Debug-Unchecked|Any CPU
		{5D3159AD-141C-4853-9ECC-A1FD603BD8C4}.Debug-Unchecked|ARM.ActiveCfg = Debug-Unchecked|Any CPU
		{5D3159AD-141C-4853-9ECC-A1FD603BD8C4}.Debug-Unchecked|ARM.Build.0 = Debug-Unchecked|Any CPU
		{5D3159AD-141C-4853-9ECC-A1FD603BD8C4}.Debug-Unchecked|x64.ActiveCfg = Debug-Unchecked|Any CPU
		{5D3159AD-141C-4853-9ECC-A1FD603BD8C4}.Debug-Unchecked|x64.Build.0 = Debug-Unchecked|Any CPU
		{5D3159AD-141C-4853-9ECC-A1FD603BD8C4}.Debug-Unchecked|x86.ActiveCfg = Debug-Unchecked|Any CPU
		{5D3159AD-141C-4853-9ECC-A1FD603BD8C4}.Debug-Unchecked|x86.Build.0 = Debug-Unchecked|Any CPU
		{5D3159AD-141C-4853-9ECC-A1FD603BD8C4}.Release|Any CPU.ActiveCfg = Release|Any CPU
		{5D3159AD-141C-4853-9ECC-A1FD603BD8C4}.Release|Any CPU.Build.0 = Release|Any CPU
		{5D3159AD-141C-4853-9ECC-A1FD603BD8C4}.Release|ARM.ActiveCfg = Release|Any CPU
		{5D3159AD-141C-4853-9ECC-A1FD603BD8C4}.Release|ARM.Build.0 = Release|Any CPU
		{5D3159AD-141C-4853-9ECC-A1FD603BD8C4}.Release|x64.ActiveCfg = Release|Any CPU
		{5D3159AD-141C-4853-9ECC-A1FD603BD8C4}.Release|x64.Build.0 = Release|Any CPU
		{5D3159AD-141C-4853-9ECC-A1FD603BD8C4}.Release|x86.ActiveCfg = Release|Any CPU
		{5D3159AD-141C-4853-9ECC-A1FD603BD8C4}.Release|x86.Build.0 = Release|Any CPU
		{268686C1-5787-42EC-82EF-AC52C23075AE}.Debug|Any CPU.ActiveCfg = Debug|Any CPU
		{268686C1-5787-42EC-82EF-AC52C23075AE}.Debug|Any CPU.Build.0 = Debug|Any CPU
		{268686C1-5787-42EC-82EF-AC52C23075AE}.Debug|ARM.ActiveCfg = Debug|Any CPU
		{268686C1-5787-42EC-82EF-AC52C23075AE}.Debug|ARM.Build.0 = Debug|Any CPU
		{268686C1-5787-42EC-82EF-AC52C23075AE}.Debug|x64.ActiveCfg = Debug|Any CPU
		{268686C1-5787-42EC-82EF-AC52C23075AE}.Debug|x64.Build.0 = Debug|Any CPU
		{268686C1-5787-42EC-82EF-AC52C23075AE}.Debug|x86.ActiveCfg = Debug|Any CPU
		{268686C1-5787-42EC-82EF-AC52C23075AE}.Debug|x86.Build.0 = Debug|Any CPU
		{268686C1-5787-42EC-82EF-AC52C23075AE}.Debug-Unchecked|Any CPU.ActiveCfg = Debug-Unchecked|Any CPU
		{268686C1-5787-42EC-82EF-AC52C23075AE}.Debug-Unchecked|Any CPU.Build.0 = Debug-Unchecked|Any CPU
		{268686C1-5787-42EC-82EF-AC52C23075AE}.Debug-Unchecked|ARM.ActiveCfg = Debug-Unchecked|Any CPU
		{268686C1-5787-42EC-82EF-AC52C23075AE}.Debug-Unchecked|ARM.Build.0 = Debug-Unchecked|Any CPU
		{268686C1-5787-42EC-82EF-AC52C23075AE}.Debug-Unchecked|x64.ActiveCfg = Debug-Unchecked|Any CPU
		{268686C1-5787-42EC-82EF-AC52C23075AE}.Debug-Unchecked|x64.Build.0 = Debug-Unchecked|Any CPU
		{268686C1-5787-42EC-82EF-AC52C23075AE}.Debug-Unchecked|x86.ActiveCfg = Debug-Unchecked|Any CPU
		{268686C1-5787-42EC-82EF-AC52C23075AE}.Debug-Unchecked|x86.Build.0 = Debug-Unchecked|Any CPU
		{268686C1-5787-42EC-82EF-AC52C23075AE}.Release|Any CPU.ActiveCfg = Release|Any CPU
		{268686C1-5787-42EC-82EF-AC52C23075AE}.Release|Any CPU.Build.0 = Release|Any CPU
		{268686C1-5787-42EC-82EF-AC52C23075AE}.Release|ARM.ActiveCfg = Release|Any CPU
		{268686C1-5787-42EC-82EF-AC52C23075AE}.Release|ARM.Build.0 = Release|Any CPU
		{268686C1-5787-42EC-82EF-AC52C23075AE}.Release|x64.ActiveCfg = Release|Any CPU
		{268686C1-5787-42EC-82EF-AC52C23075AE}.Release|x64.Build.0 = Release|Any CPU
		{268686C1-5787-42EC-82EF-AC52C23075AE}.Release|x86.ActiveCfg = Release|Any CPU
		{268686C1-5787-42EC-82EF-AC52C23075AE}.Release|x86.Build.0 = Release|Any CPU
		{A0504A3A-92DB-4EE2-8738-4ED2E3D94BE7}.Debug|Any CPU.ActiveCfg = Debug|Any CPU
		{A0504A3A-92DB-4EE2-8738-4ED2E3D94BE7}.Debug|Any CPU.Build.0 = Debug|Any CPU
		{A0504A3A-92DB-4EE2-8738-4ED2E3D94BE7}.Debug|ARM.ActiveCfg = Debug|Any CPU
		{A0504A3A-92DB-4EE2-8738-4ED2E3D94BE7}.Debug|ARM.Build.0 = Debug|Any CPU
		{A0504A3A-92DB-4EE2-8738-4ED2E3D94BE7}.Debug|x64.ActiveCfg = Debug|Any CPU
		{A0504A3A-92DB-4EE2-8738-4ED2E3D94BE7}.Debug|x64.Build.0 = Debug|Any CPU
		{A0504A3A-92DB-4EE2-8738-4ED2E3D94BE7}.Debug|x86.ActiveCfg = Debug|Any CPU
		{A0504A3A-92DB-4EE2-8738-4ED2E3D94BE7}.Debug|x86.Build.0 = Debug|Any CPU
		{A0504A3A-92DB-4EE2-8738-4ED2E3D94BE7}.Debug-Unchecked|Any CPU.ActiveCfg = Debug-Unchecked|Any CPU
		{A0504A3A-92DB-4EE2-8738-4ED2E3D94BE7}.Debug-Unchecked|Any CPU.Build.0 = Debug-Unchecked|Any CPU
		{A0504A3A-92DB-4EE2-8738-4ED2E3D94BE7}.Debug-Unchecked|ARM.ActiveCfg = Debug-Unchecked|Any CPU
		{A0504A3A-92DB-4EE2-8738-4ED2E3D94BE7}.Debug-Unchecked|ARM.Build.0 = Debug-Unchecked|Any CPU
		{A0504A3A-92DB-4EE2-8738-4ED2E3D94BE7}.Debug-Unchecked|x64.ActiveCfg = Debug-Unchecked|Any CPU
		{A0504A3A-92DB-4EE2-8738-4ED2E3D94BE7}.Debug-Unchecked|x64.Build.0 = Debug-Unchecked|Any CPU
		{A0504A3A-92DB-4EE2-8738-4ED2E3D94BE7}.Debug-Unchecked|x86.ActiveCfg = Debug-Unchecked|Any CPU
		{A0504A3A-92DB-4EE2-8738-4ED2E3D94BE7}.Debug-Unchecked|x86.Build.0 = Debug-Unchecked|Any CPU
		{A0504A3A-92DB-4EE2-8738-4ED2E3D94BE7}.Release|Any CPU.ActiveCfg = Release|Any CPU
		{A0504A3A-92DB-4EE2-8738-4ED2E3D94BE7}.Release|Any CPU.Build.0 = Release|Any CPU
		{A0504A3A-92DB-4EE2-8738-4ED2E3D94BE7}.Release|ARM.ActiveCfg = Release|Any CPU
		{A0504A3A-92DB-4EE2-8738-4ED2E3D94BE7}.Release|ARM.Build.0 = Release|Any CPU
		{A0504A3A-92DB-4EE2-8738-4ED2E3D94BE7}.Release|x64.ActiveCfg = Release|Any CPU
		{A0504A3A-92DB-4EE2-8738-4ED2E3D94BE7}.Release|x64.Build.0 = Release|Any CPU
		{A0504A3A-92DB-4EE2-8738-4ED2E3D94BE7}.Release|x86.ActiveCfg = Release|Any CPU
		{A0504A3A-92DB-4EE2-8738-4ED2E3D94BE7}.Release|x86.Build.0 = Release|Any CPU
		{921BF2D5-9097-4BDD-8D6A-339DAA23EC24}.Debug|Any CPU.ActiveCfg = Debug|Any CPU
		{921BF2D5-9097-4BDD-8D6A-339DAA23EC24}.Debug|Any CPU.Build.0 = Debug|Any CPU
		{921BF2D5-9097-4BDD-8D6A-339DAA23EC24}.Debug|ARM.ActiveCfg = Debug|Any CPU
		{921BF2D5-9097-4BDD-8D6A-339DAA23EC24}.Debug|ARM.Build.0 = Debug|Any CPU
		{921BF2D5-9097-4BDD-8D6A-339DAA23EC24}.Debug|x64.ActiveCfg = Debug|Any CPU
		{921BF2D5-9097-4BDD-8D6A-339DAA23EC24}.Debug|x64.Build.0 = Debug|Any CPU
		{921BF2D5-9097-4BDD-8D6A-339DAA23EC24}.Debug|x86.ActiveCfg = Debug|Any CPU
		{921BF2D5-9097-4BDD-8D6A-339DAA23EC24}.Debug|x86.Build.0 = Debug|Any CPU
		{921BF2D5-9097-4BDD-8D6A-339DAA23EC24}.Debug-Unchecked|Any CPU.ActiveCfg = Debug|Any CPU
		{921BF2D5-9097-4BDD-8D6A-339DAA23EC24}.Debug-Unchecked|Any CPU.Build.0 = Debug|Any CPU
		{921BF2D5-9097-4BDD-8D6A-339DAA23EC24}.Debug-Unchecked|ARM.ActiveCfg = Debug|Any CPU
		{921BF2D5-9097-4BDD-8D6A-339DAA23EC24}.Debug-Unchecked|ARM.Build.0 = Debug|Any CPU
		{921BF2D5-9097-4BDD-8D6A-339DAA23EC24}.Debug-Unchecked|x64.ActiveCfg = Debug|Any CPU
		{921BF2D5-9097-4BDD-8D6A-339DAA23EC24}.Debug-Unchecked|x64.Build.0 = Debug|Any CPU
		{921BF2D5-9097-4BDD-8D6A-339DAA23EC24}.Debug-Unchecked|x86.ActiveCfg = Debug|Any CPU
		{921BF2D5-9097-4BDD-8D6A-339DAA23EC24}.Debug-Unchecked|x86.Build.0 = Debug|Any CPU
		{921BF2D5-9097-4BDD-8D6A-339DAA23EC24}.Release|Any CPU.ActiveCfg = Release|Any CPU
		{921BF2D5-9097-4BDD-8D6A-339DAA23EC24}.Release|Any CPU.Build.0 = Release|Any CPU
		{921BF2D5-9097-4BDD-8D6A-339DAA23EC24}.Release|ARM.ActiveCfg = Release|Any CPU
		{921BF2D5-9097-4BDD-8D6A-339DAA23EC24}.Release|ARM.Build.0 = Release|Any CPU
		{921BF2D5-9097-4BDD-8D6A-339DAA23EC24}.Release|x64.ActiveCfg = Release|Any CPU
		{921BF2D5-9097-4BDD-8D6A-339DAA23EC24}.Release|x64.Build.0 = Release|Any CPU
		{921BF2D5-9097-4BDD-8D6A-339DAA23EC24}.Release|x86.ActiveCfg = Release|Any CPU
		{921BF2D5-9097-4BDD-8D6A-339DAA23EC24}.Release|x86.Build.0 = Release|Any CPU
		{0D09BB54-BEEF-41CB-965D-0D7F3CFD2270}.Debug|Any CPU.ActiveCfg = Debug|Any CPU
		{0D09BB54-BEEF-41CB-965D-0D7F3CFD2270}.Debug|Any CPU.Build.0 = Debug|Any CPU
		{0D09BB54-BEEF-41CB-965D-0D7F3CFD2270}.Debug|ARM.ActiveCfg = Debug|Any CPU
		{0D09BB54-BEEF-41CB-965D-0D7F3CFD2270}.Debug|ARM.Build.0 = Debug|Any CPU
		{0D09BB54-BEEF-41CB-965D-0D7F3CFD2270}.Debug|x64.ActiveCfg = Debug|Any CPU
		{0D09BB54-BEEF-41CB-965D-0D7F3CFD2270}.Debug|x64.Build.0 = Debug|Any CPU
		{0D09BB54-BEEF-41CB-965D-0D7F3CFD2270}.Debug|x86.ActiveCfg = Debug|Any CPU
		{0D09BB54-BEEF-41CB-965D-0D7F3CFD2270}.Debug|x86.Build.0 = Debug|Any CPU
		{0D09BB54-BEEF-41CB-965D-0D7F3CFD2270}.Debug-Unchecked|Any CPU.ActiveCfg = Debug|Any CPU
		{0D09BB54-BEEF-41CB-965D-0D7F3CFD2270}.Debug-Unchecked|Any CPU.Build.0 = Debug|Any CPU
		{0D09BB54-BEEF-41CB-965D-0D7F3CFD2270}.Debug-Unchecked|ARM.ActiveCfg = Debug|Any CPU
		{0D09BB54-BEEF-41CB-965D-0D7F3CFD2270}.Debug-Unchecked|ARM.Build.0 = Debug|Any CPU
		{0D09BB54-BEEF-41CB-965D-0D7F3CFD2270}.Debug-Unchecked|x64.ActiveCfg = Debug|Any CPU
		{0D09BB54-BEEF-41CB-965D-0D7F3CFD2270}.Debug-Unchecked|x64.Build.0 = Debug|Any CPU
		{0D09BB54-BEEF-41CB-965D-0D7F3CFD2270}.Debug-Unchecked|x86.ActiveCfg = Debug|Any CPU
		{0D09BB54-BEEF-41CB-965D-0D7F3CFD2270}.Debug-Unchecked|x86.Build.0 = Debug|Any CPU
		{0D09BB54-BEEF-41CB-965D-0D7F3CFD2270}.Release|Any CPU.ActiveCfg = Release|Any CPU
		{0D09BB54-BEEF-41CB-965D-0D7F3CFD2270}.Release|Any CPU.Build.0 = Release|Any CPU
		{0D09BB54-BEEF-41CB-965D-0D7F3CFD2270}.Release|ARM.ActiveCfg = Release|Any CPU
		{0D09BB54-BEEF-41CB-965D-0D7F3CFD2270}.Release|ARM.Build.0 = Release|Any CPU
		{0D09BB54-BEEF-41CB-965D-0D7F3CFD2270}.Release|x64.ActiveCfg = Release|Any CPU
		{0D09BB54-BEEF-41CB-965D-0D7F3CFD2270}.Release|x64.Build.0 = Release|Any CPU
		{0D09BB54-BEEF-41CB-965D-0D7F3CFD2270}.Release|x86.ActiveCfg = Release|Any CPU
		{0D09BB54-BEEF-41CB-965D-0D7F3CFD2270}.Release|x86.Build.0 = Release|Any CPU
		{42D213CA-8584-4B1B-8928-A54C5D937E86}.Debug|Any CPU.ActiveCfg = Debug|Any CPU
		{42D213CA-8584-4B1B-8928-A54C5D937E86}.Debug|Any CPU.Build.0 = Debug|Any CPU
		{42D213CA-8584-4B1B-8928-A54C5D937E86}.Debug|ARM.ActiveCfg = Debug|Any CPU
		{42D213CA-8584-4B1B-8928-A54C5D937E86}.Debug|ARM.Build.0 = Debug|Any CPU
		{42D213CA-8584-4B1B-8928-A54C5D937E86}.Debug|x64.ActiveCfg = Debug|Any CPU
		{42D213CA-8584-4B1B-8928-A54C5D937E86}.Debug|x64.Build.0 = Debug|Any CPU
		{42D213CA-8584-4B1B-8928-A54C5D937E86}.Debug|x86.ActiveCfg = Debug|Any CPU
		{42D213CA-8584-4B1B-8928-A54C5D937E86}.Debug|x86.Build.0 = Debug|Any CPU
		{42D213CA-8584-4B1B-8928-A54C5D937E86}.Debug-Unchecked|Any CPU.ActiveCfg = Debug-Unchecked|Any CPU
		{42D213CA-8584-4B1B-8928-A54C5D937E86}.Debug-Unchecked|Any CPU.Build.0 = Debug-Unchecked|Any CPU
		{42D213CA-8584-4B1B-8928-A54C5D937E86}.Debug-Unchecked|ARM.ActiveCfg = Debug-Unchecked|Any CPU
		{42D213CA-8584-4B1B-8928-A54C5D937E86}.Debug-Unchecked|ARM.Build.0 = Debug-Unchecked|Any CPU
		{42D213CA-8584-4B1B-8928-A54C5D937E86}.Debug-Unchecked|x64.ActiveCfg = Debug-Unchecked|Any CPU
		{42D213CA-8584-4B1B-8928-A54C5D937E86}.Debug-Unchecked|x64.Build.0 = Debug-Unchecked|Any CPU
		{42D213CA-8584-4B1B-8928-A54C5D937E86}.Debug-Unchecked|x86.ActiveCfg = Debug-Unchecked|Any CPU
		{42D213CA-8584-4B1B-8928-A54C5D937E86}.Debug-Unchecked|x86.Build.0 = Debug-Unchecked|Any CPU
		{42D213CA-8584-4B1B-8928-A54C5D937E86}.Release|Any CPU.ActiveCfg = Release|Any CPU
		{42D213CA-8584-4B1B-8928-A54C5D937E86}.Release|Any CPU.Build.0 = Release|Any CPU
		{42D213CA-8584-4B1B-8928-A54C5D937E86}.Release|ARM.ActiveCfg = Release|Any CPU
		{42D213CA-8584-4B1B-8928-A54C5D937E86}.Release|ARM.Build.0 = Release|Any CPU
		{42D213CA-8584-4B1B-8928-A54C5D937E86}.Release|x64.ActiveCfg = Release|Any CPU
		{42D213CA-8584-4B1B-8928-A54C5D937E86}.Release|x64.Build.0 = Release|Any CPU
		{42D213CA-8584-4B1B-8928-A54C5D937E86}.Release|x86.ActiveCfg = Release|Any CPU
		{42D213CA-8584-4B1B-8928-A54C5D937E86}.Release|x86.Build.0 = Release|Any CPU
	EndGlobalSection
	GlobalSection(SolutionProperties) = preSolution
		HideSolutionNode = FALSE
	EndGlobalSection
	GlobalSection(NestedProjects) = preSolution
		{2C523692-A40B-4A7E-A95A-FBE373F263F7} = {6FB40F3D-E4CC-4E11-952C-BBD437AD2BF8}
		{4AFDE645-5868-4C91-BCE3-D09F69958AE8} = {05542BBF-0A44-4F28-A504-640F319CC546}
		{5D3159AD-141C-4853-9ECC-A1FD603BD8C4} = {05542BBF-0A44-4F28-A504-640F319CC546}
		{268686C1-5787-42EC-82EF-AC52C23075AE} = {05542BBF-0A44-4F28-A504-640F319CC546}
		{A0504A3A-92DB-4EE2-8738-4ED2E3D94BE7} = {05542BBF-0A44-4F28-A504-640F319CC546}
		{921BF2D5-9097-4BDD-8D6A-339DAA23EC24} = {05542BBF-0A44-4F28-A504-640F319CC546}
		{0D09BB54-BEEF-41CB-965D-0D7F3CFD2270} = {05542BBF-0A44-4F28-A504-640F319CC546}
		{42D213CA-8584-4B1B-8928-A54C5D937E86} = {6FB40F3D-E4CC-4E11-952C-BBD437AD2BF8}
	EndGlobalSection
EndGlobal
